// !$*UTF8*$!
{
	archiveVersion = 1;
	classes = {
	};
	objectVersion = 46;
	objects = {

/* Begin PBXBuildFile section */
		B216FB0215B0CB14007B00A7 /* main.m in Sources */ = {isa = PBXBuildFile; fileRef = B216FAFA15B0CB14007B00A7 /* main.m */; };
		B216FB0515B0CB14007B00A7 /* Earth3D-Info.plist in Resources */ = {isa = PBXBuildFile; fileRef = B216FB0015B0CB14007B00A7 /* Earth3D-Info.plist */; };
		B216FB4B15B0D1A7007B00A7 /* NeHeLesson1-Info.plist in Resources */ = {isa = PBXBuildFile; fileRef = B216FB4615B0D1A7007B00A7 /* NeHeLesson1-Info.plist */; };
		B216FB5D15B0D1D5007B00A7 /* main.m in Sources */ = {isa = PBXBuildFile; fileRef = B216FB4015B0D1A7007B00A7 /* main.m */; };
		B216FB6115B0D1D5007B00A7 /* CoreMotion.framework in Frameworks */ = {isa = PBXBuildFile; fileRef = B2F29B46158A85B800837A72 /* CoreMotion.framework */; };
		B216FB6215B0D1D5007B00A7 /* GLKit.framework in Frameworks */ = {isa = PBXBuildFile; fileRef = B26EA38215890CCF000EB015 /* GLKit.framework */; };
		B216FB6315B0D1D5007B00A7 /* UIKit.framework in Frameworks */ = {isa = PBXBuildFile; fileRef = 60119D2113198BC100146334 /* UIKit.framework */; };
		B216FB6515B0D1D5007B00A7 /* CoreGraphics.framework in Frameworks */ = {isa = PBXBuildFile; fileRef = 60119D2513198BC100146334 /* CoreGraphics.framework */; };
		B216FB6615B0D1D5007B00A7 /* QuartzCore.framework in Frameworks */ = {isa = PBXBuildFile; fileRef = 60119D2713198BC100146334 /* QuartzCore.framework */; };
		B216FB6715B0D1D5007B00A7 /* OpenGLES.framework in Frameworks */ = {isa = PBXBuildFile; fileRef = 60119D2913198BC100146334 /* OpenGLES.framework */; };
		B216FB6915B0D1D5007B00A7 /* blueMarble.jpg in Resources */ = {isa = PBXBuildFile; fileRef = B2BD9D3B1598D3E50028F9E9 /* blueMarble.jpg */; };
		B216FB6A15B0D1D5007B00A7 /* mars.jpg in Resources */ = {isa = PBXBuildFile; fileRef = B2BD9D2F15952B950028F9E9 /* mars.jpg */; };
		B216FB6B15B0D1D5007B00A7 /* Earth3D-Info.plist in Resources */ = {isa = PBXBuildFile; fileRef = B216FB0015B0CB14007B00A7 /* Earth3D-Info.plist */; };
		B216FB6C15B0D1D5007B00A7 /* NeHeLesson1-Info.plist in Resources */ = {isa = PBXBuildFile; fileRef = B216FB4615B0D1A7007B00A7 /* NeHeLesson1-Info.plist */; };
		B21757A215B9F6800066AC85 /* pierresRubis.jpg in Resources */ = {isa = PBXBuildFile; fileRef = B21757A115B9F6800066AC85 /* pierresRubis.jpg */; };
		B21757A415B9FA1E0066AC85 /* pierresRubis.jpg in Resources */ = {isa = PBXBuildFile; fileRef = B21757A115B9F6800066AC85 /* pierresRubis.jpg */; };
		B21757AE15BDB5600066AC85 /* CoreMotion.framework in Frameworks */ = {isa = PBXBuildFile; fileRef = B2F29B46158A85B800837A72 /* CoreMotion.framework */; };
		B220366015C728020017FAE0 /* PoligonViewController.m in Sources */ = {isa = PBXBuildFile; fileRef = B220365F15C728020017FAE0 /* PoligonViewController.m */; };
		B220366415C728D30017FAE0 /* PolygonViewAppDelegate.m in Sources */ = {isa = PBXBuildFile; fileRef = B220366315C728D30017FAE0 /* PolygonViewAppDelegate.m */; };
		B22EB70815C1FC94002B6A96 /* InfoPlist.strings in Resources */ = {isa = PBXBuildFile; fileRef = B22EB70415C1FC94002B6A96 /* InfoPlist.strings */; };
		B22EB70E15C1FCE7002B6A96 /* SECamera.m in Sources */ = {isa = PBXBuildFile; fileRef = B216FB7B15B0D769007B00A7 /* SECamera.m */; };
		B22EB71015C1FCE7002B6A96 /* SEGeometry.m in Sources */ = {isa = PBXBuildFile; fileRef = B216FB7D15B0D769007B00A7 /* SEGeometry.m */; };
		B22EB71215C1FCE7002B6A96 /* SEMesh.m in Sources */ = {isa = PBXBuildFile; fileRef = B216FB7F15B0D769007B00A7 /* SEMesh.m */; };
		B22EB71415C1FCE8002B6A96 /* SEObject3D.m in Sources */ = {isa = PBXBuildFile; fileRef = B216FB8115B0D769007B00A7 /* SEObject3D.m */; };
		B22EB71615C1FCE8002B6A96 /* SEPerspectiveCamera.m in Sources */ = {isa = PBXBuildFile; fileRef = B216FB8315B0D769007B00A7 /* SEPerspectiveCamera.m */; };
		B22EB71815C1FCE8002B6A96 /* SERenderer.m in Sources */ = {isa = PBXBuildFile; fileRef = B216FB8515B0D769007B00A7 /* SERenderer.m */; };
		B22EB71A15C1FCE8002B6A96 /* SEScene.m in Sources */ = {isa = PBXBuildFile; fileRef = B216FB8715B0D769007B00A7 /* SEScene.m */; };
		B22EB71C15C1FCE8002B6A96 /* SEShader.m in Sources */ = {isa = PBXBuildFile; fileRef = B216FB8915B0D769007B00A7 /* SEShader.m */; };
		B22EB71E15C1FCE8002B6A96 /* SEShaderVariable.m in Sources */ = {isa = PBXBuildFile; fileRef = B216FB8B15B0D769007B00A7 /* SEShaderVariable.m */; };
		B22EB72015C1FCE8002B6A96 /* SETexture.m in Sources */ = {isa = PBXBuildFile; fileRef = B216FB8D15B0D769007B00A7 /* SETexture.m */; };
		B22EB72315C1FCE8002B6A96 /* SEMaterial.m in Sources */ = {isa = PBXBuildFile; fileRef = B2D1636015B5C6D7009FC1A3 /* SEMaterial.m */; };
		B22EB72515C1FCE8002B6A96 /* SEShaderMaterial.m in Sources */ = {isa = PBXBuildFile; fileRef = B2D1636415B5C7D9009FC1A3 /* SEShaderMaterial.m */; };
		B22EB72715C1FCE8002B6A96 /* SEView.m in Sources */ = {isa = PBXBuildFile; fileRef = B2D1645515B76F75009FC1A3 /* SEView.m */; };
		B22EB72A15C1FCE8002B6A96 /* SESphere.m in Sources */ = {isa = PBXBuildFile; fileRef = B216FB9215B0D769007B00A7 /* SESphere.m */; };
		B22EB72C15C1FCE8002B6A96 /* SETriangle.m in Sources */ = {isa = PBXBuildFile; fileRef = B216FB9415B0D769007B00A7 /* SETriangle.m */; };
		B22EB72E15C1FCE8002B6A96 /* SERectangle.m in Sources */ = {isa = PBXBuildFile; fileRef = B2B8159F15B9CA2900794DE9 /* SERectangle.m */; };
		B22EB72F15C1FDA1002B6A96 /* SparkEngine-Prefix.pch in Headers */ = {isa = PBXBuildFile; fileRef = B22EB70715C1FC94002B6A96 /* SparkEngine-Prefix.pch */; settings = {ATTRIBUTES = (); }; };
		B22EB73115C1FDB9002B6A96 /* SECamera.h in Headers */ = {isa = PBXBuildFile; fileRef = B216FB7A15B0D769007B00A7 /* SECamera.h */; settings = {ATTRIBUTES = (Public, ); }; };
		B22EB73215C1FDB9002B6A96 /* SEGeometry.h in Headers */ = {isa = PBXBuildFile; fileRef = B216FB7C15B0D769007B00A7 /* SEGeometry.h */; settings = {ATTRIBUTES = (Public, ); }; };
		B22EB73315C1FDB9002B6A96 /* SEMesh.h in Headers */ = {isa = PBXBuildFile; fileRef = B216FB7E15B0D769007B00A7 /* SEMesh.h */; settings = {ATTRIBUTES = (Public, ); }; };
		B22EB73415C1FDB9002B6A96 /* SEObject3D.h in Headers */ = {isa = PBXBuildFile; fileRef = B216FB8015B0D769007B00A7 /* SEObject3D.h */; settings = {ATTRIBUTES = (Public, ); }; };
		B22EB73515C1FDB9002B6A96 /* SEPerspectiveCamera.h in Headers */ = {isa = PBXBuildFile; fileRef = B216FB8215B0D769007B00A7 /* SEPerspectiveCamera.h */; settings = {ATTRIBUTES = (Public, ); }; };
		B22EB73615C1FDB9002B6A96 /* SERenderer.h in Headers */ = {isa = PBXBuildFile; fileRef = B216FB8415B0D769007B00A7 /* SERenderer.h */; settings = {ATTRIBUTES = (Public, ); }; };
		B22EB73715C1FDB9002B6A96 /* SEScene.h in Headers */ = {isa = PBXBuildFile; fileRef = B216FB8615B0D769007B00A7 /* SEScene.h */; settings = {ATTRIBUTES = (Public, ); }; };
		B22EB73815C1FDB9002B6A96 /* SEShader.h in Headers */ = {isa = PBXBuildFile; fileRef = B216FB8815B0D769007B00A7 /* SEShader.h */; settings = {ATTRIBUTES = (Public, ); }; };
		B22EB73915C1FDB9002B6A96 /* SEShaderVariable.h in Headers */ = {isa = PBXBuildFile; fileRef = B216FB8A15B0D769007B00A7 /* SEShaderVariable.h */; settings = {ATTRIBUTES = (Public, ); }; };
		B22EB73A15C1FDB9002B6A96 /* SETexture.h in Headers */ = {isa = PBXBuildFile; fileRef = B216FB8C15B0D769007B00A7 /* SETexture.h */; settings = {ATTRIBUTES = (Public, ); }; };
		B22EB73B15C1FDB9002B6A96 /* SEVertex.h in Headers */ = {isa = PBXBuildFile; fileRef = B216FB8E15B0D769007B00A7 /* SEVertex.h */; settings = {ATTRIBUTES = (Public, ); }; };
		B22EB73C15C1FDB9002B6A96 /* SEMaterial.h in Headers */ = {isa = PBXBuildFile; fileRef = B2D1635F15B5C6D7009FC1A3 /* SEMaterial.h */; settings = {ATTRIBUTES = (Public, ); }; };
		B22EB73D15C1FDB9002B6A96 /* SEShaderMaterial.h in Headers */ = {isa = PBXBuildFile; fileRef = B2D1636315B5C7D9009FC1A3 /* SEShaderMaterial.h */; settings = {ATTRIBUTES = (Public, ); }; };
		B22EB73E15C1FDB9002B6A96 /* SEView.h in Headers */ = {isa = PBXBuildFile; fileRef = B2D1645415B76F73009FC1A3 /* SEView.h */; settings = {ATTRIBUTES = (Public, ); }; };
		B22EB73F15C1FDB9002B6A96 /* SERendererDelegate.h in Headers */ = {isa = PBXBuildFile; fileRef = B29FDA5F15B8C56400D337BA /* SERendererDelegate.h */; settings = {ATTRIBUTES = (Public, ); }; };
		B22EB74015C1FDB9002B6A96 /* SESphere.h in Headers */ = {isa = PBXBuildFile; fileRef = B216FB9115B0D769007B00A7 /* SESphere.h */; settings = {ATTRIBUTES = (Public, ); }; };
		B22EB74115C1FDB9002B6A96 /* SETriangle.h in Headers */ = {isa = PBXBuildFile; fileRef = B216FB9315B0D769007B00A7 /* SETriangle.h */; settings = {ATTRIBUTES = (Public, ); }; };
		B22EB74215C1FDB9002B6A96 /* SERectangle.h in Headers */ = {isa = PBXBuildFile; fileRef = B2B8159E15B9CA2900794DE9 /* SERectangle.h */; settings = {ATTRIBUTES = (Public, ); }; };
		B252833815C9CAB4005C8AD9 /* default.fsh in Resources */ = {isa = PBXBuildFile; fileRef = B2D163A915B602C8009FC1A3 /* default.fsh */; };
		B252833915C9CAB4005C8AD9 /* default.vsh in Resources */ = {isa = PBXBuildFile; fileRef = B2D163AA15B602C8009FC1A3 /* default.vsh */; };
		B252833A15C9CAB4005C8AD9 /* plainColor.fsh in Resources */ = {isa = PBXBuildFile; fileRef = B2D163AB15B602C8009FC1A3 /* plainColor.fsh */; };
		B2996EA515BDE76800DE026D /* DetailViewController.m in Sources */ = {isa = PBXBuildFile; fileRef = B2996EA415BDE76800DE026D /* DetailViewController.m */; };
		B29FDA5515B8775500D337BA /* GLKit.framework in Frameworks */ = {isa = PBXBuildFile; fileRef = B26EA38215890CCF000EB015 /* GLKit.framework */; };
		B29FDA5615B87BDA00D337BA /* blueMarble.jpg in Resources */ = {isa = PBXBuildFile; fileRef = B2BD9D3B1598D3E50028F9E9 /* blueMarble.jpg */; };
		B29FDA5715B87C3100D337BA /* default.fsh in Resources */ = {isa = PBXBuildFile; fileRef = B2D163A915B602C8009FC1A3 /* default.fsh */; };
		B29FDA5815B87C3100D337BA /* default.vsh in Resources */ = {isa = PBXBuildFile; fileRef = B2D163AA15B602C8009FC1A3 /* default.vsh */; };
		B29FDA5E15B8938C00D337BA /* SEARView.mm in Sources */ = {isa = PBXBuildFile; fileRef = B29FDA5D15B8938C00D337BA /* SEARView.mm */; };
		B2BD9D3015952B950028F9E9 /* mars.jpg in Resources */ = {isa = PBXBuildFile; fileRef = B2BD9D2F15952B950028F9E9 /* mars.jpg */; };
		B2BD9D3C1598D3E50028F9E9 /* blueMarble.jpg in Resources */ = {isa = PBXBuildFile; fileRef = B2BD9D3B1598D3E50028F9E9 /* blueMarble.jpg */; };
		B2C76F1315C9B77B00DEC0F4 /* SERendererController.h in Headers */ = {isa = PBXBuildFile; fileRef = B2C76F1115C9B77A00DEC0F4 /* SERendererController.h */; settings = {ATTRIBUTES = (Public, ); }; };
		B2C76F1415C9B77B00DEC0F4 /* SERendererController.m in Sources */ = {isa = PBXBuildFile; fileRef = B2C76F1215C9B77A00DEC0F4 /* SERendererController.m */; };
		B2C76F1B15C9C17000DEC0F4 /* UIKit.framework in Frameworks */ = {isa = PBXBuildFile; fileRef = 60119D2113198BC100146334 /* UIKit.framework */; };
		B2C76F1C15C9C17000DEC0F4 /* Foundation.framework in Frameworks */ = {isa = PBXBuildFile; fileRef = 60119D2313198BC100146334 /* Foundation.framework */; };
		B2C76F1D15C9C17000DEC0F4 /* CoreGraphics.framework in Frameworks */ = {isa = PBXBuildFile; fileRef = 60119D2513198BC100146334 /* CoreGraphics.framework */; };
		B2C76F3515C9C1A100DEC0F4 /* RenderLoppAppDelegate.m in Sources */ = {isa = PBXBuildFile; fileRef = B2C76F2F15C9C1A100DEC0F4 /* RenderLoppAppDelegate.m */; };
		B2C76F3715C9C1A100DEC0F4 /* main.m in Sources */ = {isa = PBXBuildFile; fileRef = B2C76F3215C9C1A100DEC0F4 /* main.m */; };
		B2C76F3B15C9C22700DEC0F4 /* GLKit.framework in Frameworks */ = {isa = PBXBuildFile; fileRef = B26EA38215890CCF000EB015 /* GLKit.framework */; };
		B2C76F3C15C9C22700DEC0F4 /* OpenGLES.framework in Frameworks */ = {isa = PBXBuildFile; fileRef = 60119D2913198BC100146334 /* OpenGLES.framework */; };
		B2C76F3D15C9C22D00DEC0F4 /* QuartzCore.framework in Frameworks */ = {isa = PBXBuildFile; fileRef = 60119D2713198BC100146334 /* QuartzCore.framework */; };
		B2C76F4515C9C6EB00DEC0F4 /* InfoPlist.strings in Resources */ = {isa = PBXBuildFile; fileRef = B2C76F4115C9C6EB00DEC0F4 /* InfoPlist.strings */; };
		B2C76F4615C9C6EB00DEC0F4 /* RenderLoop-Info.plist in Resources */ = {isa = PBXBuildFile; fileRef = B2C76F4315C9C6EB00DEC0F4 /* RenderLoop-Info.plist */; };
		B2D163B215B602DD009FC1A3 /* default.fsh in Resources */ = {isa = PBXBuildFile; fileRef = B2D163A915B602C8009FC1A3 /* default.fsh */; };
		B2D163B315B602DD009FC1A3 /* default.vsh in Resources */ = {isa = PBXBuildFile; fileRef = B2D163AA15B602C8009FC1A3 /* default.vsh */; };
		B2D163B515B602EC009FC1A3 /* default.fsh in Resources */ = {isa = PBXBuildFile; fileRef = B2D163A915B602C8009FC1A3 /* default.fsh */; };
		B2D163B615B602EC009FC1A3 /* default.vsh in Resources */ = {isa = PBXBuildFile; fileRef = B2D163AA15B602C8009FC1A3 /* default.vsh */; };
		B2D163B715B602EC009FC1A3 /* plainColor.fsh in Resources */ = {isa = PBXBuildFile; fileRef = B2D163AB15B602C8009FC1A3 /* plainColor.fsh */; };
		B2D163D815B734ED009FC1A3 /* UIKit.framework in Frameworks */ = {isa = PBXBuildFile; fileRef = 60119D2113198BC100146334 /* UIKit.framework */; };
		B2D163D915B734ED009FC1A3 /* Foundation.framework in Frameworks */ = {isa = PBXBuildFile; fileRef = 60119D2313198BC100146334 /* Foundation.framework */; };
		B2D163DA15B734ED009FC1A3 /* CoreGraphics.framework in Frameworks */ = {isa = PBXBuildFile; fileRef = 60119D2513198BC100146334 /* CoreGraphics.framework */; };
		B2D1640415B73708009FC1A3 /* main.m in Sources */ = {isa = PBXBuildFile; fileRef = B2D163FD15B73708009FC1A3 /* main.m */; };
		B2D1640615B73708009FC1A3 /* InfoPlist.strings in Resources */ = {isa = PBXBuildFile; fileRef = B2D1640115B73708009FC1A3 /* InfoPlist.strings */; };
		B2D1641B15B74357009FC1A3 /* AR_EAGLView.mm in Sources */ = {isa = PBXBuildFile; fileRef = B2D1640915B74356009FC1A3 /* AR_EAGLView.mm */; };
		B2D1641C15B74357009FC1A3 /* ARParentViewController.m in Sources */ = {isa = PBXBuildFile; fileRef = B2D1640B15B74356009FC1A3 /* ARParentViewController.m */; };
		B2D1641D15B74357009FC1A3 /* ARViewController.mm in Sources */ = {isa = PBXBuildFile; fileRef = B2D1640D15B74356009FC1A3 /* ARViewController.mm */; };
		B2D1641E15B74357009FC1A3 /* OverlayView.m in Sources */ = {isa = PBXBuildFile; fileRef = B2D1640F15B74356009FC1A3 /* OverlayView.m */; };
		B2D1641F15B74357009FC1A3 /* OverlayViewController.mm in Sources */ = {isa = PBXBuildFile; fileRef = B2D1641115B74356009FC1A3 /* OverlayViewController.mm */; };
		B2D1642015B74357009FC1A3 /* QCARutils.mm in Sources */ = {isa = PBXBuildFile; fileRef = B2D1641315B74356009FC1A3 /* QCARutils.mm */; };
		B2D1642315B74357009FC1A3 /* ShaderUtils.cpp in Sources */ = {isa = PBXBuildFile; fileRef = B2D1641715B74357009FC1A3 /* ShaderUtils.cpp */; };
		B2D1642415B74357009FC1A3 /* Texture.mm in Sources */ = {isa = PBXBuildFile; fileRef = B2D1641A15B74357009FC1A3 /* Texture.mm */; };
		B2D1642A15B744FC009FC1A3 /* EAGLView.mm in Sources */ = {isa = PBXBuildFile; fileRef = B2D1642615B744F9009FC1A3 /* EAGLView.mm */; };
		B2D1642B15B744FC009FC1A3 /* ImageTargetsAppDelegate.mm in Sources */ = {isa = PBXBuildFile; fileRef = B2D1642815B744FB009FC1A3 /* ImageTargetsAppDelegate.mm */; };
		B2D1642C15B74607009FC1A3 /* OpenGLES.framework in Frameworks */ = {isa = PBXBuildFile; fileRef = 60119D2913198BC100146334 /* OpenGLES.framework */; };
		B2D1643515B74637009FC1A3 /* StonesAndChips.dat in Resources */ = {isa = PBXBuildFile; fileRef = B2D1642E15B74637009FC1A3 /* StonesAndChips.dat */; };
		B2D1643615B74637009FC1A3 /* StonesAndChips.xml in Resources */ = {isa = PBXBuildFile; fileRef = B2D1642F15B74637009FC1A3 /* StonesAndChips.xml */; };
		B2D1643715B74637009FC1A3 /* Tarmac.dat in Resources */ = {isa = PBXBuildFile; fileRef = B2D1643015B74637009FC1A3 /* Tarmac.dat */; };
		B2D1643815B74637009FC1A3 /* Tarmac.xml in Resources */ = {isa = PBXBuildFile; fileRef = B2D1643115B74637009FC1A3 /* Tarmac.xml */; };
		B2D1643915B74637009FC1A3 /* TextureTeapotBlue.png in Resources */ = {isa = PBXBuildFile; fileRef = B2D1643215B74637009FC1A3 /* TextureTeapotBlue.png */; };
		B2D1643A15B74637009FC1A3 /* TextureTeapotBrass.png in Resources */ = {isa = PBXBuildFile; fileRef = B2D1643315B74637009FC1A3 /* TextureTeapotBrass.png */; };
		B2D1643B15B74637009FC1A3 /* TextureTeapotRed.png in Resources */ = {isa = PBXBuildFile; fileRef = B2D1643415B74637009FC1A3 /* TextureTeapotRed.png */; };
		B2D1643F15B74690009FC1A3 /* libQCAR.a in Frameworks */ = {isa = PBXBuildFile; fileRef = B2D1643E15B7468F009FC1A3 /* libQCAR.a */; };
		B2D1644215B74B2D009FC1A3 /* QuartzCore.framework in Frameworks */ = {isa = PBXBuildFile; fileRef = 60119D2713198BC100146334 /* QuartzCore.framework */; };
		B2D1644715B74B79009FC1A3 /* CoreVideo.framework in Frameworks */ = {isa = PBXBuildFile; fileRef = B2D1644015B74B20009FC1A3 /* CoreVideo.framework */; };
		B2D1644815B74B7F009FC1A3 /* CoreMedia.framework in Frameworks */ = {isa = PBXBuildFile; fileRef = B2D1644315B74B39009FC1A3 /* CoreMedia.framework */; };
		B2D1644915B74B87009FC1A3 /* AVFoundation.framework in Frameworks */ = {isa = PBXBuildFile; fileRef = B2D1644515B74B50009FC1A3 /* AVFoundation.framework */; };
		B2D1644B15B74D1D009FC1A3 /* Security.framework in Frameworks */ = {isa = PBXBuildFile; fileRef = B2D1644A15B74D1B009FC1A3 /* Security.framework */; };
		B2D1644D15B74D4E009FC1A3 /* SystemConfiguration.framework in Frameworks */ = {isa = PBXBuildFile; fileRef = B2D1644C15B74D4D009FC1A3 /* SystemConfiguration.framework */; };
		B2DAB72315C30D27006B9E50 /* CoreMotion.framework in Frameworks */ = {isa = PBXBuildFile; fileRef = B2F29B46158A85B800837A72 /* CoreMotion.framework */; };
		B2DAB72615C30E68006B9E50 /* GLKit.framework in Frameworks */ = {isa = PBXBuildFile; fileRef = B26EA38215890CCF000EB015 /* GLKit.framework */; };
		B2DAB72715C30E6E006B9E50 /* OpenGLES.framework in Frameworks */ = {isa = PBXBuildFile; fileRef = 60119D2913198BC100146334 /* OpenGLES.framework */; };
		B2DAB72915C30E97006B9E50 /* CoreGraphics.framework in Frameworks */ = {isa = PBXBuildFile; fileRef = 60119D2513198BC100146334 /* CoreGraphics.framework */; };
		B2DAB72A15C30EA4006B9E50 /* QuartzCore.framework in Frameworks */ = {isa = PBXBuildFile; fileRef = 60119D2713198BC100146334 /* QuartzCore.framework */; };
		B2DAB72B15C30EDC006B9E50 /* UIKit.framework in Frameworks */ = {isa = PBXBuildFile; fileRef = 60119D2113198BC100146334 /* UIKit.framework */; };
		B2DAB73715C34B7E006B9E50 /* Earth3DViewController.m in Sources */ = {isa = PBXBuildFile; fileRef = B2DAB73615C34B7D006B9E50 /* Earth3DViewController.m */; };
		B2DAB73A15C34E5E006B9E50 /* Earth3DAppDelegate.m in Sources */ = {isa = PBXBuildFile; fileRef = B2DAB73915C34E5E006B9E50 /* Earth3DAppDelegate.m */; };
		B2DAB73D15C6F9E4006B9E50 /* SECube.h in Headers */ = {isa = PBXBuildFile; fileRef = B2DAB73B15C6F9E4006B9E50 /* SECube.h */; settings = {ATTRIBUTES = (Public, ); }; };
		B2DAB73E15C6F9E4006B9E50 /* SECube.m in Sources */ = {isa = PBXBuildFile; fileRef = B2DAB73C15C6F9E4006B9E50 /* SECube.m */; };
		B2DAB74115C6FDEC006B9E50 /* SEOctaedron.h in Headers */ = {isa = PBXBuildFile; fileRef = B2DAB73F15C6FDEB006B9E50 /* SEOctaedron.h */; settings = {ATTRIBUTES = (Public, ); }; };
		B2DAB74215C6FDEC006B9E50 /* SEOctaedron.m in Sources */ = {isa = PBXBuildFile; fileRef = B2DAB74015C6FDEB006B9E50 /* SEOctaedron.m */; };
/* End PBXBuildFile section */

/* Begin PBXContainerItemProxy section */
		B2C76F3915C9C21700DEC0F4 /* PBXContainerItemProxy */ = {
			isa = PBXContainerItemProxy;
			containerPortal = 60119D1413198BC100146334 /* Project object */;
			proxyType = 1;
			remoteGlobalIDString = B22EB6F715C1FBED002B6A96;
			remoteInfo = SparkEngine;
		};
		B2DAB72C15C31832006B9E50 /* PBXContainerItemProxy */ = {
			isa = PBXContainerItemProxy;
			containerPortal = 60119D1413198BC100146334 /* Project object */;
			proxyType = 1;
			remoteGlobalIDString = B22EB6F715C1FBED002B6A96;
			remoteInfo = SparkEngine;
		};
		B2DAB72E15C3183E006B9E50 /* PBXContainerItemProxy */ = {
			isa = PBXContainerItemProxy;
			containerPortal = 60119D1413198BC100146334 /* Project object */;
			proxyType = 1;
			remoteGlobalIDString = B22EB6F715C1FBED002B6A96;
			remoteInfo = SparkEngine;
		};
		B2DAB73015C31844006B9E50 /* PBXContainerItemProxy */ = {
			isa = PBXContainerItemProxy;
			containerPortal = 60119D1413198BC100146334 /* Project object */;
			proxyType = 1;
			remoteGlobalIDString = B22EB6F715C1FBED002B6A96;
			remoteInfo = SparkEngine;
		};
/* End PBXContainerItemProxy section */

/* Begin PBXFileReference section */
		60119D1D13198BC100146334 /* Earth3D.app */ = {isa = PBXFileReference; explicitFileType = wrapper.application; includeInIndex = 0; path = Earth3D.app; sourceTree = BUILT_PRODUCTS_DIR; };
		60119D2113198BC100146334 /* UIKit.framework */ = {isa = PBXFileReference; lastKnownFileType = wrapper.framework; name = UIKit.framework; path = System/Library/Frameworks/UIKit.framework; sourceTree = SDKROOT; };
		60119D2313198BC100146334 /* Foundation.framework */ = {isa = PBXFileReference; lastKnownFileType = wrapper.framework; name = Foundation.framework; path = System/Library/Frameworks/Foundation.framework; sourceTree = SDKROOT; };
		60119D2513198BC100146334 /* CoreGraphics.framework */ = {isa = PBXFileReference; lastKnownFileType = wrapper.framework; name = CoreGraphics.framework; path = System/Library/Frameworks/CoreGraphics.framework; sourceTree = SDKROOT; };
		60119D2713198BC100146334 /* QuartzCore.framework */ = {isa = PBXFileReference; lastKnownFileType = wrapper.framework; name = QuartzCore.framework; path = System/Library/Frameworks/QuartzCore.framework; sourceTree = SDKROOT; };
		60119D2913198BC100146334 /* OpenGLES.framework */ = {isa = PBXFileReference; lastKnownFileType = wrapper.framework; name = OpenGLES.framework; path = System/Library/Frameworks/OpenGLES.framework; sourceTree = SDKROOT; };
		B216FAFA15B0CB14007B00A7 /* main.m */ = {isa = PBXFileReference; fileEncoding = 4; lastKnownFileType = sourcecode.c.objc; path = main.m; sourceTree = "<group>"; };
		B216FB0015B0CB14007B00A7 /* Earth3D-Info.plist */ = {isa = PBXFileReference; fileEncoding = 4; lastKnownFileType = text.plist.xml; path = "Earth3D-Info.plist"; sourceTree = "<group>"; };
		B216FB0115B0CB14007B00A7 /* Earth3D-Prefix.pch */ = {isa = PBXFileReference; fileEncoding = 4; lastKnownFileType = sourcecode.c.h; path = "Earth3D-Prefix.pch"; sourceTree = "<group>"; };
		B216FB4015B0D1A7007B00A7 /* main.m */ = {isa = PBXFileReference; fileEncoding = 4; lastKnownFileType = sourcecode.c.objc; path = main.m; sourceTree = "<group>"; };
		B216FB4615B0D1A7007B00A7 /* NeHeLesson1-Info.plist */ = {isa = PBXFileReference; fileEncoding = 4; lastKnownFileType = text.plist.xml; path = "NeHeLesson1-Info.plist"; sourceTree = "<group>"; };
		B216FB4715B0D1A7007B00A7 /* NeHeLesson1-Prefix.pch */ = {isa = PBXFileReference; fileEncoding = 4; lastKnownFileType = sourcecode.c.h; path = "NeHeLesson1-Prefix.pch"; sourceTree = "<group>"; };
		B216FB7015B0D1D5007B00A7 /* NeHeLesson1.app */ = {isa = PBXFileReference; explicitFileType = wrapper.application; includeInIndex = 0; path = NeHeLesson1.app; sourceTree = BUILT_PRODUCTS_DIR; };
		B216FB7A15B0D769007B00A7 /* SECamera.h */ = {isa = PBXFileReference; fileEncoding = 4; lastKnownFileType = sourcecode.c.h; path = SECamera.h; sourceTree = "<group>"; };
		B216FB7B15B0D769007B00A7 /* SECamera.m */ = {isa = PBXFileReference; fileEncoding = 4; lastKnownFileType = sourcecode.c.objc; path = SECamera.m; sourceTree = "<group>"; };
		B216FB7C15B0D769007B00A7 /* SEGeometry.h */ = {isa = PBXFileReference; fileEncoding = 4; lastKnownFileType = sourcecode.c.h; path = SEGeometry.h; sourceTree = "<group>"; };
		B216FB7D15B0D769007B00A7 /* SEGeometry.m */ = {isa = PBXFileReference; fileEncoding = 4; lastKnownFileType = sourcecode.c.objc; path = SEGeometry.m; sourceTree = "<group>"; };
		B216FB7E15B0D769007B00A7 /* SEMesh.h */ = {isa = PBXFileReference; fileEncoding = 4; lastKnownFileType = sourcecode.c.h; path = SEMesh.h; sourceTree = "<group>"; };
		B216FB7F15B0D769007B00A7 /* SEMesh.m */ = {isa = PBXFileReference; fileEncoding = 4; lastKnownFileType = sourcecode.c.objc; path = SEMesh.m; sourceTree = "<group>"; };
		B216FB8015B0D769007B00A7 /* SEObject3D.h */ = {isa = PBXFileReference; fileEncoding = 4; lastKnownFileType = sourcecode.c.h; path = SEObject3D.h; sourceTree = "<group>"; };
		B216FB8115B0D769007B00A7 /* SEObject3D.m */ = {isa = PBXFileReference; fileEncoding = 4; lastKnownFileType = sourcecode.c.objc; path = SEObject3D.m; sourceTree = "<group>"; };
		B216FB8215B0D769007B00A7 /* SEPerspectiveCamera.h */ = {isa = PBXFileReference; fileEncoding = 4; lastKnownFileType = sourcecode.c.h; path = SEPerspectiveCamera.h; sourceTree = "<group>"; };
		B216FB8315B0D769007B00A7 /* SEPerspectiveCamera.m */ = {isa = PBXFileReference; fileEncoding = 4; lastKnownFileType = sourcecode.c.objc; path = SEPerspectiveCamera.m; sourceTree = "<group>"; };
		B216FB8415B0D769007B00A7 /* SERenderer.h */ = {isa = PBXFileReference; fileEncoding = 4; lastKnownFileType = sourcecode.c.h; path = SERenderer.h; sourceTree = "<group>"; };
		B216FB8515B0D769007B00A7 /* SERenderer.m */ = {isa = PBXFileReference; fileEncoding = 4; lastKnownFileType = sourcecode.c.objc; path = SERenderer.m; sourceTree = "<group>"; };
		B216FB8615B0D769007B00A7 /* SEScene.h */ = {isa = PBXFileReference; fileEncoding = 4; lastKnownFileType = sourcecode.c.h; path = SEScene.h; sourceTree = "<group>"; };
		B216FB8715B0D769007B00A7 /* SEScene.m */ = {isa = PBXFileReference; fileEncoding = 4; lastKnownFileType = sourcecode.c.objc; path = SEScene.m; sourceTree = "<group>"; };
		B216FB8815B0D769007B00A7 /* SEShader.h */ = {isa = PBXFileReference; fileEncoding = 4; lastKnownFileType = sourcecode.c.h; path = SEShader.h; sourceTree = "<group>"; };
		B216FB8915B0D769007B00A7 /* SEShader.m */ = {isa = PBXFileReference; fileEncoding = 4; lastKnownFileType = sourcecode.c.objc; path = SEShader.m; sourceTree = "<group>"; };
		B216FB8A15B0D769007B00A7 /* SEShaderVariable.h */ = {isa = PBXFileReference; fileEncoding = 4; lastKnownFileType = sourcecode.c.h; path = SEShaderVariable.h; sourceTree = "<group>"; };
		B216FB8B15B0D769007B00A7 /* SEShaderVariable.m */ = {isa = PBXFileReference; fileEncoding = 4; lastKnownFileType = sourcecode.c.objc; path = SEShaderVariable.m; sourceTree = "<group>"; };
		B216FB8C15B0D769007B00A7 /* SETexture.h */ = {isa = PBXFileReference; fileEncoding = 4; lastKnownFileType = sourcecode.c.h; path = SETexture.h; sourceTree = "<group>"; };
		B216FB8D15B0D769007B00A7 /* SETexture.m */ = {isa = PBXFileReference; fileEncoding = 4; lastKnownFileType = sourcecode.c.objc; path = SETexture.m; sourceTree = "<group>"; };
		B216FB8E15B0D769007B00A7 /* SEVertex.h */ = {isa = PBXFileReference; fileEncoding = 4; lastKnownFileType = sourcecode.c.h; path = SEVertex.h; sourceTree = "<group>"; };
		B216FB9115B0D769007B00A7 /* SESphere.h */ = {isa = PBXFileReference; fileEncoding = 4; lastKnownFileType = sourcecode.c.h; path = SESphere.h; sourceTree = "<group>"; };
		B216FB9215B0D769007B00A7 /* SESphere.m */ = {isa = PBXFileReference; fileEncoding = 4; lastKnownFileType = sourcecode.c.objc; path = SESphere.m; sourceTree = "<group>"; };
		B216FB9315B0D769007B00A7 /* SETriangle.h */ = {isa = PBXFileReference; fileEncoding = 4; lastKnownFileType = sourcecode.c.h; path = SETriangle.h; sourceTree = "<group>"; };
		B216FB9415B0D769007B00A7 /* SETriangle.m */ = {isa = PBXFileReference; fileEncoding = 4; lastKnownFileType = sourcecode.c.objc; path = SETriangle.m; sourceTree = "<group>"; };
		B21757A115B9F6800066AC85 /* pierresRubis.jpg */ = {isa = PBXFileReference; lastKnownFileType = image.jpeg; path = pierresRubis.jpg; sourceTree = "<group>"; };
		B220365E15C728020017FAE0 /* PoligonViewController.h */ = {isa = PBXFileReference; fileEncoding = 4; lastKnownFileType = sourcecode.c.h; path = PoligonViewController.h; sourceTree = "<group>"; };
		B220365F15C728020017FAE0 /* PoligonViewController.m */ = {isa = PBXFileReference; fileEncoding = 4; lastKnownFileType = sourcecode.c.objc; path = PoligonViewController.m; sourceTree = "<group>"; };
		B220366215C728D30017FAE0 /* PolygonViewAppDelegate.h */ = {isa = PBXFileReference; fileEncoding = 4; lastKnownFileType = sourcecode.c.h; path = PolygonViewAppDelegate.h; sourceTree = "<group>"; };
		B220366315C728D30017FAE0 /* PolygonViewAppDelegate.m */ = {isa = PBXFileReference; fileEncoding = 4; lastKnownFileType = sourcecode.c.objc; path = PolygonViewAppDelegate.m; sourceTree = "<group>"; };
		B22EB6F815C1FBED002B6A96 /* SparkEngine.framework */ = {isa = PBXFileReference; explicitFileType = wrapper.cfbundle; includeInIndex = 0; path = SparkEngine.framework; sourceTree = BUILT_PRODUCTS_DIR; };
		B22EB70515C1FC94002B6A96 /* en */ = {isa = PBXFileReference; lastKnownFileType = text.plist.strings; name = en; path = en.lproj/InfoPlist.strings; sourceTree = "<group>"; };
		B22EB70615C1FC94002B6A96 /* SparkEngine-Info.plist */ = {isa = PBXFileReference; fileEncoding = 4; lastKnownFileType = text.plist.xml; path = "SparkEngine-Info.plist"; sourceTree = "<group>"; };
		B22EB70715C1FC94002B6A96 /* SparkEngine-Prefix.pch */ = {isa = PBXFileReference; fileEncoding = 4; lastKnownFileType = sourcecode.c.h; path = "SparkEngine-Prefix.pch"; sourceTree = "<group>"; };
		B26EA38215890CCF000EB015 /* GLKit.framework */ = {isa = PBXFileReference; lastKnownFileType = wrapper.framework; name = GLKit.framework; path = System/Library/Frameworks/GLKit.framework; sourceTree = SDKROOT; };
		B2996EA315BDE76800DE026D /* DetailViewController.h */ = {isa = PBXFileReference; fileEncoding = 4; lastKnownFileType = sourcecode.c.h; path = DetailViewController.h; sourceTree = "<group>"; };
		B2996EA415BDE76800DE026D /* DetailViewController.m */ = {isa = PBXFileReference; fileEncoding = 4; lastKnownFileType = sourcecode.c.objc; path = DetailViewController.m; sourceTree = "<group>"; };
		B29FDA5C15B8938B00D337BA /* SEARView.h */ = {isa = PBXFileReference; fileEncoding = 4; lastKnownFileType = sourcecode.c.h; path = SEARView.h; sourceTree = "<group>"; };
		B29FDA5D15B8938C00D337BA /* SEARView.mm */ = {isa = PBXFileReference; fileEncoding = 4; lastKnownFileType = sourcecode.cpp.objcpp; path = SEARView.mm; sourceTree = "<group>"; };
		B29FDA5F15B8C56400D337BA /* SERendererDelegate.h */ = {isa = PBXFileReference; fileEncoding = 4; lastKnownFileType = sourcecode.c.h; path = SERendererDelegate.h; sourceTree = "<group>"; };
		B2B8159E15B9CA2900794DE9 /* SERectangle.h */ = {isa = PBXFileReference; fileEncoding = 4; lastKnownFileType = sourcecode.c.h; path = SERectangle.h; sourceTree = "<group>"; };
		B2B8159F15B9CA2900794DE9 /* SERectangle.m */ = {isa = PBXFileReference; fileEncoding = 4; lastKnownFileType = sourcecode.c.objc; path = SERectangle.m; sourceTree = "<group>"; };
		B2BD9D2F15952B950028F9E9 /* mars.jpg */ = {isa = PBXFileReference; lastKnownFileType = image.jpeg; path = mars.jpg; sourceTree = "<group>"; };
		B2BD9D3B1598D3E50028F9E9 /* blueMarble.jpg */ = {isa = PBXFileReference; lastKnownFileType = image.jpeg; path = blueMarble.jpg; sourceTree = "<group>"; };
		B2C76F1115C9B77A00DEC0F4 /* SERendererController.h */ = {isa = PBXFileReference; fileEncoding = 4; lastKnownFileType = sourcecode.c.h; path = SERendererController.h; sourceTree = "<group>"; };
		B2C76F1215C9B77A00DEC0F4 /* SERendererController.m */ = {isa = PBXFileReference; fileEncoding = 4; lastKnownFileType = sourcecode.c.objc; path = SERendererController.m; sourceTree = "<group>"; };
		B2C76F1915C9C17000DEC0F4 /* RenderLoop.app */ = {isa = PBXFileReference; explicitFileType = wrapper.application; includeInIndex = 0; path = RenderLoop.app; sourceTree = BUILT_PRODUCTS_DIR; };
		B2C76F2E15C9C1A100DEC0F4 /* RenderLoppAppDelegate.h */ = {isa = PBXFileReference; fileEncoding = 4; lastKnownFileType = sourcecode.c.h; path = RenderLoppAppDelegate.h; sourceTree = "<group>"; };
		B2C76F2F15C9C1A100DEC0F4 /* RenderLoppAppDelegate.m */ = {isa = PBXFileReference; fileEncoding = 4; lastKnownFileType = sourcecode.c.objc; path = RenderLoppAppDelegate.m; sourceTree = "<group>"; };
		B2C76F3215C9C1A100DEC0F4 /* main.m */ = {isa = PBXFileReference; fileEncoding = 4; lastKnownFileType = sourcecode.c.objc; path = main.m; sourceTree = "<group>"; };
		B2C76F4215C9C6EB00DEC0F4 /* en */ = {isa = PBXFileReference; lastKnownFileType = text.plist.strings; name = en; path = en.lproj/InfoPlist.strings; sourceTree = "<group>"; };
		B2C76F4315C9C6EB00DEC0F4 /* RenderLoop-Info.plist */ = {isa = PBXFileReference; fileEncoding = 4; lastKnownFileType = text.plist.xml; path = "RenderLoop-Info.plist"; sourceTree = "<group>"; };
		B2C76F4415C9C6EB00DEC0F4 /* RenderLoop-Prefix.pch */ = {isa = PBXFileReference; fileEncoding = 4; lastKnownFileType = sourcecode.c.h; path = "RenderLoop-Prefix.pch"; sourceTree = "<group>"; };
		B2D1635F15B5C6D7009FC1A3 /* SEMaterial.h */ = {isa = PBXFileReference; fileEncoding = 4; lastKnownFileType = sourcecode.c.h; path = SEMaterial.h; sourceTree = "<group>"; };
		B2D1636015B5C6D7009FC1A3 /* SEMaterial.m */ = {isa = PBXFileReference; fileEncoding = 4; lastKnownFileType = sourcecode.c.objc; path = SEMaterial.m; sourceTree = "<group>"; };
		B2D1636315B5C7D9009FC1A3 /* SEShaderMaterial.h */ = {isa = PBXFileReference; fileEncoding = 4; lastKnownFileType = sourcecode.c.h; path = SEShaderMaterial.h; sourceTree = "<group>"; };
		B2D1636415B5C7D9009FC1A3 /* SEShaderMaterial.m */ = {isa = PBXFileReference; fileEncoding = 4; lastKnownFileType = sourcecode.c.objc; path = SEShaderMaterial.m; sourceTree = "<group>"; };
		B2D163A915B602C8009FC1A3 /* default.fsh */ = {isa = PBXFileReference; fileEncoding = 4; lastKnownFileType = sourcecode.glsl; path = default.fsh; sourceTree = "<group>"; };
		B2D163AA15B602C8009FC1A3 /* default.vsh */ = {isa = PBXFileReference; fileEncoding = 4; lastKnownFileType = sourcecode.glsl; path = default.vsh; sourceTree = "<group>"; };
		B2D163AB15B602C8009FC1A3 /* plainColor.fsh */ = {isa = PBXFileReference; fileEncoding = 4; lastKnownFileType = sourcecode.glsl; path = plainColor.fsh; sourceTree = "<group>"; };
		B2D163D615B734ED009FC1A3 /* AR.app */ = {isa = PBXFileReference; explicitFileType = wrapper.application; includeInIndex = 0; path = AR.app; sourceTree = BUILT_PRODUCTS_DIR; };
		B2D163FD15B73708009FC1A3 /* main.m */ = {isa = PBXFileReference; fileEncoding = 4; lastKnownFileType = sourcecode.c.objc; path = main.m; sourceTree = "<group>"; };
		B2D163FF15B73708009FC1A3 /* AR-Info.plist */ = {isa = PBXFileReference; fileEncoding = 4; lastKnownFileType = text.plist.xml; path = "AR-Info.plist"; sourceTree = "<group>"; };
		B2D1640015B73708009FC1A3 /* AR-Prefix.pch */ = {isa = PBXFileReference; fileEncoding = 4; lastKnownFileType = sourcecode.c.h; path = "AR-Prefix.pch"; sourceTree = "<group>"; };
		B2D1640215B73708009FC1A3 /* en */ = {isa = PBXFileReference; lastKnownFileType = text.plist.strings; name = en; path = en.lproj/InfoPlist.strings; sourceTree = "<group>"; };
		B2D1640815B74356009FC1A3 /* AR_EAGLView.h */ = {isa = PBXFileReference; fileEncoding = 4; lastKnownFileType = sourcecode.c.h; path = AR_EAGLView.h; sourceTree = "<group>"; };
		B2D1640915B74356009FC1A3 /* AR_EAGLView.mm */ = {isa = PBXFileReference; fileEncoding = 4; lastKnownFileType = sourcecode.cpp.objcpp; path = AR_EAGLView.mm; sourceTree = "<group>"; };
		B2D1640A15B74356009FC1A3 /* ARParentViewController.h */ = {isa = PBXFileReference; fileEncoding = 4; lastKnownFileType = sourcecode.c.h; path = ARParentViewController.h; sourceTree = "<group>"; };
		B2D1640B15B74356009FC1A3 /* ARParentViewController.m */ = {isa = PBXFileReference; fileEncoding = 4; lastKnownFileType = sourcecode.c.objc; path = ARParentViewController.m; sourceTree = "<group>"; };
		B2D1640C15B74356009FC1A3 /* ARViewController.h */ = {isa = PBXFileReference; fileEncoding = 4; lastKnownFileType = sourcecode.c.h; path = ARViewController.h; sourceTree = "<group>"; };
		B2D1640D15B74356009FC1A3 /* ARViewController.mm */ = {isa = PBXFileReference; fileEncoding = 4; lastKnownFileType = sourcecode.cpp.objcpp; path = ARViewController.mm; sourceTree = "<group>"; };
		B2D1640E15B74356009FC1A3 /* OverlayView.h */ = {isa = PBXFileReference; fileEncoding = 4; lastKnownFileType = sourcecode.c.h; path = OverlayView.h; sourceTree = "<group>"; };
		B2D1640F15B74356009FC1A3 /* OverlayView.m */ = {isa = PBXFileReference; fileEncoding = 4; lastKnownFileType = sourcecode.c.objc; path = OverlayView.m; sourceTree = "<group>"; };
		B2D1641015B74356009FC1A3 /* OverlayViewController.h */ = {isa = PBXFileReference; fileEncoding = 4; lastKnownFileType = sourcecode.c.h; path = OverlayViewController.h; sourceTree = "<group>"; };
		B2D1641115B74356009FC1A3 /* OverlayViewController.mm */ = {isa = PBXFileReference; fileEncoding = 4; lastKnownFileType = sourcecode.cpp.objcpp; path = OverlayViewController.mm; sourceTree = "<group>"; };
		B2D1641215B74356009FC1A3 /* QCARutils.h */ = {isa = PBXFileReference; fileEncoding = 4; lastKnownFileType = sourcecode.c.h; path = QCARutils.h; sourceTree = "<group>"; };
		B2D1641315B74356009FC1A3 /* QCARutils.mm */ = {isa = PBXFileReference; fileEncoding = 4; lastKnownFileType = sourcecode.cpp.objcpp; path = QCARutils.mm; sourceTree = "<group>"; };
		B2D1641515B74356009FC1A3 /* Shader.fsh */ = {isa = PBXFileReference; fileEncoding = 4; lastKnownFileType = sourcecode.glsl; path = Shader.fsh; sourceTree = "<group>"; };
		B2D1641615B74357009FC1A3 /* Shader.vsh */ = {isa = PBXFileReference; fileEncoding = 4; lastKnownFileType = sourcecode.glsl; path = Shader.vsh; sourceTree = "<group>"; };
		B2D1641715B74357009FC1A3 /* ShaderUtils.cpp */ = {isa = PBXFileReference; fileEncoding = 4; lastKnownFileType = sourcecode.cpp.cpp; path = ShaderUtils.cpp; sourceTree = "<group>"; };
		B2D1641815B74357009FC1A3 /* ShaderUtils.h */ = {isa = PBXFileReference; fileEncoding = 4; lastKnownFileType = sourcecode.c.h; path = ShaderUtils.h; sourceTree = "<group>"; };
		B2D1641915B74357009FC1A3 /* Texture.h */ = {isa = PBXFileReference; fileEncoding = 4; lastKnownFileType = sourcecode.c.h; path = Texture.h; sourceTree = "<group>"; };
		B2D1641A15B74357009FC1A3 /* Texture.mm */ = {isa = PBXFileReference; fileEncoding = 4; lastKnownFileType = sourcecode.cpp.objcpp; path = Texture.mm; sourceTree = "<group>"; };
		B2D1642515B744F9009FC1A3 /* EAGLView.h */ = {isa = PBXFileReference; fileEncoding = 4; lastKnownFileType = sourcecode.c.h; name = EAGLView.h; path = "../../../iOS/vuforia-sdk-ios-1-5-8/samples/ImageTargets/ImageTargets/EAGLView.h"; sourceTree = "<group>"; };
		B2D1642615B744F9009FC1A3 /* EAGLView.mm */ = {isa = PBXFileReference; fileEncoding = 4; lastKnownFileType = sourcecode.cpp.objcpp; name = EAGLView.mm; path = "../../../iOS/vuforia-sdk-ios-1-5-8/samples/ImageTargets/ImageTargets/EAGLView.mm"; sourceTree = "<group>"; };
		B2D1642715B744FA009FC1A3 /* ImageTargetsAppDelegate.h */ = {isa = PBXFileReference; fileEncoding = 4; lastKnownFileType = sourcecode.c.h; name = ImageTargetsAppDelegate.h; path = "../../../iOS/vuforia-sdk-ios-1-5-8/samples/ImageTargets/ImageTargets/ImageTargetsAppDelegate.h"; sourceTree = "<group>"; };
		B2D1642815B744FB009FC1A3 /* ImageTargetsAppDelegate.mm */ = {isa = PBXFileReference; fileEncoding = 4; lastKnownFileType = sourcecode.cpp.objcpp; name = ImageTargetsAppDelegate.mm; path = "../../../iOS/vuforia-sdk-ios-1-5-8/samples/ImageTargets/ImageTargets/ImageTargetsAppDelegate.mm"; sourceTree = "<group>"; };
		B2D1642915B744FC009FC1A3 /* Teapot.h */ = {isa = PBXFileReference; fileEncoding = 4; lastKnownFileType = sourcecode.c.h; name = Teapot.h; path = "../../../iOS/vuforia-sdk-ios-1-5-8/samples/ImageTargets/ImageTargets/Teapot.h"; sourceTree = "<group>"; };
		B2D1642E15B74637009FC1A3 /* StonesAndChips.dat */ = {isa = PBXFileReference; lastKnownFileType = file; path = StonesAndChips.dat; sourceTree = "<group>"; };
		B2D1642F15B74637009FC1A3 /* StonesAndChips.xml */ = {isa = PBXFileReference; fileEncoding = 4; lastKnownFileType = text.xml; path = StonesAndChips.xml; sourceTree = "<group>"; };
		B2D1643015B74637009FC1A3 /* Tarmac.dat */ = {isa = PBXFileReference; lastKnownFileType = file; path = Tarmac.dat; sourceTree = "<group>"; };
		B2D1643115B74637009FC1A3 /* Tarmac.xml */ = {isa = PBXFileReference; fileEncoding = 4; lastKnownFileType = text.xml; path = Tarmac.xml; sourceTree = "<group>"; };
		B2D1643215B74637009FC1A3 /* TextureTeapotBlue.png */ = {isa = PBXFileReference; lastKnownFileType = image.png; path = TextureTeapotBlue.png; sourceTree = "<group>"; };
		B2D1643315B74637009FC1A3 /* TextureTeapotBrass.png */ = {isa = PBXFileReference; lastKnownFileType = image.png; path = TextureTeapotBrass.png; sourceTree = "<group>"; };
		B2D1643415B74637009FC1A3 /* TextureTeapotRed.png */ = {isa = PBXFileReference; lastKnownFileType = image.png; path = TextureTeapotRed.png; sourceTree = "<group>"; };
		B2D1643E15B7468F009FC1A3 /* libQCAR.a */ = {isa = PBXFileReference; lastKnownFileType = archive.ar; name = libQCAR.a; path = Examples/AR/Dependencies/lib/arm/libQCAR.a; sourceTree = "<group>"; };
		B2D1644015B74B20009FC1A3 /* CoreVideo.framework */ = {isa = PBXFileReference; lastKnownFileType = wrapper.framework; name = CoreVideo.framework; path = System/Library/Frameworks/CoreVideo.framework; sourceTree = SDKROOT; };
		B2D1644315B74B39009FC1A3 /* CoreMedia.framework */ = {isa = PBXFileReference; lastKnownFileType = wrapper.framework; name = CoreMedia.framework; path = System/Library/Frameworks/CoreMedia.framework; sourceTree = SDKROOT; };
		B2D1644515B74B50009FC1A3 /* AVFoundation.framework */ = {isa = PBXFileReference; lastKnownFileType = wrapper.framework; name = AVFoundation.framework; path = System/Library/Frameworks/AVFoundation.framework; sourceTree = SDKROOT; };
		B2D1644A15B74D1B009FC1A3 /* Security.framework */ = {isa = PBXFileReference; lastKnownFileType = wrapper.framework; name = Security.framework; path = System/Library/Frameworks/Security.framework; sourceTree = SDKROOT; };
		B2D1644C15B74D4D009FC1A3 /* SystemConfiguration.framework */ = {isa = PBXFileReference; lastKnownFileType = wrapper.framework; name = SystemConfiguration.framework; path = System/Library/Frameworks/SystemConfiguration.framework; sourceTree = SDKROOT; };
		B2D1645415B76F73009FC1A3 /* SEView.h */ = {isa = PBXFileReference; fileEncoding = 4; lastKnownFileType = sourcecode.c.h; path = SEView.h; sourceTree = "<group>"; };
		B2D1645515B76F75009FC1A3 /* SEView.m */ = {isa = PBXFileReference; fileEncoding = 4; lastKnownFileType = sourcecode.c.objc; path = SEView.m; sourceTree = "<group>"; };
		B2DAB73515C34B7D006B9E50 /* Earth3DViewController.h */ = {isa = PBXFileReference; fileEncoding = 4; lastKnownFileType = sourcecode.c.h; path = Earth3DViewController.h; sourceTree = "<group>"; };
		B2DAB73615C34B7D006B9E50 /* Earth3DViewController.m */ = {isa = PBXFileReference; fileEncoding = 4; lastKnownFileType = sourcecode.c.objc; path = Earth3DViewController.m; sourceTree = "<group>"; };
		B2DAB73815C34E5E006B9E50 /* Earth3DAppDelegate.h */ = {isa = PBXFileReference; fileEncoding = 4; lastKnownFileType = sourcecode.c.h; path = Earth3DAppDelegate.h; sourceTree = "<group>"; };
		B2DAB73915C34E5E006B9E50 /* Earth3DAppDelegate.m */ = {isa = PBXFileReference; fileEncoding = 4; lastKnownFileType = sourcecode.c.objc; path = Earth3DAppDelegate.m; sourceTree = "<group>"; };
		B2DAB73B15C6F9E4006B9E50 /* SECube.h */ = {isa = PBXFileReference; fileEncoding = 4; lastKnownFileType = sourcecode.c.h; path = SECube.h; sourceTree = "<group>"; };
		B2DAB73C15C6F9E4006B9E50 /* SECube.m */ = {isa = PBXFileReference; fileEncoding = 4; lastKnownFileType = sourcecode.c.objc; path = SECube.m; sourceTree = "<group>"; };
		B2DAB73F15C6FDEB006B9E50 /* SEOctaedron.h */ = {isa = PBXFileReference; fileEncoding = 4; lastKnownFileType = sourcecode.c.h; path = SEOctaedron.h; sourceTree = "<group>"; };
		B2DAB74015C6FDEB006B9E50 /* SEOctaedron.m */ = {isa = PBXFileReference; fileEncoding = 4; lastKnownFileType = sourcecode.c.objc; path = SEOctaedron.m; sourceTree = "<group>"; };
		B2F29B46158A85B800837A72 /* CoreMotion.framework */ = {isa = PBXFileReference; lastKnownFileType = wrapper.framework; name = CoreMotion.framework; path = System/Library/Frameworks/CoreMotion.framework; sourceTree = SDKROOT; };
/* End PBXFileReference section */

/* Begin PBXFrameworksBuildPhase section */
		60119D1A13198BC100146334 /* Frameworks */ = {
			isa = PBXFrameworksBuildPhase;
			buildActionMask = 2147483647;
			files = (
				B2DAB72315C30D27006B9E50 /* CoreMotion.framework in Frameworks */,
				B2DAB72915C30E97006B9E50 /* CoreGraphics.framework in Frameworks */,
				B2DAB72615C30E68006B9E50 /* GLKit.framework in Frameworks */,
				B2DAB72715C30E6E006B9E50 /* OpenGLES.framework in Frameworks */,
				B2DAB72A15C30EA4006B9E50 /* QuartzCore.framework in Frameworks */,
				B2DAB72B15C30EDC006B9E50 /* UIKit.framework in Frameworks */,
			);
			runOnlyForDeploymentPostprocessing = 0;
		};
		B216FB6015B0D1D5007B00A7 /* Frameworks */ = {
			isa = PBXFrameworksBuildPhase;
			buildActionMask = 2147483647;
			files = (
				B216FB6115B0D1D5007B00A7 /* CoreMotion.framework in Frameworks */,
				B216FB6215B0D1D5007B00A7 /* GLKit.framework in Frameworks */,
				B216FB6315B0D1D5007B00A7 /* UIKit.framework in Frameworks */,
				B216FB6515B0D1D5007B00A7 /* CoreGraphics.framework in Frameworks */,
				B216FB6615B0D1D5007B00A7 /* QuartzCore.framework in Frameworks */,
				B216FB6715B0D1D5007B00A7 /* OpenGLES.framework in Frameworks */,
			);
			runOnlyForDeploymentPostprocessing = 0;
		};
		B22EB6F215C1FBED002B6A96 /* Frameworks */ = {
			isa = PBXFrameworksBuildPhase;
			buildActionMask = 2147483647;
			files = (
			);
			runOnlyForDeploymentPostprocessing = 0;
		};
		B2C76F1615C9C17000DEC0F4 /* Frameworks */ = {
			isa = PBXFrameworksBuildPhase;
			buildActionMask = 2147483647;
			files = (
				B2C76F3D15C9C22D00DEC0F4 /* QuartzCore.framework in Frameworks */,
				B2C76F3B15C9C22700DEC0F4 /* GLKit.framework in Frameworks */,
				B2C76F3C15C9C22700DEC0F4 /* OpenGLES.framework in Frameworks */,
				B2C76F1B15C9C17000DEC0F4 /* UIKit.framework in Frameworks */,
				B2C76F1C15C9C17000DEC0F4 /* Foundation.framework in Frameworks */,
				B2C76F1D15C9C17000DEC0F4 /* CoreGraphics.framework in Frameworks */,
			);
			runOnlyForDeploymentPostprocessing = 0;
		};
		B2D163D315B734ED009FC1A3 /* Frameworks */ = {
			isa = PBXFrameworksBuildPhase;
			buildActionMask = 2147483647;
			files = (
				B21757AE15BDB5600066AC85 /* CoreMotion.framework in Frameworks */,
				B29FDA5515B8775500D337BA /* GLKit.framework in Frameworks */,
				B2D1644D15B74D4E009FC1A3 /* SystemConfiguration.framework in Frameworks */,
				B2D1644B15B74D1D009FC1A3 /* Security.framework in Frameworks */,
				B2D163D815B734ED009FC1A3 /* UIKit.framework in Frameworks */,
				B2D1644915B74B87009FC1A3 /* AVFoundation.framework in Frameworks */,
				B2D1644815B74B7F009FC1A3 /* CoreMedia.framework in Frameworks */,
				B2D1644715B74B79009FC1A3 /* CoreVideo.framework in Frameworks */,
				B2D1644215B74B2D009FC1A3 /* QuartzCore.framework in Frameworks */,
				B2D1643F15B74690009FC1A3 /* libQCAR.a in Frameworks */,
				B2D1642C15B74607009FC1A3 /* OpenGLES.framework in Frameworks */,
				B2D163D915B734ED009FC1A3 /* Foundation.framework in Frameworks */,
				B2D163DA15B734ED009FC1A3 /* CoreGraphics.framework in Frameworks */,
			);
			runOnlyForDeploymentPostprocessing = 0;
		};
/* End PBXFrameworksBuildPhase section */

/* Begin PBXGroup section */
		60119D1213198BC100146334 = {
			isa = PBXGroup;
			children = (
				B216FB7815B0D769007B00A7 /* SparkEngine */,
				B27CE09815B0B9AB00E348FA /* Examples */,
				60119DA41319938100146334 /* Resources */,
				60119D2013198BC100146334 /* Frameworks */,
				60119D1E13198BC100146334 /* Products */,
			);
			sourceTree = "<group>";
		};
		60119D1E13198BC100146334 /* Products */ = {
			isa = PBXGroup;
			children = (
				60119D1D13198BC100146334 /* Earth3D.app */,
				B216FB7015B0D1D5007B00A7 /* NeHeLesson1.app */,
				B2D163D615B734ED009FC1A3 /* AR.app */,
				B22EB6F815C1FBED002B6A96 /* SparkEngine.framework */,
				B2C76F1915C9C17000DEC0F4 /* RenderLoop.app */,
			);
			name = Products;
			sourceTree = "<group>";
		};
		60119D2013198BC100146334 /* Frameworks */ = {
			isa = PBXGroup;
			children = (
				B2D1644C15B74D4D009FC1A3 /* SystemConfiguration.framework */,
				B2D1644A15B74D1B009FC1A3 /* Security.framework */,
				B2D1644515B74B50009FC1A3 /* AVFoundation.framework */,
				B2D1644315B74B39009FC1A3 /* CoreMedia.framework */,
				B2D1644015B74B20009FC1A3 /* CoreVideo.framework */,
				B2D1643E15B7468F009FC1A3 /* libQCAR.a */,
				B2F29B46158A85B800837A72 /* CoreMotion.framework */,
				B26EA38215890CCF000EB015 /* GLKit.framework */,
				60119D2113198BC100146334 /* UIKit.framework */,
				60119D2313198BC100146334 /* Foundation.framework */,
				60119D2513198BC100146334 /* CoreGraphics.framework */,
				60119D2713198BC100146334 /* QuartzCore.framework */,
				60119D2913198BC100146334 /* OpenGLES.framework */,
			);
			name = Frameworks;
			sourceTree = "<group>";
		};
		60119DA41319938100146334 /* Resources */ = {
			isa = PBXGroup;
			children = (
				B21757A115B9F6800066AC85 /* pierresRubis.jpg */,
				B2D163A815B602C8009FC1A3 /* Shaders */,
				B2BD9D3B1598D3E50028F9E9 /* blueMarble.jpg */,
				B2BD9D2F15952B950028F9E9 /* mars.jpg */,
			);
			path = Resources;
			sourceTree = "<group>";
		};
		B216FAF915B0CB14007B00A7 /* Earth3D */ = {
			isa = PBXGroup;
			children = (
				B216FAFA15B0CB14007B00A7 /* main.m */,
				B216FAFF15B0CB14007B00A7 /* SupportingFiles */,
				B2DAB73515C34B7D006B9E50 /* Earth3DViewController.h */,
				B2DAB73615C34B7D006B9E50 /* Earth3DViewController.m */,
				B2DAB73815C34E5E006B9E50 /* Earth3DAppDelegate.h */,
				B2DAB73915C34E5E006B9E50 /* Earth3DAppDelegate.m */,
			);
			path = Earth3D;
			sourceTree = "<group>";
		};
		B216FAFF15B0CB14007B00A7 /* SupportingFiles */ = {
			isa = PBXGroup;
			children = (
				B216FB0015B0CB14007B00A7 /* Earth3D-Info.plist */,
				B216FB0115B0CB14007B00A7 /* Earth3D-Prefix.pch */,
			);
			path = SupportingFiles;
			sourceTree = "<group>";
		};
		B216FB3F15B0D1A7007B00A7 /* NeHeLesson1 */ = {
			isa = PBXGroup;
			children = (
				B216FB4015B0D1A7007B00A7 /* main.m */,
				B216FB4515B0D1A7007B00A7 /* SupportingFiles */,
				B220365E15C728020017FAE0 /* PoligonViewController.h */,
				B220365F15C728020017FAE0 /* PoligonViewController.m */,
				B220366215C728D30017FAE0 /* PolygonViewAppDelegate.h */,
				B220366315C728D30017FAE0 /* PolygonViewAppDelegate.m */,
			);
			path = NeHeLesson1;
			sourceTree = "<group>";
		};
		B216FB4515B0D1A7007B00A7 /* SupportingFiles */ = {
			isa = PBXGroup;
			children = (
				B216FB4615B0D1A7007B00A7 /* NeHeLesson1-Info.plist */,
				B216FB4715B0D1A7007B00A7 /* NeHeLesson1-Prefix.pch */,
			);
			path = SupportingFiles;
			sourceTree = "<group>";
		};
		B216FB7815B0D769007B00A7 /* SparkEngine */ = {
			isa = PBXGroup;
			children = (
				B22EB70315C1FC94002B6A96 /* Supporting Files */,
				B216FB7915B0D769007B00A7 /* Core */,
				B216FB8F15B0D769007B00A7 /* Loaders */,
				B216FB9015B0D769007B00A7 /* Shapes */,
			);
			path = SparkEngine;
			sourceTree = "<group>";
		};
		B216FB7915B0D769007B00A7 /* Core */ = {
			isa = PBXGroup;
			children = (
				B216FB7A15B0D769007B00A7 /* SECamera.h */,
				B216FB7B15B0D769007B00A7 /* SECamera.m */,
				B216FB7C15B0D769007B00A7 /* SEGeometry.h */,
				B216FB7D15B0D769007B00A7 /* SEGeometry.m */,
				B216FB7E15B0D769007B00A7 /* SEMesh.h */,
				B216FB7F15B0D769007B00A7 /* SEMesh.m */,
				B216FB8015B0D769007B00A7 /* SEObject3D.h */,
				B216FB8115B0D769007B00A7 /* SEObject3D.m */,
				B216FB8215B0D769007B00A7 /* SEPerspectiveCamera.h */,
				B216FB8315B0D769007B00A7 /* SEPerspectiveCamera.m */,
				B216FB8415B0D769007B00A7 /* SERenderer.h */,
				B216FB8515B0D769007B00A7 /* SERenderer.m */,
				B2C76F1115C9B77A00DEC0F4 /* SERendererController.h */,
				B2C76F1215C9B77A00DEC0F4 /* SERendererController.m */,
				B216FB8615B0D769007B00A7 /* SEScene.h */,
				B216FB8715B0D769007B00A7 /* SEScene.m */,
				B216FB8815B0D769007B00A7 /* SEShader.h */,
				B216FB8915B0D769007B00A7 /* SEShader.m */,
				B216FB8A15B0D769007B00A7 /* SEShaderVariable.h */,
				B216FB8B15B0D769007B00A7 /* SEShaderVariable.m */,
				B216FB8C15B0D769007B00A7 /* SETexture.h */,
				B216FB8D15B0D769007B00A7 /* SETexture.m */,
				B216FB8E15B0D769007B00A7 /* SEVertex.h */,
				B2D1635F15B5C6D7009FC1A3 /* SEMaterial.h */,
				B2D1636015B5C6D7009FC1A3 /* SEMaterial.m */,
				B2D1636315B5C7D9009FC1A3 /* SEShaderMaterial.h */,
				B2D1636415B5C7D9009FC1A3 /* SEShaderMaterial.m */,
				B2D1645415B76F73009FC1A3 /* SEView.h */,
				B2D1645515B76F75009FC1A3 /* SEView.m */,
				B29FDA5F15B8C56400D337BA /* SERendererDelegate.h */,
			);
			path = Core;
			sourceTree = "<group>";
		};
		B216FB8F15B0D769007B00A7 /* Loaders */ = {
			isa = PBXGroup;
			children = (
			);
			path = Loaders;
			sourceTree = "<group>";
		};
		B216FB9015B0D769007B00A7 /* Shapes */ = {
			isa = PBXGroup;
			children = (
				B216FB9115B0D769007B00A7 /* SESphere.h */,
				B216FB9215B0D769007B00A7 /* SESphere.m */,
				B216FB9315B0D769007B00A7 /* SETriangle.h */,
				B216FB9415B0D769007B00A7 /* SETriangle.m */,
				B2B8159E15B9CA2900794DE9 /* SERectangle.h */,
				B2B8159F15B9CA2900794DE9 /* SERectangle.m */,
				B2DAB73B15C6F9E4006B9E50 /* SECube.h */,
				B2DAB73C15C6F9E4006B9E50 /* SECube.m */,
				B2DAB73F15C6FDEB006B9E50 /* SEOctaedron.h */,
				B2DAB74015C6FDEB006B9E50 /* SEOctaedron.m */,
			);
			path = Shapes;
			sourceTree = "<group>";
		};
		B22EB70315C1FC94002B6A96 /* Supporting Files */ = {
			isa = PBXGroup;
			children = (
				B22EB70415C1FC94002B6A96 /* InfoPlist.strings */,
				B22EB70615C1FC94002B6A96 /* SparkEngine-Info.plist */,
				B22EB70715C1FC94002B6A96 /* SparkEngine-Prefix.pch */,
			);
			path = "Supporting Files";
			sourceTree = "<group>";
		};
		B27CE09815B0B9AB00E348FA /* Examples */ = {
			isa = PBXGroup;
			children = (
				B2C76F2D15C9C1A100DEC0F4 /* RenderLoop */,
				B2D163FA15B73708009FC1A3 /* AR */,
				B216FAF915B0CB14007B00A7 /* Earth3D */,
				B27CE09915B0B9AB00E348FA /* Tutorials */,
			);
			path = Examples;
			sourceTree = "<group>";
		};
		B27CE09915B0B9AB00E348FA /* Tutorials */ = {
			isa = PBXGroup;
			children = (
				B216FB3F15B0D1A7007B00A7 /* NeHeLesson1 */,
			);
			path = Tutorials;
			sourceTree = "<group>";
		};
		B2C76F2D15C9C1A100DEC0F4 /* RenderLoop */ = {
			isa = PBXGroup;
			children = (
				B2C76F4015C9C6EB00DEC0F4 /* SupportingFiles */,
				B2C76F2E15C9C1A100DEC0F4 /* RenderLoppAppDelegate.h */,
				B2C76F2F15C9C1A100DEC0F4 /* RenderLoppAppDelegate.m */,
				B2C76F3215C9C1A100DEC0F4 /* main.m */,
			);
			path = RenderLoop;
			sourceTree = "<group>";
		};
		B2C76F4015C9C6EB00DEC0F4 /* SupportingFiles */ = {
			isa = PBXGroup;
			children = (
				B2C76F4115C9C6EB00DEC0F4 /* InfoPlist.strings */,
				B2C76F4315C9C6EB00DEC0F4 /* RenderLoop-Info.plist */,
				B2C76F4415C9C6EB00DEC0F4 /* RenderLoop-Prefix.pch */,
			);
			path = SupportingFiles;
			sourceTree = "<group>";
		};
		B2D163A815B602C8009FC1A3 /* Shaders */ = {
			isa = PBXGroup;
			children = (
				B2D163A915B602C8009FC1A3 /* default.fsh */,
				B2D163AA15B602C8009FC1A3 /* default.vsh */,
				B2D163AB15B602C8009FC1A3 /* plainColor.fsh */,
			);
			path = Shaders;
			sourceTree = "<group>";
		};
		B2D163FA15B73708009FC1A3 /* AR */ = {
			isa = PBXGroup;
			children = (
				B2D1642D15B74636009FC1A3 /* Resources */,
				B2D1642515B744F9009FC1A3 /* EAGLView.h */,
				B2D1642615B744F9009FC1A3 /* EAGLView.mm */,
				B2D1642715B744FA009FC1A3 /* ImageTargetsAppDelegate.h */,
				B2D1642815B744FB009FC1A3 /* ImageTargetsAppDelegate.mm */,
				B2D1642915B744FC009FC1A3 /* Teapot.h */,
				B2D1640715B74356009FC1A3 /* ARUtils */,
				B2D163FD15B73708009FC1A3 /* main.m */,
				B2D163FE15B73708009FC1A3 /* SupportingFiles */,
				B29FDA5C15B8938B00D337BA /* SEARView.h */,
				B29FDA5D15B8938C00D337BA /* SEARView.mm */,
				B2996EA315BDE76800DE026D /* DetailViewController.h */,
				B2996EA415BDE76800DE026D /* DetailViewController.m */,
			);
			path = AR;
			sourceTree = "<group>";
		};
		B2D163FE15B73708009FC1A3 /* SupportingFiles */ = {
			isa = PBXGroup;
			children = (
				B2D163FF15B73708009FC1A3 /* AR-Info.plist */,
				B2D1640015B73708009FC1A3 /* AR-Prefix.pch */,
				B2D1640115B73708009FC1A3 /* InfoPlist.strings */,
			);
			path = SupportingFiles;
			sourceTree = "<group>";
		};
		B2D1640715B74356009FC1A3 /* ARUtils */ = {
			isa = PBXGroup;
			children = (
				B2D1640815B74356009FC1A3 /* AR_EAGLView.h */,
				B2D1640915B74356009FC1A3 /* AR_EAGLView.mm */,
				B2D1640A15B74356009FC1A3 /* ARParentViewController.h */,
				B2D1640B15B74356009FC1A3 /* ARParentViewController.m */,
				B2D1640C15B74356009FC1A3 /* ARViewController.h */,
				B2D1640D15B74356009FC1A3 /* ARViewController.mm */,
				B2D1640E15B74356009FC1A3 /* OverlayView.h */,
				B2D1640F15B74356009FC1A3 /* OverlayView.m */,
				B2D1641015B74356009FC1A3 /* OverlayViewController.h */,
				B2D1641115B74356009FC1A3 /* OverlayViewController.mm */,
				B2D1641215B74356009FC1A3 /* QCARutils.h */,
				B2D1641315B74356009FC1A3 /* QCARutils.mm */,
				B2D1641415B74356009FC1A3 /* Shaders */,
				B2D1641715B74357009FC1A3 /* ShaderUtils.cpp */,
				B2D1641815B74357009FC1A3 /* ShaderUtils.h */,
				B2D1641915B74357009FC1A3 /* Texture.h */,
				B2D1641A15B74357009FC1A3 /* Texture.mm */,
			);
			path = ARUtils;
			sourceTree = "<group>";
		};
		B2D1641415B74356009FC1A3 /* Shaders */ = {
			isa = PBXGroup;
			children = (
				B2D1641515B74356009FC1A3 /* Shader.fsh */,
				B2D1641615B74357009FC1A3 /* Shader.vsh */,
			);
			path = Shaders;
			sourceTree = "<group>";
		};
		B2D1642D15B74636009FC1A3 /* Resources */ = {
			isa = PBXGroup;
			children = (
				B2D1642E15B74637009FC1A3 /* StonesAndChips.dat */,
				B2D1642F15B74637009FC1A3 /* StonesAndChips.xml */,
				B2D1643015B74637009FC1A3 /* Tarmac.dat */,
				B2D1643115B74637009FC1A3 /* Tarmac.xml */,
				B2D1643215B74637009FC1A3 /* TextureTeapotBlue.png */,
				B2D1643315B74637009FC1A3 /* TextureTeapotBrass.png */,
				B2D1643415B74637009FC1A3 /* TextureTeapotRed.png */,
			);
			path = Resources;
			sourceTree = "<group>";
		};
/* End PBXGroup section */

/* Begin PBXHeadersBuildPhase section */
		B22EB6F315C1FBED002B6A96 /* Headers */ = {
			isa = PBXHeadersBuildPhase;
			buildActionMask = 2147483647;
			files = (
				B22EB73115C1FDB9002B6A96 /* SECamera.h in Headers */,
				B22EB73215C1FDB9002B6A96 /* SEGeometry.h in Headers */,
				B22EB73315C1FDB9002B6A96 /* SEMesh.h in Headers */,
				B22EB73415C1FDB9002B6A96 /* SEObject3D.h in Headers */,
				B22EB73515C1FDB9002B6A96 /* SEPerspectiveCamera.h in Headers */,
				B22EB73615C1FDB9002B6A96 /* SERenderer.h in Headers */,
				B22EB73715C1FDB9002B6A96 /* SEScene.h in Headers */,
				B22EB73815C1FDB9002B6A96 /* SEShader.h in Headers */,
				B22EB73915C1FDB9002B6A96 /* SEShaderVariable.h in Headers */,
				B22EB73A15C1FDB9002B6A96 /* SETexture.h in Headers */,
				B22EB73B15C1FDB9002B6A96 /* SEVertex.h in Headers */,
				B22EB73C15C1FDB9002B6A96 /* SEMaterial.h in Headers */,
				B22EB73D15C1FDB9002B6A96 /* SEShaderMaterial.h in Headers */,
				B22EB73E15C1FDB9002B6A96 /* SEView.h in Headers */,
				B22EB73F15C1FDB9002B6A96 /* SERendererDelegate.h in Headers */,
				B22EB74015C1FDB9002B6A96 /* SESphere.h in Headers */,
				B2DAB73D15C6F9E4006B9E50 /* SECube.h in Headers */,
				B2DAB74115C6FDEC006B9E50 /* SEOctaedron.h in Headers */,
				B22EB74115C1FDB9002B6A96 /* SETriangle.h in Headers */,
				B2C76F1315C9B77B00DEC0F4 /* SERendererController.h in Headers */,
				B22EB74215C1FDB9002B6A96 /* SERectangle.h in Headers */,
				B22EB72F15C1FDA1002B6A96 /* SparkEngine-Prefix.pch in Headers */,
			);
			runOnlyForDeploymentPostprocessing = 0;
		};
/* End PBXHeadersBuildPhase section */

/* Begin PBXNativeTarget section */
		60119D1C13198BC100146334 /* Earth3D */ = {
			isa = PBXNativeTarget;
			buildConfigurationList = 60119D4913198BC100146334 /* Build configuration list for PBXNativeTarget "Earth3D" */;
			buildPhases = (
				60119D1913198BC100146334 /* Sources */,
				60119D1A13198BC100146334 /* Frameworks */,
				60119D1B13198BC100146334 /* Resources */,
			);
			buildRules = (
			);
			dependencies = (
				B2DAB72D15C31832006B9E50 /* PBXTargetDependency */,
			);
			name = Earth3D;
			productName = CubeExample;
			productReference = 60119D1D13198BC100146334 /* Earth3D.app */;
			productType = "com.apple.product-type.application";
		};
		B216FB4C15B0D1D5007B00A7 /* NeHeLesson1 */ = {
			isa = PBXNativeTarget;
			buildConfigurationList = B216FB6D15B0D1D5007B00A7 /* Build configuration list for PBXNativeTarget "NeHeLesson1" */;
			buildPhases = (
				B216FB4D15B0D1D5007B00A7 /* Sources */,
				B216FB6015B0D1D5007B00A7 /* Frameworks */,
				B216FB6815B0D1D5007B00A7 /* Resources */,
			);
			buildRules = (
			);
			dependencies = (
				B2DAB72F15C3183E006B9E50 /* PBXTargetDependency */,
			);
			name = NeHeLesson1;
			productName = CubeExample;
			productReference = B216FB7015B0D1D5007B00A7 /* NeHeLesson1.app */;
			productType = "com.apple.product-type.application";
		};
		B22EB6F715C1FBED002B6A96 /* SparkEngine */ = {
			isa = PBXNativeTarget;
			buildConfigurationList = B22EB70015C1FBED002B6A96 /* Build configuration list for PBXNativeTarget "SparkEngine" */;
			buildPhases = (
				B22EB6F015C1FBED002B6A96 /* ShellScript */,
				B22EB6F215C1FBED002B6A96 /* Frameworks */,
				B22EB6F115C1FBED002B6A96 /* Sources */,
				B22EB6F315C1FBED002B6A96 /* Headers */,
				B22EB6F415C1FBED002B6A96 /* Resources */,
				B22EB6F515C1FBED002B6A96 /* ShellScript */,
				B22EB6F615C1FBED002B6A96 /* ShellScript */,
			);
			buildRules = (
			);
			dependencies = (
			);
			name = SparkEngine;
			productName = SparkEngine.framework;
			productReference = B22EB6F815C1FBED002B6A96 /* SparkEngine.framework */;
			productType = "com.apple.product-type.bundle";
		};
		B2C76F1815C9C17000DEC0F4 /* RenderLoop */ = {
			isa = PBXNativeTarget;
			buildConfigurationList = B2C76F2A15C9C17000DEC0F4 /* Build configuration list for PBXNativeTarget "RenderLoop" */;
			buildPhases = (
				B2C76F1515C9C17000DEC0F4 /* Sources */,
				B2C76F1615C9C17000DEC0F4 /* Frameworks */,
				B2C76F1715C9C17000DEC0F4 /* Resources */,
			);
			buildRules = (
			);
			dependencies = (
				B2C76F3A15C9C21700DEC0F4 /* PBXTargetDependency */,
			);
			name = RenderLoop;
			productName = RenderLoop;
			productReference = B2C76F1915C9C17000DEC0F4 /* RenderLoop.app */;
			productType = "com.apple.product-type.application";
		};
		B2D163D515B734ED009FC1A3 /* AR */ = {
			isa = PBXNativeTarget;
			buildConfigurationList = B2D163E715B734ED009FC1A3 /* Build configuration list for PBXNativeTarget "AR" */;
			buildPhases = (
				B2D163D215B734ED009FC1A3 /* Sources */,
				B2D163D315B734ED009FC1A3 /* Frameworks */,
				B2D163D415B734ED009FC1A3 /* Resources */,
			);
			buildRules = (
			);
			dependencies = (
				B2DAB73115C31844006B9E50 /* PBXTargetDependency */,
			);
			name = AR;
			productName = AR;
			productReference = B2D163D615B734ED009FC1A3 /* AR.app */;
			productType = "com.apple.product-type.application";
		};
/* End PBXNativeTarget section */

/* Begin PBXProject section */
		60119D1413198BC100146334 /* Project object */ = {
			isa = PBXProject;
			attributes = {
				LastUpgradeCheck = 0430;
				ORGANIZATIONNAME = codebeast.org;
			};
			buildConfigurationList = 60119D1713198BC100146334 /* Build configuration list for PBXProject "SparkEngine" */;
			compatibilityVersion = "Xcode 3.2";
			developmentRegion = English;
			hasScannedForEncodings = 0;
			knownRegions = (
				en,
			);
			mainGroup = 60119D1213198BC100146334;
			productRefGroup = 60119D1E13198BC100146334 /* Products */;
			projectDirPath = "";
			projectRoot = "";
			targets = (
				60119D1C13198BC100146334 /* Earth3D */,
				B216FB4C15B0D1D5007B00A7 /* NeHeLesson1 */,
				B2D163D515B734ED009FC1A3 /* AR */,
				B22EB6F715C1FBED002B6A96 /* SparkEngine */,
				B2C76F1815C9C17000DEC0F4 /* RenderLoop */,
			);
		};
/* End PBXProject section */

/* Begin PBXResourcesBuildPhase section */
		60119D1B13198BC100146334 /* Resources */ = {
			isa = PBXResourcesBuildPhase;
			buildActionMask = 2147483647;
			files = (
				B2D163B215B602DD009FC1A3 /* default.fsh in Resources */,
				B2D163B315B602DD009FC1A3 /* default.vsh in Resources */,
				B2BD9D3C1598D3E50028F9E9 /* blueMarble.jpg in Resources */,
				B2BD9D3015952B950028F9E9 /* mars.jpg in Resources */,
				B216FB0515B0CB14007B00A7 /* Earth3D-Info.plist in Resources */,
				B216FB4B15B0D1A7007B00A7 /* NeHeLesson1-Info.plist in Resources */,
				B21757A215B9F6800066AC85 /* pierresRubis.jpg in Resources */,
			);
			runOnlyForDeploymentPostprocessing = 0;
		};
		B216FB6815B0D1D5007B00A7 /* Resources */ = {
			isa = PBXResourcesBuildPhase;
			buildActionMask = 2147483647;
			files = (
				B2D163B515B602EC009FC1A3 /* default.fsh in Resources */,
				B2D163B615B602EC009FC1A3 /* default.vsh in Resources */,
				B2D163B715B602EC009FC1A3 /* plainColor.fsh in Resources */,
				B216FB6915B0D1D5007B00A7 /* blueMarble.jpg in Resources */,
				B216FB6A15B0D1D5007B00A7 /* mars.jpg in Resources */,
				B216FB6B15B0D1D5007B00A7 /* Earth3D-Info.plist in Resources */,
				B216FB6C15B0D1D5007B00A7 /* NeHeLesson1-Info.plist in Resources */,
			);
			runOnlyForDeploymentPostprocessing = 0;
		};
		B22EB6F415C1FBED002B6A96 /* Resources */ = {
			isa = PBXResourcesBuildPhase;
			buildActionMask = 2147483647;
			files = (
				B22EB70815C1FC94002B6A96 /* InfoPlist.strings in Resources */,
			);
			runOnlyForDeploymentPostprocessing = 0;
		};
		B2C76F1715C9C17000DEC0F4 /* Resources */ = {
			isa = PBXResourcesBuildPhase;
			buildActionMask = 2147483647;
			files = (
				B252833815C9CAB4005C8AD9 /* default.fsh in Resources */,
				B252833915C9CAB4005C8AD9 /* default.vsh in Resources */,
				B252833A15C9CAB4005C8AD9 /* plainColor.fsh in Resources */,
				B2C76F4515C9C6EB00DEC0F4 /* InfoPlist.strings in Resources */,
				B2C76F4615C9C6EB00DEC0F4 /* RenderLoop-Info.plist in Resources */,
			);
			runOnlyForDeploymentPostprocessing = 0;
		};
		B2D163D415B734ED009FC1A3 /* Resources */ = {
			isa = PBXResourcesBuildPhase;
			buildActionMask = 2147483647;
			files = (
				B21757A415B9FA1E0066AC85 /* pierresRubis.jpg in Resources */,
				B29FDA5715B87C3100D337BA /* default.fsh in Resources */,
				B29FDA5815B87C3100D337BA /* default.vsh in Resources */,
				B29FDA5615B87BDA00D337BA /* blueMarble.jpg in Resources */,
				B2D1640615B73708009FC1A3 /* InfoPlist.strings in Resources */,
				B2D1643515B74637009FC1A3 /* StonesAndChips.dat in Resources */,
				B2D1643615B74637009FC1A3 /* StonesAndChips.xml in Resources */,
				B2D1643715B74637009FC1A3 /* Tarmac.dat in Resources */,
				B2D1643815B74637009FC1A3 /* Tarmac.xml in Resources */,
				B2D1643915B74637009FC1A3 /* TextureTeapotBlue.png in Resources */,
				B2D1643A15B74637009FC1A3 /* TextureTeapotBrass.png in Resources */,
				B2D1643B15B74637009FC1A3 /* TextureTeapotRed.png in Resources */,
			);
			runOnlyForDeploymentPostprocessing = 0;
		};
/* End PBXResourcesBuildPhase section */

/* Begin PBXShellScriptBuildPhase section */
		B22EB6F015C1FBED002B6A96 /* ShellScript */ = {
			isa = PBXShellScriptBuildPhase;
			buildActionMask = 2147483647;
			files = (
			);
			inputPaths = (
			);
			outputPaths = (
			);
			runOnlyForDeploymentPostprocessing = 0;
			shellPath = /bin/sh;
			shellScript = "set -e\n\nset +u\nif [[ $UFW_MASTER_SCRIPT_RUNNING ]]\nthen\n    # Nothing for the slave script to do\n    exit 0\nfi\nset -u\n\nif [[ \"$SDK_NAME\" =~ ([A-Za-z]+) ]]\nthen\n    UFW_SDK_PLATFORM=${BASH_REMATCH[1]}\nelse\n    echo \"Could not find platform name from SDK_NAME: $SDK_NAME\"\n    exit 1\nfi\n\nif [[ \"$SDK_NAME\" =~ ([0-9]+.*$) ]]\nthen\n\tUFW_SDK_VERSION=${BASH_REMATCH[1]}\nelse\n    echo \"Could not find sdk version  from SDK_NAME: $SDK_NAME\"\n    exit 1\nfi\n\nif [[ \"$UFW_SDK_PLATFORM\" = \"iphoneos\" ]]\nthen\n    UFW_OTHER_PLATFORM=iphonesimulator\nelse\n    UFW_OTHER_PLATFORM=iphoneos\nfi\n\nif [[ \"$BUILT_PRODUCTS_DIR\" =~ (.*)$UFW_SDK_PLATFORM$ ]]\nthen\n    UFW_OTHER_BUILT_PRODUCTS_DIR=\"${BASH_REMATCH[1]}${UFW_OTHER_PLATFORM}\"\nelse\n    echo \"Could not find $UFW_SDK_PLATFORM in $BUILT_PRODUCTS_DIR\"\n    exit 1\nfi\n\n\n# Short-circuit if all binaries are up to date\n\nif [[ -f \"${BUILT_PRODUCTS_DIR}/${EXECUTABLE_PATH}\" ]] && \\\n   [[ -f \"${BUILT_PRODUCTS_DIR}/${PRODUCT_NAME}.embeddedframework/${EXECUTABLE_PATH}\" ]] && \\\n   [[ ! \"${BUILT_PRODUCTS_DIR}/${EXECUTABLE_PATH}\" -nt \"${BUILT_PRODUCTS_DIR}/${PRODUCT_NAME}.embeddedframework/${EXECUTABLE_PATH}\" ]]\n   [[ -f \"${UFW_OTHER_BUILT_PRODUCTS_DIR}/${EXECUTABLE_PATH}\" ]] && \\\n   [[ -f \"${UFW_OTHER_BUILT_PRODUCTS_DIR}/${PRODUCT_NAME}.embeddedframework/${EXECUTABLE_PATH}\" ]] && \\\n   [[ ! \"${UFW_OTHER_BUILT_PRODUCTS_DIR}/${EXECUTABLE_PATH}\" -nt \"${UFW_OTHER_BUILT_PRODUCTS_DIR}/${PRODUCT_NAME}.embeddedframework/${EXECUTABLE_PATH}\" ]]\nthen\n    exit 0\nfi\n\n\n# Clean other platform if needed\n\nif [[ ! -f \"${BUILT_PRODUCTS_DIR}/${EXECUTABLE_PATH}\" ]]\nthen\n\techo \"Platform \\\"$UFW_SDK_PLATFORM\\\" was cleaned recently. Cleaning \\\"$UFW_OTHER_PLATFORM\\\" as well\"\n\techo xcodebuild -project \"${PROJECT_FILE_PATH}\" -target \"${TARGET_NAME}\" -configuration \"${CONFIGURATION}\" -sdk ${UFW_OTHER_PLATFORM}${UFW_SDK_VERSION} BUILD_DIR=\"${BUILD_DIR}\" CONFIGURATION_TEMP_DIR=\"${PROJECT_TEMP_DIR}/${CONFIGURATION}-${UFW_OTHER_PLATFORM}\" clean\n\txcodebuild -project \"${PROJECT_FILE_PATH}\" -target \"${TARGET_NAME}\" -configuration \"${CONFIGURATION}\" -sdk ${UFW_OTHER_PLATFORM}${UFW_SDK_VERSION} BUILD_DIR=\"${BUILD_DIR}\" CONFIGURATION_TEMP_DIR=\"${PROJECT_TEMP_DIR}/${CONFIGURATION}-${UFW_OTHER_PLATFORM}\" clean\nfi\n\n\n# Make sure we are building from fresh binaries\n\nrm -rf \"${BUILT_PRODUCTS_DIR}/${EXECUTABLE_PATH}\"\nrm -rf \"${BUILT_PRODUCTS_DIR}/${PRODUCT_NAME}.embeddedframework\"\nrm -rf \"${UFW_OTHER_BUILT_PRODUCTS_DIR}/${EXECUTABLE_PATH}\"\nrm -rf \"${UFW_OTHER_BUILT_PRODUCTS_DIR}/${PRODUCT_NAME}.embeddedframework\"\n";
		};
		B22EB6F515C1FBED002B6A96 /* ShellScript */ = {
			isa = PBXShellScriptBuildPhase;
			buildActionMask = 2147483647;
			files = (
			);
			inputPaths = (
			);
			outputPaths = (
			);
			runOnlyForDeploymentPostprocessing = 0;
			shellPath = /bin/sh;
			shellScript = "HEADERS_ROOT=$SRCROOT/$PRODUCT_NAME\nFRAMEWORK_HEADERS_DIR=\"$BUILT_PRODUCTS_DIR/$WRAPPER_NAME/Versions/$FRAMEWORK_VERSION/Headers\"\n\n## only header files expected at this point\nPUBLIC_HEADERS=$(find $FRAMEWORK_HEADERS_DIR/. -not -type d 2> /dev/null | sed -e \"s@.*/@@g\")\n\nFIND_OPTS=\"\"\nfor PUBLIC_HEADER in $PUBLIC_HEADERS; do\n  if [ -n \"$FIND_OPTS\" ]; then\n    FIND_OPTS=\"$FIND_OPTS -o\"\n  fi\n  FIND_OPTS=\"$FIND_OPTS -name '$PUBLIC_HEADER'\"\ndone\n\nif [ -n \"$FIND_OPTS\" ]; then\n  for ORIG_HEADER in $(eval \"find $HEADERS_ROOT/. $FIND_OPTS\" 2> /dev/null | sed -e \"s@^$HEADERS_ROOT/./@@g\"); do\n    PUBLIC_HEADER=$(basename $ORIG_HEADER)\n    RELATIVE_PATH=$(dirname $ORIG_HEADER)\n    if [ -e $FRAMEWORK_HEADERS_DIR/$PUBLIC_HEADER ]; then\n      mkdir -p \"$FRAMEWORK_HEADERS_DIR/$RELATIVE_PATH\"\n      mv \"$FRAMEWORK_HEADERS_DIR/$PUBLIC_HEADER\" \"$FRAMEWORK_HEADERS_DIR/$RELATIVE_PATH/$PUBLIC_HEADER\"\n    fi\n  done\nfi\n";
		};
		B22EB6F615C1FBED002B6A96 /* ShellScript */ = {
			isa = PBXShellScriptBuildPhase;
			buildActionMask = 2147483647;
			files = (
			);
			inputPaths = (
			);
			outputPaths = (
			);
			runOnlyForDeploymentPostprocessing = 0;
			shellPath = /bin/sh;
			shellScript = "set -e\n\nset +u\nif [[ $UFW_MASTER_SCRIPT_RUNNING ]]\nthen\n    # Nothing for the slave script to do\n    exit 0\nfi\nset -u\nexport UFW_MASTER_SCRIPT_RUNNING=1\n\n\n# Functions\n\n## List files in the specified directory, storing to the specified array.\n#\n# @param $1 The path to list\n# @param $2 The name of the array to fill\n#\n##\nlist_files ()\n{\n    filelist=$(ls \"$1\")\n    while read line\n    do\n        eval \"$2[\\${#$2[*]}]=\\\"\\$line\\\"\"\n    done <<< \"$filelist\"\n}\n\n\n# Sanity check\n\nif [[ ! -f \"${BUILT_PRODUCTS_DIR}/${EXECUTABLE_PATH}\" ]]\nthen\n    echo \"Framework target \\\"${TARGET_NAME}\\\" had no source files to build from. Make sure your source files have the correct target membership\"\n    exit 1\nfi\n\n\n# Gather information\n\nif [[ \"$SDK_NAME\" =~ ([A-Za-z]+) ]]\nthen\n    UFW_SDK_PLATFORM=${BASH_REMATCH[1]}\nelse\n    echo \"Could not find platform name from SDK_NAME: $SDK_NAME\"\n    exit 1\nfi\n\nif [[ \"$SDK_NAME\" =~ ([0-9]+.*$) ]]\nthen\n    UFW_SDK_VERSION=${BASH_REMATCH[1]}\nelse\n    echo \"Could not find sdk version from SDK_NAME: $SDK_NAME\"\n    exit 1\nfi\n\nif [[ \"$UFW_SDK_PLATFORM\" = \"iphoneos\" ]]\nthen\n    UFW_OTHER_PLATFORM=iphonesimulator\nelse\n    UFW_OTHER_PLATFORM=iphoneos\nfi\n\nif [[ \"$BUILT_PRODUCTS_DIR\" =~ (.*)$UFW_SDK_PLATFORM$ ]]\nthen\n    UFW_OTHER_BUILT_PRODUCTS_DIR=\"${BASH_REMATCH[1]}${UFW_OTHER_PLATFORM}\"\nelse\n    echo \"Could not find $UFW_SDK_PLATFORM in $BUILT_PRODUCTS_DIR\"\n    exit 1\nfi\n\n\n# Short-circuit if all binaries are up to date.\n# We already checked the other platform in the prerun script.\n\nif [[ -f \"${BUILT_PRODUCTS_DIR}/${EXECUTABLE_PATH}\" ]] && [[ -f \"${BUILT_PRODUCTS_DIR}/${PRODUCT_NAME}.embeddedframework/${EXECUTABLE_PATH}\" ]] && [[ ! \"${BUILT_PRODUCTS_DIR}/${EXECUTABLE_PATH}\" -nt \"${BUILT_PRODUCTS_DIR}/${PRODUCT_NAME}.embeddedframework/${EXECUTABLE_PATH}\" ]]\nthen\n    exit 0\nfi\n\n\n# Make sure the other platform gets built\n\necho \"Build other platform\"\n\necho xcodebuild -project \"${PROJECT_FILE_PATH}\" -target \"${TARGET_NAME}\" -configuration \"${CONFIGURATION}\" -sdk ${UFW_OTHER_PLATFORM}${UFW_SDK_VERSION} BUILD_DIR=\"${BUILD_DIR}\" CONFIGURATION_TEMP_DIR=\"${PROJECT_TEMP_DIR}/${CONFIGURATION}-${UFW_OTHER_PLATFORM}\" $ACTION\nxcodebuild -project \"${PROJECT_FILE_PATH}\" -target \"${TARGET_NAME}\" -configuration \"${CONFIGURATION}\" -sdk ${UFW_OTHER_PLATFORM}${UFW_SDK_VERSION} BUILD_DIR=\"${BUILD_DIR}\" CONFIGURATION_TEMP_DIR=\"${PROJECT_TEMP_DIR}/${CONFIGURATION}-${UFW_OTHER_PLATFORM}\" $ACTION\n\n\n# Build the fat static library binary\n\necho \"Create universal static library\"\n\necho \"$PLATFORM_DEVELOPER_BIN_DIR/libtool\" -static \"${BUILT_PRODUCTS_DIR}/${EXECUTABLE_PATH}\" \"${UFW_OTHER_BUILT_PRODUCTS_DIR}/${EXECUTABLE_PATH}\" -o \"${BUILT_PRODUCTS_DIR}/${EXECUTABLE_PATH}.temp\"\n\"$PLATFORM_DEVELOPER_BIN_DIR/libtool\" -static \"${BUILT_PRODUCTS_DIR}/${EXECUTABLE_PATH}\" \"${UFW_OTHER_BUILT_PRODUCTS_DIR}/${EXECUTABLE_PATH}\" -o \"${BUILT_PRODUCTS_DIR}/${EXECUTABLE_PATH}.temp\"\n\necho mv \"${BUILT_PRODUCTS_DIR}/${EXECUTABLE_PATH}.temp\" \"${BUILT_PRODUCTS_DIR}/${EXECUTABLE_PATH}\"\nmv \"${BUILT_PRODUCTS_DIR}/${EXECUTABLE_PATH}.temp\" \"${BUILT_PRODUCTS_DIR}/${EXECUTABLE_PATH}\"\n\n\n# Build framework structure\n\necho \"Build symlinks\"\n\necho ln -sfh A \"${BUILT_PRODUCTS_DIR}/${WRAPPER_NAME}/Versions/Current\"\nln -sfh A \"${BUILT_PRODUCTS_DIR}/${WRAPPER_NAME}/Versions/Current\"\necho ln -sfh Versions/Current/Headers \"${BUILT_PRODUCTS_DIR}/${WRAPPER_NAME}/Headers\"\nln -sfh Versions/Current/Headers \"${BUILT_PRODUCTS_DIR}/${WRAPPER_NAME}/Headers\"\necho ln -sfh Versions/Current/Resources \"${BUILT_PRODUCTS_DIR}/${WRAPPER_NAME}/Resources\"\nln -sfh Versions/Current/Resources \"${BUILT_PRODUCTS_DIR}/${WRAPPER_NAME}/Resources\"\necho ln -sfh \"Versions/Current/${EXECUTABLE_NAME}\" \"${BUILT_PRODUCTS_DIR}/${WRAPPER_NAME}/${EXECUTABLE_NAME}\"\nln -sfh \"Versions/Current/${EXECUTABLE_NAME}\" \"${BUILT_PRODUCTS_DIR}/${WRAPPER_NAME}/${EXECUTABLE_NAME}\"\n\n\n# Link to binary for unit tests\n\nmkdir -p \"${BUILT_PRODUCTS_DIR}/.fake_fw_testing.framework\"\nln -sfh \"../${WRAPPER_NAME}/${EXECUTABLE_NAME}\" \"${BUILT_PRODUCTS_DIR}/.fake_fw_testing.framework/.fake_fw_testing\"\n\n\n# Build embedded framework structure\n\necho \"Build Embedded Framework\"\n\necho rm -rf \"${BUILT_PRODUCTS_DIR}/${PRODUCT_NAME}.embeddedframework\"\nrm -rf \"${BUILT_PRODUCTS_DIR}/${PRODUCT_NAME}.embeddedframework\"\necho mkdir -p \"${BUILT_PRODUCTS_DIR}/${PRODUCT_NAME}.embeddedframework/Resources\"\nmkdir -p \"${BUILT_PRODUCTS_DIR}/${PRODUCT_NAME}.embeddedframework/Resources\"\necho cp -a \"${BUILT_PRODUCTS_DIR}/${WRAPPER_NAME}\" \"${BUILT_PRODUCTS_DIR}/${PRODUCT_NAME}.embeddedframework/\"\ncp -a \"${BUILT_PRODUCTS_DIR}/${WRAPPER_NAME}\" \"${BUILT_PRODUCTS_DIR}/${PRODUCT_NAME}.embeddedframework/\"\n\ndeclare -a UFW_FILE_LIST\nlist_files \"${BUILT_PRODUCTS_DIR}/${UNLOCALIZED_RESOURCES_FOLDER_PATH}\" UFW_FILE_LIST\nfor filename in \"${UFW_FILE_LIST[@]}\"\ndo\n    if [[ \"${filename}\" != \"Info.plist\" ]] && [[ ! \"${filename}\" =~ .*\\.lproj$ ]]\n    then\n        echo ln -sfh \"../${WRAPPER_NAME}/Resources/${filename}\" \"${BUILT_PRODUCTS_DIR}/${PRODUCT_NAME}.embeddedframework/Resources/${filename}\"\n        ln -sfh \"../${WRAPPER_NAME}/Resources/${filename}\" \"${BUILT_PRODUCTS_DIR}/${PRODUCT_NAME}.embeddedframework/Resources/${filename}\"\n    fi\ndone\n\n\n# Replace other platform's framework with a copy of this one (so that both have the same universal binary)\n\necho \"Copy from $UFW_SDK_PLATFORM to $UFW_OTHER_PLATFORM\"\n\necho rm -rf \"${BUILD_DIR}/${CONFIGURATION}-${UFW_OTHER_PLATFORM}\"\nrm -rf \"${BUILD_DIR}/${CONFIGURATION}-${UFW_OTHER_PLATFORM}\"\necho cp -a \"${BUILD_DIR}/${CONFIGURATION}-${UFW_SDK_PLATFORM}\" \"${BUILD_DIR}/${CONFIGURATION}-${UFW_OTHER_PLATFORM}\"\ncp -a \"${BUILD_DIR}/${CONFIGURATION}-${UFW_SDK_PLATFORM}\" \"${BUILD_DIR}/${CONFIGURATION}-${UFW_OTHER_PLATFORM}\"\n";
		};
/* End PBXShellScriptBuildPhase section */

/* Begin PBXSourcesBuildPhase section */
		60119D1913198BC100146334 /* Sources */ = {
			isa = PBXSourcesBuildPhase;
			buildActionMask = 2147483647;
			files = (
				B216FB0215B0CB14007B00A7 /* main.m in Sources */,
				B2DAB73715C34B7E006B9E50 /* Earth3DViewController.m in Sources */,
				B2DAB73A15C34E5E006B9E50 /* Earth3DAppDelegate.m in Sources */,
			);
			runOnlyForDeploymentPostprocessing = 0;
		};
		B216FB4D15B0D1D5007B00A7 /* Sources */ = {
			isa = PBXSourcesBuildPhase;
			buildActionMask = 2147483647;
			files = (
				B216FB5D15B0D1D5007B00A7 /* main.m in Sources */,
				B220366015C728020017FAE0 /* PoligonViewController.m in Sources */,
				B220366415C728D30017FAE0 /* PolygonViewAppDelegate.m in Sources */,
			);
			runOnlyForDeploymentPostprocessing = 0;
		};
		B22EB6F115C1FBED002B6A96 /* Sources */ = {
			isa = PBXSourcesBuildPhase;
			buildActionMask = 2147483647;
			files = (
				B22EB70E15C1FCE7002B6A96 /* SECamera.m in Sources */,
				B22EB71015C1FCE7002B6A96 /* SEGeometry.m in Sources */,
				B22EB71215C1FCE7002B6A96 /* SEMesh.m in Sources */,
				B22EB71415C1FCE8002B6A96 /* SEObject3D.m in Sources */,
				B22EB71615C1FCE8002B6A96 /* SEPerspectiveCamera.m in Sources */,
				B22EB71815C1FCE8002B6A96 /* SERenderer.m in Sources */,
				B22EB71A15C1FCE8002B6A96 /* SEScene.m in Sources */,
				B22EB71C15C1FCE8002B6A96 /* SEShader.m in Sources */,
				B22EB71E15C1FCE8002B6A96 /* SEShaderVariable.m in Sources */,
				B22EB72015C1FCE8002B6A96 /* SETexture.m in Sources */,
				B22EB72315C1FCE8002B6A96 /* SEMaterial.m in Sources */,
				B22EB72515C1FCE8002B6A96 /* SEShaderMaterial.m in Sources */,
				B22EB72715C1FCE8002B6A96 /* SEView.m in Sources */,
				B22EB72A15C1FCE8002B6A96 /* SESphere.m in Sources */,
				B22EB72C15C1FCE8002B6A96 /* SETriangle.m in Sources */,
				B22EB72E15C1FCE8002B6A96 /* SERectangle.m in Sources */,
				B2DAB73E15C6F9E4006B9E50 /* SECube.m in Sources */,
				B2DAB74215C6FDEC006B9E50 /* SEOctaedron.m in Sources */,
				B2C76F1415C9B77B00DEC0F4 /* SERendererController.m in Sources */,
			);
			runOnlyForDeploymentPostprocessing = 0;
		};
		B2C76F1515C9C17000DEC0F4 /* Sources */ = {
			isa = PBXSourcesBuildPhase;
			buildActionMask = 2147483647;
			files = (
				B2C76F3515C9C1A100DEC0F4 /* RenderLoppAppDelegate.m in Sources */,
				B2C76F3715C9C1A100DEC0F4 /* main.m in Sources */,
			);
			runOnlyForDeploymentPostprocessing = 0;
		};
		B2D163D215B734ED009FC1A3 /* Sources */ = {
			isa = PBXSourcesBuildPhase;
			buildActionMask = 2147483647;
			files = (
				B2D1640415B73708009FC1A3 /* main.m in Sources */,
				B2D1641B15B74357009FC1A3 /* AR_EAGLView.mm in Sources */,
				B2D1641C15B74357009FC1A3 /* ARParentViewController.m in Sources */,
				B2D1641D15B74357009FC1A3 /* ARViewController.mm in Sources */,
				B2D1641E15B74357009FC1A3 /* OverlayView.m in Sources */,
				B2D1641F15B74357009FC1A3 /* OverlayViewController.mm in Sources */,
				B2D1642015B74357009FC1A3 /* QCARutils.mm in Sources */,
				B2D1642315B74357009FC1A3 /* ShaderUtils.cpp in Sources */,
				B2D1642415B74357009FC1A3 /* Texture.mm in Sources */,
				B2D1642A15B744FC009FC1A3 /* EAGLView.mm in Sources */,
				B2D1642B15B744FC009FC1A3 /* ImageTargetsAppDelegate.mm in Sources */,
				B29FDA5E15B8938C00D337BA /* SEARView.mm in Sources */,
				B2996EA515BDE76800DE026D /* DetailViewController.m in Sources */,
			);
			runOnlyForDeploymentPostprocessing = 0;
		};
/* End PBXSourcesBuildPhase section */

/* Begin PBXTargetDependency section */
		B2C76F3A15C9C21700DEC0F4 /* PBXTargetDependency */ = {
			isa = PBXTargetDependency;
			target = B22EB6F715C1FBED002B6A96 /* SparkEngine */;
			targetProxy = B2C76F3915C9C21700DEC0F4 /* PBXContainerItemProxy */;
		};
		B2DAB72D15C31832006B9E50 /* PBXTargetDependency */ = {
			isa = PBXTargetDependency;
			target = B22EB6F715C1FBED002B6A96 /* SparkEngine */;
			targetProxy = B2DAB72C15C31832006B9E50 /* PBXContainerItemProxy */;
		};
		B2DAB72F15C3183E006B9E50 /* PBXTargetDependency */ = {
			isa = PBXTargetDependency;
			target = B22EB6F715C1FBED002B6A96 /* SparkEngine */;
			targetProxy = B2DAB72E15C3183E006B9E50 /* PBXContainerItemProxy */;
		};
		B2DAB73115C31844006B9E50 /* PBXTargetDependency */ = {
			isa = PBXTargetDependency;
			target = B22EB6F715C1FBED002B6A96 /* SparkEngine */;
			targetProxy = B2DAB73015C31844006B9E50 /* PBXContainerItemProxy */;
		};
/* End PBXTargetDependency section */

/* Begin PBXVariantGroup section */
		B22EB70415C1FC94002B6A96 /* InfoPlist.strings */ = {
			isa = PBXVariantGroup;
			children = (
				B22EB70515C1FC94002B6A96 /* en */,
			);
			name = InfoPlist.strings;
			sourceTree = "<group>";
		};
		B2C76F4115C9C6EB00DEC0F4 /* InfoPlist.strings */ = {
			isa = PBXVariantGroup;
			children = (
				B2C76F4215C9C6EB00DEC0F4 /* en */,
			);
			name = InfoPlist.strings;
			sourceTree = "<group>";
		};
		B2D1640115B73708009FC1A3 /* InfoPlist.strings */ = {
			isa = PBXVariantGroup;
			children = (
				B2D1640215B73708009FC1A3 /* en */,
			);
			name = InfoPlist.strings;
			sourceTree = "<group>";
		};
/* End PBXVariantGroup section */

/* Begin XCBuildConfiguration section */
		60119D4713198BC100146334 /* Debug */ = {
			isa = XCBuildConfiguration;
			buildSettings = {
				ARCHS = "$(ARCHS_STANDARD_32_BIT)";
				"CODE_SIGN_IDENTITY[sdk=iphoneos*]" = "iPhone Developer";
				GCC_C_LANGUAGE_STANDARD = gnu99;
				GCC_OPTIMIZATION_LEVEL = 0;
				GCC_PREPROCESSOR_DEFINITIONS = DEBUG;
				GCC_VERSION = com.apple.compilers.llvmgcc42;
				GCC_WARN_ABOUT_RETURN_TYPE = YES;
				GCC_WARN_UNUSED_VARIABLE = YES;
				IPHONEOS_DEPLOYMENT_TARGET = 4.2;
				SDKROOT = iphoneos;
			};
			name = Debug;
		};
		60119D4813198BC100146334 /* Release */ = {
			isa = XCBuildConfiguration;
			buildSettings = {
				ARCHS = "$(ARCHS_STANDARD_32_BIT)";
				"CODE_SIGN_IDENTITY[sdk=iphoneos*]" = "iPhone Developer";
				GCC_C_LANGUAGE_STANDARD = gnu99;
				GCC_VERSION = com.apple.compilers.llvmgcc42;
				GCC_WARN_ABOUT_RETURN_TYPE = YES;
				GCC_WARN_UNUSED_VARIABLE = YES;
				IPHONEOS_DEPLOYMENT_TARGET = 4.2;
				OTHER_CFLAGS = "-DNS_BLOCK_ASSERTIONS=1";
				SDKROOT = iphoneos;
			};
			name = Release;
		};
		60119D4A13198BC100146334 /* Debug */ = {
			isa = XCBuildConfiguration;
			buildSettings = {
				ALWAYS_SEARCH_USER_PATHS = NO;
				CLANG_ENABLE_OBJC_ARC = YES;
				COPY_PHASE_STRIP = NO;
				GCC_DYNAMIC_NO_PIC = NO;
				GCC_PRECOMPILE_PREFIX_HEADER = YES;
				GCC_PREFIX_HEADER = "Examples/Earth3D/SupportingFiles/Earth3D-Prefix.pch";
				"GCC_THUMB_SUPPORT[arch=armv6]" = "";
				GCC_VERSION = com.apple.compilers.llvm.clang.1_0;
				HEADER_SEARCH_PATHS = "";
				INFOPLIST_FILE = "Examples/Earth3D/SupportingFiles/Earth3D-Info.plist";
				INSTALL_PATH = "$(LOCAL_APPS_DIR)";
				IPHONEOS_DEPLOYMENT_TARGET = 5.1;
				LIBRARY_SEARCH_PATHS = "";
				OTHER_LDFLAGS = (
					"-framework",
					SparkEngine,
				);
				PRODUCT_NAME = Earth3D;
				TARGETED_DEVICE_FAMILY = "1,2";
				WRAPPER_EXTENSION = app;
			};
			name = Debug;
		};
		60119D4B13198BC100146334 /* Release */ = {
			isa = XCBuildConfiguration;
			buildSettings = {
				ALWAYS_SEARCH_USER_PATHS = NO;
				CLANG_ENABLE_OBJC_ARC = YES;
				COPY_PHASE_STRIP = YES;
				GCC_PRECOMPILE_PREFIX_HEADER = YES;
				GCC_PREFIX_HEADER = "Examples/Earth3D/SupportingFiles/Earth3D-Prefix.pch";
				"GCC_THUMB_SUPPORT[arch=armv6]" = "";
				GCC_VERSION = com.apple.compilers.llvm.clang.1_0;
				HEADER_SEARCH_PATHS = "";
				INFOPLIST_FILE = "Examples/Earth3D/SupportingFiles/Earth3D-Info.plist";
				INSTALL_PATH = "$(LOCAL_APPS_DIR)";
				IPHONEOS_DEPLOYMENT_TARGET = 5.1;
				LIBRARY_SEARCH_PATHS = "";
				OTHER_LDFLAGS = (
					"-framework",
					SparkEngine,
				);
				PRODUCT_NAME = Earth3D;
				TARGETED_DEVICE_FAMILY = "1,2";
				VALIDATE_PRODUCT = YES;
				WRAPPER_EXTENSION = app;
			};
			name = Release;
		};
		B216FB6E15B0D1D5007B00A7 /* Debug */ = {
			isa = XCBuildConfiguration;
			buildSettings = {
				ALWAYS_SEARCH_USER_PATHS = NO;
				CLANG_ENABLE_OBJC_ARC = YES;
				COPY_PHASE_STRIP = NO;
				GCC_DYNAMIC_NO_PIC = NO;
				GCC_PRECOMPILE_PREFIX_HEADER = YES;
				GCC_PREFIX_HEADER = "Examples/Tutorials/NeHeLesson1/SupportingFiles/NeHeLesson1-Prefix.pch";
				"GCC_THUMB_SUPPORT[arch=armv6]" = "";
				GCC_VERSION = com.apple.compilers.llvm.clang.1_0;
				HEADER_SEARCH_PATHS = "";
				INFOPLIST_FILE = "Examples/Tutorials/NeHeLesson1/SupportingFiles/NeHeLesson1-Info.plist";
				INSTALL_PATH = "$(LOCAL_APPS_DIR)";
				IPHONEOS_DEPLOYMENT_TARGET = 5.1;
				LIBRARY_SEARCH_PATHS = "";
				OTHER_LDFLAGS = (
					"-framework",
					SparkEngine,
				);
				PRODUCT_NAME = NeHeLesson1;
				TARGETED_DEVICE_FAMILY = "1,2";
				WRAPPER_EXTENSION = app;
			};
			name = Debug;
		};
		B216FB6F15B0D1D5007B00A7 /* Release */ = {
			isa = XCBuildConfiguration;
			buildSettings = {
				ALWAYS_SEARCH_USER_PATHS = NO;
				CLANG_ENABLE_OBJC_ARC = YES;
				COPY_PHASE_STRIP = YES;
				GCC_PRECOMPILE_PREFIX_HEADER = YES;
				GCC_PREFIX_HEADER = "Examples/Tutorials/NeHeLesson1/SupportingFiles/NeHeLesson1-Prefix.pch";
				"GCC_THUMB_SUPPORT[arch=armv6]" = "";
				GCC_VERSION = com.apple.compilers.llvm.clang.1_0;
				HEADER_SEARCH_PATHS = "";
				INFOPLIST_FILE = "Examples/Tutorials/NeHeLesson1/SupportingFiles/NeHeLesson1-Info.plist";
				INSTALL_PATH = "$(LOCAL_APPS_DIR)";
				IPHONEOS_DEPLOYMENT_TARGET = 5.1;
				LIBRARY_SEARCH_PATHS = "";
				OTHER_LDFLAGS = (
					"-framework",
					SparkEngine,
				);
				PRODUCT_NAME = NeHeLesson1;
				TARGETED_DEVICE_FAMILY = "1,2";
				VALIDATE_PRODUCT = YES;
				WRAPPER_EXTENSION = app;
			};
			name = Release;
		};
		B22EB70115C1FBED002B6A96 /* Debug */ = {
			isa = XCBuildConfiguration;
			buildSettings = {
				ALWAYS_SEARCH_USER_PATHS = NO;
				ARCHS = (
					armv6,
					"$(ARCHS_STANDARD_32_BIT)",
				);
				CLANG_CXX_LANGUAGE_STANDARD = "gnu++0x";
				CLANG_ENABLE_OBJC_ARC = YES;
				CLANG_WARN__DUPLICATE_METHOD_MATCH = YES;
				CONTENTS_FOLDER_PATH = "$(WRAPPER_NAME)/Versions/$(FRAMEWORK_VERSION)";
				COPY_PHASE_STRIP = NO;
				DEAD_CODE_STRIPPING = NO;
				DYLIB_COMPATIBILITY_VERSION = 1;
				DYLIB_CURRENT_VERSION = 1;
				FRAMEWORK_VERSION = A;
				GCC_DYNAMIC_NO_PIC = NO;
				GCC_PRECOMPILE_PREFIX_HEADER = YES;
				GCC_PREFIX_HEADER = "SparkEngine/Supporting Files/SparkEngine-Prefix.pch";
				GCC_PREPROCESSOR_DEFINITIONS = (
					"DEBUG=1",
					"$(inherited)",
				);
				GCC_SYMBOLS_PRIVATE_EXTERN = NO;
				GCC_VERSION = com.apple.compilers.llvm.clang.1_0;
				GCC_WARN_UNINITIALIZED_AUTOS = YES;
				INFOPLIST_FILE = "SparkEngine/Supporting Files/SparkEngine-Info.plist";
				INFOPLIST_PATH = "$(UNLOCALIZED_RESOURCES_FOLDER_PATH)/Info.plist";
				INSTALL_PATH = "$(BUILT_PRODUCTS_DIR)";
				IPHONEOS_DEPLOYMENT_TARGET = 5.1;
				LINK_WITH_STANDARD_LIBRARIES = NO;
				MACH_O_TYPE = mh_object;
				PRODUCT_NAME = "$(TARGET_NAME)";
				SKIP_INSTALL = YES;
				UNLOCALIZED_RESOURCES_FOLDER_PATH = "$(CONTENTS_FOLDER_PATH)/Resources";
				WRAPPER_EXTENSION = framework;
			};
			name = Debug;
		};
		B22EB70215C1FBED002B6A96 /* Release */ = {
			isa = XCBuildConfiguration;
			buildSettings = {
				ALWAYS_SEARCH_USER_PATHS = NO;
				ARCHS = (
					armv6,
					"$(ARCHS_STANDARD_32_BIT)",
				);
				CLANG_CXX_LANGUAGE_STANDARD = "gnu++0x";
				CLANG_ENABLE_OBJC_ARC = YES;
				CLANG_WARN__DUPLICATE_METHOD_MATCH = YES;
				CONTENTS_FOLDER_PATH = "$(WRAPPER_NAME)/Versions/$(FRAMEWORK_VERSION)";
				COPY_PHASE_STRIP = YES;
				DEAD_CODE_STRIPPING = NO;
				DYLIB_COMPATIBILITY_VERSION = 1;
				DYLIB_CURRENT_VERSION = 1;
				FRAMEWORK_VERSION = A;
				GCC_PRECOMPILE_PREFIX_HEADER = YES;
				GCC_PREFIX_HEADER = "SparkEngine/Supporting Files/SparkEngine-Prefix.pch";
				GCC_VERSION = com.apple.compilers.llvm.clang.1_0;
				GCC_WARN_UNINITIALIZED_AUTOS = YES;
				INFOPLIST_FILE = "SparkEngine/Supporting Files/SparkEngine-Info.plist";
				INFOPLIST_PATH = "$(UNLOCALIZED_RESOURCES_FOLDER_PATH)/Info.plist";
				INSTALL_PATH = "$(BUILT_PRODUCTS_DIR)";
				IPHONEOS_DEPLOYMENT_TARGET = 5.1;
				LINK_WITH_STANDARD_LIBRARIES = NO;
				MACH_O_TYPE = mh_object;
				PRODUCT_NAME = "$(TARGET_NAME)";
				SKIP_INSTALL = YES;
				UNLOCALIZED_RESOURCES_FOLDER_PATH = "$(CONTENTS_FOLDER_PATH)/Resources";
				VALIDATE_PRODUCT = YES;
				WRAPPER_EXTENSION = framework;
			};
			name = Release;
		};
		B2C76F2B15C9C17000DEC0F4 /* Debug */ = {
			isa = XCBuildConfiguration;
			buildSettings = {
				ALWAYS_SEARCH_USER_PATHS = NO;
				CLANG_CXX_LANGUAGE_STANDARD = "gnu++0x";
				CLANG_ENABLE_OBJC_ARC = YES;
				CLANG_WARN__DUPLICATE_METHOD_MATCH = YES;
				"CODE_SIGN_IDENTITY[sdk=iphoneos*]" = "iPhone Developer";
				COPY_PHASE_STRIP = NO;
				GCC_DYNAMIC_NO_PIC = NO;
				GCC_PRECOMPILE_PREFIX_HEADER = YES;
				GCC_PREFIX_HEADER = "Examples/RenderLoop/SupportingFiles/RenderLoop-Prefix.pch";
				GCC_PREPROCESSOR_DEFINITIONS = (
					"DEBUG=1",
					"$(inherited)",
				);
				GCC_SYMBOLS_PRIVATE_EXTERN = NO;
				GCC_VERSION = com.apple.compilers.llvm.clang.1_0;
				GCC_WARN_UNINITIALIZED_AUTOS = YES;
				INFOPLIST_FILE = "Examples/RenderLoop/SupportingFiles/RenderLoop-Info.plist";
				IPHONEOS_DEPLOYMENT_TARGET = 5.1;
				OTHER_LDFLAGS = (
					"-framework",
					SparkEngine,
				);
				PRODUCT_NAME = "$(TARGET_NAME)";
				TARGETED_DEVICE_FAMILY = "1,2";
				WRAPPER_EXTENSION = app;
			};
			name = Debug;
		};
		B2C76F2C15C9C17000DEC0F4 /* Release */ = {
			isa = XCBuildConfiguration;
			buildSettings = {
				ALWAYS_SEARCH_USER_PATHS = NO;
				CLANG_CXX_LANGUAGE_STANDARD = "gnu++0x";
				CLANG_ENABLE_OBJC_ARC = YES;
				CLANG_WARN__DUPLICATE_METHOD_MATCH = YES;
				"CODE_SIGN_IDENTITY[sdk=iphoneos*]" = "iPhone Developer";
				COPY_PHASE_STRIP = YES;
				GCC_PRECOMPILE_PREFIX_HEADER = YES;
				GCC_PREFIX_HEADER = "Examples/RenderLoop/SupportingFiles/RenderLoop-Prefix.pch";
				GCC_VERSION = com.apple.compilers.llvm.clang.1_0;
				GCC_WARN_UNINITIALIZED_AUTOS = YES;
				INFOPLIST_FILE = "Examples/RenderLoop/SupportingFiles/RenderLoop-Info.plist";
				IPHONEOS_DEPLOYMENT_TARGET = 5.1;
				OTHER_LDFLAGS = (
					"-framework",
					SparkEngine,
				);
				PRODUCT_NAME = "$(TARGET_NAME)";
				TARGETED_DEVICE_FAMILY = "1,2";
				VALIDATE_PRODUCT = YES;
				WRAPPER_EXTENSION = app;
			};
			name = Release;
		};
		B2D163E815B734ED009FC1A3 /* Debug */ = {
			isa = XCBuildConfiguration;
			buildSettings = {
				ALWAYS_SEARCH_USER_PATHS = NO;
				CLANG_ENABLE_OBJC_ARC = YES;
				CLANG_WARN_OBJCPP_ARC_ABI = YES;
				"CODE_SIGN_IDENTITY[sdk=iphoneos*]" = "iPhone Developer";
				COPY_PHASE_STRIP = NO;
				GCC_DYNAMIC_NO_PIC = NO;
				GCC_PRECOMPILE_PREFIX_HEADER = YES;
				GCC_PREFIX_HEADER = "Examples/AR/SupportingFiles/AR-Prefix.pch";
				GCC_PREPROCESSOR_DEFINITIONS = (
					"DEBUG=1",
					"$(inherited)",
				);
				GCC_SYMBOLS_PRIVATE_EXTERN = NO;
				GCC_VERSION = com.apple.compilers.llvm.clang.1_0;
				GCC_WARN_UNINITIALIZED_AUTOS = YES;
				HEADER_SEARCH_PATHS = Examples/AR/Dependencies/include;
				INFOPLIST_FILE = "Examples/AR/SupportingFiles/AR-Info.plist";
				IPHONEOS_DEPLOYMENT_TARGET = 5.1;
				LIBRARY_SEARCH_PATHS = (
					"$(inherited)",
					"\"$(SRCROOT)/Examples/AR/Dependencies/lib/arm\"",
				);
				OTHER_LDFLAGS = (
					"-framework",
					SparkEngine,
				);
				PRODUCT_NAME = "$(TARGET_NAME)";
				TARGETED_DEVICE_FAMILY = "1,2";
				USER_HEADER_SEARCH_PATHS = Examples/AR/Dependencies/include;
				WRAPPER_EXTENSION = app;
			};
			name = Debug;
		};
		B2D163E915B734ED009FC1A3 /* Release */ = {
			isa = XCBuildConfiguration;
			buildSettings = {
				ALWAYS_SEARCH_USER_PATHS = NO;
				CLANG_ENABLE_OBJC_ARC = YES;
				CLANG_WARN_OBJCPP_ARC_ABI = YES;
				"CODE_SIGN_IDENTITY[sdk=iphoneos*]" = "iPhone Developer";
				COPY_PHASE_STRIP = YES;
				GCC_PRECOMPILE_PREFIX_HEADER = YES;
				GCC_PREFIX_HEADER = "Examples/AR/SupportingFiles/AR-Prefix.pch";
				GCC_VERSION = com.apple.compilers.llvm.clang.1_0;
				GCC_WARN_UNINITIALIZED_AUTOS = YES;
				HEADER_SEARCH_PATHS = Examples/AR/Dependencies/include;
				INFOPLIST_FILE = "Examples/AR/SupportingFiles/AR-Info.plist";
				IPHONEOS_DEPLOYMENT_TARGET = 5.1;
				LIBRARY_SEARCH_PATHS = (
					"$(inherited)",
					"\"$(SRCROOT)/Examples/AR/Dependencies/lib/arm\"",
				);
				OTHER_LDFLAGS = (
					"-framework",
					SparkEngine,
				);
				PRODUCT_NAME = "$(TARGET_NAME)";
				TARGETED_DEVICE_FAMILY = "1,2";
				USER_HEADER_SEARCH_PATHS = Examples/AR/Dependencies/include;
				VALIDATE_PRODUCT = YES;
				WRAPPER_EXTENSION = app;
			};
			name = Release;
		};
/* End XCBuildConfiguration section */

/* Begin XCConfigurationList section */
		60119D1713198BC100146334 /* Build configuration list for PBXProject "SparkEngine" */ = {
			isa = XCConfigurationList;
			buildConfigurations = (
				60119D4713198BC100146334 /* Debug */,
				60119D4813198BC100146334 /* Release */,
			);
			defaultConfigurationIsVisible = 0;
			defaultConfigurationName = Release;
		};
		60119D4913198BC100146334 /* Build configuration list for PBXNativeTarget "Earth3D" */ = {
			isa = XCConfigurationList;
			buildConfigurations = (
				60119D4A13198BC100146334 /* Debug */,
				60119D4B13198BC100146334 /* Release */,
			);
			defaultConfigurationIsVisible = 0;
			defaultConfigurationName = Release;
		};
		B216FB6D15B0D1D5007B00A7 /* Build configuration list for PBXNativeTarget "NeHeLesson1" */ = {
			isa = XCConfigurationList;
			buildConfigurations = (
				B216FB6E15B0D1D5007B00A7 /* Debug */,
				B216FB6F15B0D1D5007B00A7 /* Release */,
			);
			defaultConfigurationIsVisible = 0;
			defaultConfigurationName = Release;
		};
		B22EB70015C1FBED002B6A96 /* Build configuration list for PBXNativeTarget "SparkEngine" */ = {
			isa = XCConfigurationList;
			buildConfigurations = (
				B22EB70115C1FBED002B6A96 /* Debug */,
				B22EB70215C1FBED002B6A96 /* Release */,
			);
			defaultConfigurationIsVisible = 0;
			defaultConfigurationName = Release;
		};
		B2C76F2A15C9C17000DEC0F4 /* Build configuration list for PBXNativeTarget "RenderLoop" */ = {
			isa = XCConfigurationList;
			buildConfigurations = (
				B2C76F2B15C9C17000DEC0F4 /* Debug */,
				B2C76F2C15C9C17000DEC0F4 /* Release */,
			);
			defaultConfigurationIsVisible = 0;
			defaultConfigurationName = Release;
		};
		B2D163E715B734ED009FC1A3 /* Build configuration list for PBXNativeTarget "AR" */ = {
			isa = XCConfigurationList;
			buildConfigurations = (
				B2D163E815B734ED009FC1A3 /* Debug */,
				B2D163E915B734ED009FC1A3 /* Release */,
			);
			defaultConfigurationIsVisible = 0;
			defaultConfigurationName = Release;
		};
/* End XCConfigurationList section */
	};
	rootObject = 60119D1413198BC100146334 /* Project object */;
}
