// !$*UTF8*$!
{
	archiveVersion = 1;
	classes = {
	};
	objectVersion = 46;
	objects = {

/* Begin PBXBuildFile section */
		60119D2213198BC100146334 /* UIKit.framework in Frameworks */ = {isa = PBXBuildFile; fileRef = 60119D2113198BC100146334 /* UIKit.framework */; };
		60119D2413198BC100146334 /* Foundation.framework in Frameworks */ = {isa = PBXBuildFile; fileRef = 60119D2313198BC100146334 /* Foundation.framework */; };
		60119D2613198BC100146334 /* CoreGraphics.framework in Frameworks */ = {isa = PBXBuildFile; fileRef = 60119D2513198BC100146334 /* CoreGraphics.framework */; };
		60119D2813198BC100146334 /* QuartzCore.framework in Frameworks */ = {isa = PBXBuildFile; fileRef = 60119D2713198BC100146334 /* QuartzCore.framework */; };
		60119D2A13198BC100146334 /* OpenGLES.framework in Frameworks */ = {isa = PBXBuildFile; fileRef = 60119D2913198BC100146334 /* OpenGLES.framework */; };
		B26EA37C1586B523000EB015 /* SERendererOld.m in Sources */ = {isa = PBXBuildFile; fileRef = B26EA37B1586B523000EB015 /* SERendererOld.m */; };
		B26EA38315890CCF000EB015 /* GLKit.framework in Frameworks */ = {isa = PBXBuildFile; fileRef = B26EA38215890CCF000EB015 /* GLKit.framework */; };
		B286F887159E744A0052AC50 /* SECamera.m in Sources */ = {isa = PBXBuildFile; fileRef = B286F872159E744A0052AC50 /* SECamera.m */; };
		B286F888159E744A0052AC50 /* SEMesh.m in Sources */ = {isa = PBXBuildFile; fileRef = B286F874159E744A0052AC50 /* SEMesh.m */; };
		B286F889159E744A0052AC50 /* SEObject3D.m in Sources */ = {isa = PBXBuildFile; fileRef = B286F876159E744A0052AC50 /* SEObject3D.m */; };
		B286F88A159E744A0052AC50 /* SEPerspectiveCamera.m in Sources */ = {isa = PBXBuildFile; fileRef = B286F878159E744A0052AC50 /* SEPerspectiveCamera.m */; };
		B286F88B159E744A0052AC50 /* SERenderer.m in Sources */ = {isa = PBXBuildFile; fileRef = B286F87A159E744A0052AC50 /* SERenderer.m */; };
		B286F88C159E744A0052AC50 /* SEScene.m in Sources */ = {isa = PBXBuildFile; fileRef = B286F87C159E744A0052AC50 /* SEScene.m */; };
		B286F88D159E744A0052AC50 /* SEShader.m in Sources */ = {isa = PBXBuildFile; fileRef = B286F87E159E744A0052AC50 /* SEShader.m */; };
		B286F88E159E744A0052AC50 /* SEShaderVariable.m in Sources */ = {isa = PBXBuildFile; fileRef = B286F880159E744A0052AC50 /* SEShaderVariable.m */; };
		B286F88F159E744A0052AC50 /* SETexture.m in Sources */ = {isa = PBXBuildFile; fileRef = B286F882159E744A0052AC50 /* SETexture.m */; };
		B286F890159E744A0052AC50 /* SESphere.m in Sources */ = {isa = PBXBuildFile; fileRef = B286F886159E744A0052AC50 /* SESphere.m */; };
		B2BD9D3015952B950028F9E9 /* mars.jpg in Resources */ = {isa = PBXBuildFile; fileRef = B2BD9D2F15952B950028F9E9 /* mars.jpg */; };
		B2BD9D3C1598D3E50028F9E9 /* blueMarble.jpg in Resources */ = {isa = PBXBuildFile; fileRef = B2BD9D3B1598D3E50028F9E9 /* blueMarble.jpg */; };
		B2D48768158325CB0051053F /* SEBubbleView.m in Sources */ = {isa = PBXBuildFile; fileRef = B2D48762158325CB0051053F /* SEBubbleView.m */; };
		B2D48769158325CB0051053F /* main.m in Sources */ = {isa = PBXBuildFile; fileRef = B2D48763158325CB0051053F /* main.m */; };
		B2D4876E158326280051053F /* SparkEngine-Info.plist in Resources */ = {isa = PBXBuildFile; fileRef = B2D4876C158326280051053F /* SparkEngine-Info.plist */; };
		B2F29B47158A85B800837A72 /* CoreMotion.framework in Frameworks */ = {isa = PBXBuildFile; fileRef = B2F29B46158A85B800837A72 /* CoreMotion.framework */; };
/* End PBXBuildFile section */

/* Begin PBXFileReference section */
		60119D1D13198BC100146334 /* SparkEngine.app */ = {isa = PBXFileReference; explicitFileType = wrapper.application; includeInIndex = 0; path = SparkEngine.app; sourceTree = BUILT_PRODUCTS_DIR; };
		60119D2113198BC100146334 /* UIKit.framework */ = {isa = PBXFileReference; lastKnownFileType = wrapper.framework; name = UIKit.framework; path = System/Library/Frameworks/UIKit.framework; sourceTree = SDKROOT; };
		60119D2313198BC100146334 /* Foundation.framework */ = {isa = PBXFileReference; lastKnownFileType = wrapper.framework; name = Foundation.framework; path = System/Library/Frameworks/Foundation.framework; sourceTree = SDKROOT; };
		60119D2513198BC100146334 /* CoreGraphics.framework */ = {isa = PBXFileReference; lastKnownFileType = wrapper.framework; name = CoreGraphics.framework; path = System/Library/Frameworks/CoreGraphics.framework; sourceTree = SDKROOT; };
		60119D2713198BC100146334 /* QuartzCore.framework */ = {isa = PBXFileReference; lastKnownFileType = wrapper.framework; name = QuartzCore.framework; path = System/Library/Frameworks/QuartzCore.framework; sourceTree = SDKROOT; };
		60119D2913198BC100146334 /* OpenGLES.framework */ = {isa = PBXFileReference; lastKnownFileType = wrapper.framework; name = OpenGLES.framework; path = System/Library/Frameworks/OpenGLES.framework; sourceTree = SDKROOT; };
		B26EA37A1586B523000EB015 /* SERendererOld.h */ = {isa = PBXFileReference; fileEncoding = 4; lastKnownFileType = sourcecode.c.h; path = SERendererOld.h; sourceTree = "<group>"; };
		B26EA37B1586B523000EB015 /* SERendererOld.m */ = {isa = PBXFileReference; fileEncoding = 4; lastKnownFileType = sourcecode.c.objc; path = SERendererOld.m; sourceTree = "<group>"; };
		B26EA38215890CCF000EB015 /* GLKit.framework */ = {isa = PBXFileReference; lastKnownFileType = wrapper.framework; name = GLKit.framework; path = System/Library/Frameworks/GLKit.framework; sourceTree = SDKROOT; };
		B286F871159E744A0052AC50 /* SECamera.h */ = {isa = PBXFileReference; fileEncoding = 4; lastKnownFileType = sourcecode.c.h; path = SECamera.h; sourceTree = "<group>"; };
		B286F872159E744A0052AC50 /* SECamera.m */ = {isa = PBXFileReference; fileEncoding = 4; lastKnownFileType = sourcecode.c.objc; path = SECamera.m; sourceTree = "<group>"; };
		B286F873159E744A0052AC50 /* SEMesh.h */ = {isa = PBXFileReference; fileEncoding = 4; lastKnownFileType = sourcecode.c.h; path = SEMesh.h; sourceTree = "<group>"; };
		B286F874159E744A0052AC50 /* SEMesh.m */ = {isa = PBXFileReference; fileEncoding = 4; lastKnownFileType = sourcecode.c.objc; path = SEMesh.m; sourceTree = "<group>"; };
		B286F875159E744A0052AC50 /* SEObject3D.h */ = {isa = PBXFileReference; fileEncoding = 4; lastKnownFileType = sourcecode.c.h; path = SEObject3D.h; sourceTree = "<group>"; };
		B286F876159E744A0052AC50 /* SEObject3D.m */ = {isa = PBXFileReference; fileEncoding = 4; lastKnownFileType = sourcecode.c.objc; path = SEObject3D.m; sourceTree = "<group>"; };
		B286F877159E744A0052AC50 /* SEPerspectiveCamera.h */ = {isa = PBXFileReference; fileEncoding = 4; lastKnownFileType = sourcecode.c.h; path = SEPerspectiveCamera.h; sourceTree = "<group>"; };
		B286F878159E744A0052AC50 /* SEPerspectiveCamera.m */ = {isa = PBXFileReference; fileEncoding = 4; lastKnownFileType = sourcecode.c.objc; path = SEPerspectiveCamera.m; sourceTree = "<group>"; };
		B286F879159E744A0052AC50 /* SERenderer.h */ = {isa = PBXFileReference; fileEncoding = 4; lastKnownFileType = sourcecode.c.h; path = SERenderer.h; sourceTree = "<group>"; };
		B286F87A159E744A0052AC50 /* SERenderer.m */ = {isa = PBXFileReference; fileEncoding = 4; lastKnownFileType = sourcecode.c.objc; path = SERenderer.m; sourceTree = "<group>"; };
		B286F87B159E744A0052AC50 /* SEScene.h */ = {isa = PBXFileReference; fileEncoding = 4; lastKnownFileType = sourcecode.c.h; path = SEScene.h; sourceTree = "<group>"; };
		B286F87C159E744A0052AC50 /* SEScene.m */ = {isa = PBXFileReference; fileEncoding = 4; lastKnownFileType = sourcecode.c.objc; path = SEScene.m; sourceTree = "<group>"; };
		B286F87D159E744A0052AC50 /* SEShader.h */ = {isa = PBXFileReference; fileEncoding = 4; lastKnownFileType = sourcecode.c.h; path = SEShader.h; sourceTree = "<group>"; };
		B286F87E159E744A0052AC50 /* SEShader.m */ = {isa = PBXFileReference; fileEncoding = 4; lastKnownFileType = sourcecode.c.objc; path = SEShader.m; sourceTree = "<group>"; };
		B286F87F159E744A0052AC50 /* SEShaderVariable.h */ = {isa = PBXFileReference; fileEncoding = 4; lastKnownFileType = sourcecode.c.h; path = SEShaderVariable.h; sourceTree = "<group>"; };
		B286F880159E744A0052AC50 /* SEShaderVariable.m */ = {isa = PBXFileReference; fileEncoding = 4; lastKnownFileType = sourcecode.c.objc; path = SEShaderVariable.m; sourceTree = "<group>"; };
		B286F881159E744A0052AC50 /* SETexture.h */ = {isa = PBXFileReference; fileEncoding = 4; lastKnownFileType = sourcecode.c.h; path = SETexture.h; sourceTree = "<group>"; };
		B286F882159E744A0052AC50 /* SETexture.m */ = {isa = PBXFileReference; fileEncoding = 4; lastKnownFileType = sourcecode.c.objc; path = SETexture.m; sourceTree = "<group>"; };
		B286F883159E744A0052AC50 /* SEGeometryData.h */ = {isa = PBXFileReference; fileEncoding = 4; lastKnownFileType = sourcecode.c.h; path = SEGeometryData.h; sourceTree = "<group>"; };
		B286F885159E744A0052AC50 /* SESphere.h */ = {isa = PBXFileReference; fileEncoding = 4; lastKnownFileType = sourcecode.c.h; path = SESphere.h; sourceTree = "<group>"; };
		B286F886159E744A0052AC50 /* SESphere.m */ = {isa = PBXFileReference; fileEncoding = 4; lastKnownFileType = sourcecode.c.objc; path = SESphere.m; sourceTree = "<group>"; };
		B2BD9D2F15952B950028F9E9 /* mars.jpg */ = {isa = PBXFileReference; lastKnownFileType = image.jpeg; path = mars.jpg; sourceTree = "<group>"; };
		B2BD9D3B1598D3E50028F9E9 /* blueMarble.jpg */ = {isa = PBXFileReference; lastKnownFileType = image.jpeg; path = blueMarble.jpg; sourceTree = "<group>"; };
		B2D48761158325CB0051053F /* SEBubbleView.h */ = {isa = PBXFileReference; fileEncoding = 4; lastKnownFileType = sourcecode.c.h; path = SEBubbleView.h; sourceTree = "<group>"; };
		B2D48762158325CB0051053F /* SEBubbleView.m */ = {isa = PBXFileReference; fileEncoding = 4; lastKnownFileType = sourcecode.c.objc; path = SEBubbleView.m; sourceTree = "<group>"; };
		B2D48763158325CB0051053F /* main.m */ = {isa = PBXFileReference; fileEncoding = 4; lastKnownFileType = sourcecode.c.objc; path = main.m; sourceTree = "<group>"; };
		B2D4876C158326280051053F /* SparkEngine-Info.plist */ = {isa = PBXFileReference; fileEncoding = 4; lastKnownFileType = text.plist.xml; path = "SparkEngine-Info.plist"; sourceTree = "<group>"; };
		B2D4876D158326280051053F /* SparkEngine-Prefix.pch */ = {isa = PBXFileReference; fileEncoding = 4; lastKnownFileType = sourcecode.c.h; path = "SparkEngine-Prefix.pch"; sourceTree = "<group>"; };
		B2F29B46158A85B800837A72 /* CoreMotion.framework */ = {isa = PBXFileReference; lastKnownFileType = wrapper.framework; name = CoreMotion.framework; path = System/Library/Frameworks/CoreMotion.framework; sourceTree = SDKROOT; };
/* End PBXFileReference section */

/* Begin PBXFrameworksBuildPhase section */
		60119D1A13198BC100146334 /* Frameworks */ = {
			isa = PBXFrameworksBuildPhase;
			buildActionMask = 2147483647;
			files = (
				B2F29B47158A85B800837A72 /* CoreMotion.framework in Frameworks */,
				B26EA38315890CCF000EB015 /* GLKit.framework in Frameworks */,
				60119D2213198BC100146334 /* UIKit.framework in Frameworks */,
				60119D2413198BC100146334 /* Foundation.framework in Frameworks */,
				60119D2613198BC100146334 /* CoreGraphics.framework in Frameworks */,
				60119D2813198BC100146334 /* QuartzCore.framework in Frameworks */,
				60119D2A13198BC100146334 /* OpenGLES.framework in Frameworks */,
			);
			runOnlyForDeploymentPostprocessing = 0;
		};
/* End PBXFrameworksBuildPhase section */

/* Begin PBXGroup section */
		60119D1213198BC100146334 = {
			isa = PBXGroup;
			children = (
				B2D4876B158326280051053F /* SupportingFiles */,
				B2D4875F158325CB0051053F /* Source */,
				60119DA41319938100146334 /* Resources */,
				60119D2013198BC100146334 /* Frameworks */,
				60119D1E13198BC100146334 /* Products */,
			);
			sourceTree = "<group>";
		};
		60119D1E13198BC100146334 /* Products */ = {
			isa = PBXGroup;
			children = (
				60119D1D13198BC100146334 /* SparkEngine.app */,
			);
			name = Products;
			sourceTree = "<group>";
		};
		60119D2013198BC100146334 /* Frameworks */ = {
			isa = PBXGroup;
			children = (
				B2F29B46158A85B800837A72 /* CoreMotion.framework */,
				B26EA38215890CCF000EB015 /* GLKit.framework */,
				60119D2113198BC100146334 /* UIKit.framework */,
				60119D2313198BC100146334 /* Foundation.framework */,
				60119D2513198BC100146334 /* CoreGraphics.framework */,
				60119D2713198BC100146334 /* QuartzCore.framework */,
				60119D2913198BC100146334 /* OpenGLES.framework */,
			);
			name = Frameworks;
			sourceTree = "<group>";
		};
		60119DA41319938100146334 /* Resources */ = {
			isa = PBXGroup;
			children = (
				B2BD9D3B1598D3E50028F9E9 /* blueMarble.jpg */,
				B2BD9D2F15952B950028F9E9 /* mars.jpg */,
			);
			path = Resources;
			sourceTree = "<group>";
		};
		B286F86A159E72EB0052AC50 /* Loaders */ = {
			isa = PBXGroup;
			children = (
			);
			path = Loaders;
			sourceTree = "<group>";
		};
		B286F870159E744A0052AC50 /* Core */ = {
			isa = PBXGroup;
			children = (
				B286F871159E744A0052AC50 /* SECamera.h */,
				B286F872159E744A0052AC50 /* SECamera.m */,
				B286F873159E744A0052AC50 /* SEMesh.h */,
				B286F874159E744A0052AC50 /* SEMesh.m */,
				B286F875159E744A0052AC50 /* SEObject3D.h */,
				B286F876159E744A0052AC50 /* SEObject3D.m */,
				B286F877159E744A0052AC50 /* SEPerspectiveCamera.h */,
				B286F878159E744A0052AC50 /* SEPerspectiveCamera.m */,
				B286F879159E744A0052AC50 /* SERenderer.h */,
				B286F87A159E744A0052AC50 /* SERenderer.m */,
				B286F87B159E744A0052AC50 /* SEScene.h */,
				B286F87C159E744A0052AC50 /* SEScene.m */,
				B286F87D159E744A0052AC50 /* SEShader.h */,
				B286F87E159E744A0052AC50 /* SEShader.m */,
				B286F87F159E744A0052AC50 /* SEShaderVariable.h */,
				B286F880159E744A0052AC50 /* SEShaderVariable.m */,
				B286F881159E744A0052AC50 /* SETexture.h */,
				B286F882159E744A0052AC50 /* SETexture.m */,
				B286F883159E744A0052AC50 /* SEGeometryData.h */,
			);
			path = Core;
			sourceTree = "<group>";
		};
		B286F884159E744A0052AC50 /* Shapes */ = {
			isa = PBXGroup;
			children = (
				B286F885159E744A0052AC50 /* SESphere.h */,
				B286F886159E744A0052AC50 /* SESphere.m */,
			);
			path = Shapes;
			sourceTree = "<group>";
		};
		B2D4875F158325CB0051053F /* Source */ = {
			isa = PBXGroup;
			children = (
				B286F870159E744A0052AC50 /* Core */,
				B286F884159E744A0052AC50 /* Shapes */,
				B286F86A159E72EB0052AC50 /* Loaders */,
				B2D48761158325CB0051053F /* SEBubbleView.h */,
				B2D48762158325CB0051053F /* SEBubbleView.m */,
				B2D48763158325CB0051053F /* main.m */,
				B26EA37A1586B523000EB015 /* SERendererOld.h */,
				B26EA37B1586B523000EB015 /* SERendererOld.m */,
			);
			path = Source;
			sourceTree = "<group>";
		};
		B2D4876B158326280051053F /* SupportingFiles */ = {
			isa = PBXGroup;
			children = (
				B2D4876C158326280051053F /* SparkEngine-Info.plist */,
				B2D4876D158326280051053F /* SparkEngine-Prefix.pch */,
			);
			path = SupportingFiles;
			sourceTree = SOURCE_ROOT;
		};
/* End PBXGroup section */

/* Begin PBXNativeTarget section */
		60119D1C13198BC100146334 /* SparkEngine */ = {
			isa = PBXNativeTarget;
			buildConfigurationList = 60119D4913198BC100146334 /* Build configuration list for PBXNativeTarget "SparkEngine" */;
			buildPhases = (
				60119D1913198BC100146334 /* Sources */,
				60119D1A13198BC100146334 /* Frameworks */,
				60119D1B13198BC100146334 /* Resources */,
			);
			buildRules = (
			);
			dependencies = (
			);
			name = SparkEngine;
			productName = CubeExample;
			productReference = 60119D1D13198BC100146334 /* SparkEngine.app */;
			productType = "com.apple.product-type.application";
		};
/* End PBXNativeTarget section */

/* Begin PBXProject section */
		60119D1413198BC100146334 /* Project object */ = {
			isa = PBXProject;
			attributes = {
				LastUpgradeCheck = 0430;
				ORGANIZATIONNAME = "";
			};
			buildConfigurationList = 60119D1713198BC100146334 /* Build configuration list for PBXProject "SparkEngine" */;
			compatibilityVersion = "Xcode 3.2";
			developmentRegion = English;
			hasScannedForEncodings = 0;
			knownRegions = (
				en,
			);
			mainGroup = 60119D1213198BC100146334;
			productRefGroup = 60119D1E13198BC100146334 /* Products */;
			projectDirPath = "";
			projectRoot = "";
			targets = (
				60119D1C13198BC100146334 /* SparkEngine */,
			);
		};
/* End PBXProject section */

/* Begin PBXResourcesBuildPhase section */
		60119D1B13198BC100146334 /* Resources */ = {
			isa = PBXResourcesBuildPhase;
			buildActionMask = 2147483647;
			files = (
				B2BD9D3C1598D3E50028F9E9 /* blueMarble.jpg in Resources */,
				B2D4876E158326280051053F /* SparkEngine-Info.plist in Resources */,
				B2BD9D3015952B950028F9E9 /* mars.jpg in Resources */,
			);
			runOnlyForDeploymentPostprocessing = 0;
		};
/* End PBXResourcesBuildPhase section */

/* Begin PBXSourcesBuildPhase section */
		60119D1913198BC100146334 /* Sources */ = {
			isa = PBXSourcesBuildPhase;
			buildActionMask = 2147483647;
			files = (
				B2D48768158325CB0051053F /* SEBubbleView.m in Sources */,
				B2D48769158325CB0051053F /* main.m in Sources */,
				B26EA37C1586B523000EB015 /* SERendererOld.m in Sources */,
				B286F887159E744A0052AC50 /* SECamera.m in Sources */,
				B286F888159E744A0052AC50 /* SEMesh.m in Sources */,
				B286F889159E744A0052AC50 /* SEObject3D.m in Sources */,
				B286F88A159E744A0052AC50 /* SEPerspectiveCamera.m in Sources */,
				B286F88B159E744A0052AC50 /* SERenderer.m in Sources */,
				B286F88C159E744A0052AC50 /* SEScene.m in Sources */,
				B286F88D159E744A0052AC50 /* SEShader.m in Sources */,
				B286F88E159E744A0052AC50 /* SEShaderVariable.m in Sources */,
				B286F88F159E744A0052AC50 /* SETexture.m in Sources */,
				B286F890159E744A0052AC50 /* SESphere.m in Sources */,
			);
			runOnlyForDeploymentPostprocessing = 0;
		};
/* End PBXSourcesBuildPhase section */

/* Begin XCBuildConfiguration section */
		60119D4713198BC100146334 /* Debug */ = {
			isa = XCBuildConfiguration;
			buildSettings = {
				ARCHS = "$(ARCHS_STANDARD_32_BIT)";
				"CODE_SIGN_IDENTITY[sdk=iphoneos*]" = "iPhone Developer";
				GCC_C_LANGUAGE_STANDARD = gnu99;
				GCC_OPTIMIZATION_LEVEL = 0;
				GCC_PREPROCESSOR_DEFINITIONS = DEBUG;
				GCC_VERSION = com.apple.compilers.llvmgcc42;
				GCC_WARN_ABOUT_RETURN_TYPE = YES;
				GCC_WARN_UNUSED_VARIABLE = YES;
				IPHONEOS_DEPLOYMENT_TARGET = 4.2;
				SDKROOT = iphoneos;
			};
			name = Debug;
		};
		60119D4813198BC100146334 /* Release */ = {
			isa = XCBuildConfiguration;
			buildSettings = {
				ARCHS = "$(ARCHS_STANDARD_32_BIT)";
				"CODE_SIGN_IDENTITY[sdk=iphoneos*]" = "iPhone Developer";
				GCC_C_LANGUAGE_STANDARD = gnu99;
				GCC_VERSION = com.apple.compilers.llvmgcc42;
				GCC_WARN_ABOUT_RETURN_TYPE = YES;
				GCC_WARN_UNUSED_VARIABLE = YES;
				IPHONEOS_DEPLOYMENT_TARGET = 4.2;
				OTHER_CFLAGS = "-DNS_BLOCK_ASSERTIONS=1";
				SDKROOT = iphoneos;
			};
			name = Release;
		};
		60119D4A13198BC100146334 /* Debug */ = {
			isa = XCBuildConfiguration;
			buildSettings = {
				ALWAYS_SEARCH_USER_PATHS = NO;
				CLANG_ENABLE_OBJC_ARC = YES;
				COPY_PHASE_STRIP = NO;
				GCC_DYNAMIC_NO_PIC = NO;
				GCC_PRECOMPILE_PREFIX_HEADER = YES;
				GCC_PREFIX_HEADER = "SupportingFiles/SparkEngine-Prefix.pch";
				"GCC_THUMB_SUPPORT[arch=armv6]" = "";
				GCC_VERSION = com.apple.compilers.llvm.clang.1_0;
				HEADER_SEARCH_PATHS = "";
				INFOPLIST_FILE = "SupportingFiles/SparkEngine-Info.plist";
				INSTALL_PATH = "$(LOCAL_APPS_DIR)";
				IPHONEOS_DEPLOYMENT_TARGET = 5.1;
				LIBRARY_SEARCH_PATHS = "";
				PRODUCT_NAME = SparkEngine;
				TARGETED_DEVICE_FAMILY = "1,2";
				WRAPPER_EXTENSION = app;
			};
			name = Debug;
		};
		60119D4B13198BC100146334 /* Release */ = {
			isa = XCBuildConfiguration;
			buildSettings = {
				ALWAYS_SEARCH_USER_PATHS = NO;
				CLANG_ENABLE_OBJC_ARC = YES;
				COPY_PHASE_STRIP = YES;
				GCC_PRECOMPILE_PREFIX_HEADER = YES;
				GCC_PREFIX_HEADER = "SupportingFiles/SparkEngine-Prefix.pch";
				"GCC_THUMB_SUPPORT[arch=armv6]" = "";
				GCC_VERSION = com.apple.compilers.llvm.clang.1_0;
				HEADER_SEARCH_PATHS = "";
				INFOPLIST_FILE = "SupportingFiles/SparkEngine-Info.plist";
				INSTALL_PATH = "$(LOCAL_APPS_DIR)";
				IPHONEOS_DEPLOYMENT_TARGET = 5.1;
				LIBRARY_SEARCH_PATHS = "";
				PRODUCT_NAME = SparkEngine;
				TARGETED_DEVICE_FAMILY = "1,2";
				VALIDATE_PRODUCT = YES;
				WRAPPER_EXTENSION = app;
			};
			name = Release;
		};
/* End XCBuildConfiguration section */

/* Begin XCConfigurationList section */
		60119D1713198BC100146334 /* Build configuration list for PBXProject "SparkEngine" */ = {
			isa = XCConfigurationList;
			buildConfigurations = (
				60119D4713198BC100146334 /* Debug */,
				60119D4813198BC100146334 /* Release */,
			);
			defaultConfigurationIsVisible = 0;
			defaultConfigurationName = Release;
		};
		60119D4913198BC100146334 /* Build configuration list for PBXNativeTarget "SparkEngine" */ = {
			isa = XCConfigurationList;
			buildConfigurations = (
				60119D4A13198BC100146334 /* Debug */,
				60119D4B13198BC100146334 /* Release */,
			);
			defaultConfigurationIsVisible = 0;
			defaultConfigurationName = Release;
		};
/* End XCConfigurationList section */
	};
	rootObject = 60119D1413198BC100146334 /* Project object */;
}
