// !$*UTF8*$!
{
	archiveVersion = 1;
	classes = {
	};
	objectVersion = 46;
	objects = {

/* Begin PBXBuildFile section */
		60119D2213198BC100146334 /* UIKit.framework in Frameworks */ = {isa = PBXBuildFile; fileRef = 60119D2113198BC100146334 /* UIKit.framework */; };
		60119D2413198BC100146334 /* Foundation.framework in Frameworks */ = {isa = PBXBuildFile; fileRef = 60119D2313198BC100146334 /* Foundation.framework */; };
		60119D2613198BC100146334 /* CoreGraphics.framework in Frameworks */ = {isa = PBXBuildFile; fileRef = 60119D2513198BC100146334 /* CoreGraphics.framework */; };
		60119D2813198BC100146334 /* QuartzCore.framework in Frameworks */ = {isa = PBXBuildFile; fileRef = 60119D2713198BC100146334 /* QuartzCore.framework */; };
		60119D2A13198BC100146334 /* OpenGLES.framework in Frameworks */ = {isa = PBXBuildFile; fileRef = 60119D2913198BC100146334 /* OpenGLES.framework */; };
		B216FB0215B0CB14007B00A7 /* main.m in Sources */ = {isa = PBXBuildFile; fileRef = B216FAFA15B0CB14007B00A7 /* main.m */; };
		B216FB0315B0CB14007B00A7 /* EarthView.m in Sources */ = {isa = PBXBuildFile; fileRef = B216FAFC15B0CB14007B00A7 /* EarthView.m */; };
		B216FB0515B0CB14007B00A7 /* Earth3D-Info.plist in Resources */ = {isa = PBXBuildFile; fileRef = B216FB0015B0CB14007B00A7 /* Earth3D-Info.plist */; };
		B216FB4B15B0D1A7007B00A7 /* NeHeLesson1-Info.plist in Resources */ = {isa = PBXBuildFile; fileRef = B216FB4615B0D1A7007B00A7 /* NeHeLesson1-Info.plist */; };
		B216FB5D15B0D1D5007B00A7 /* main.m in Sources */ = {isa = PBXBuildFile; fileRef = B216FB4015B0D1A7007B00A7 /* main.m */; };
		B216FB6115B0D1D5007B00A7 /* CoreMotion.framework in Frameworks */ = {isa = PBXBuildFile; fileRef = B2F29B46158A85B800837A72 /* CoreMotion.framework */; };
		B216FB6215B0D1D5007B00A7 /* GLKit.framework in Frameworks */ = {isa = PBXBuildFile; fileRef = B26EA38215890CCF000EB015 /* GLKit.framework */; };
		B216FB6315B0D1D5007B00A7 /* UIKit.framework in Frameworks */ = {isa = PBXBuildFile; fileRef = 60119D2113198BC100146334 /* UIKit.framework */; };
		B216FB6415B0D1D5007B00A7 /* Foundation.framework in Frameworks */ = {isa = PBXBuildFile; fileRef = 60119D2313198BC100146334 /* Foundation.framework */; };
		B216FB6515B0D1D5007B00A7 /* CoreGraphics.framework in Frameworks */ = {isa = PBXBuildFile; fileRef = 60119D2513198BC100146334 /* CoreGraphics.framework */; };
		B216FB6615B0D1D5007B00A7 /* QuartzCore.framework in Frameworks */ = {isa = PBXBuildFile; fileRef = 60119D2713198BC100146334 /* QuartzCore.framework */; };
		B216FB6715B0D1D5007B00A7 /* OpenGLES.framework in Frameworks */ = {isa = PBXBuildFile; fileRef = 60119D2913198BC100146334 /* OpenGLES.framework */; };
		B216FB6915B0D1D5007B00A7 /* blueMarble.jpg in Resources */ = {isa = PBXBuildFile; fileRef = B2BD9D3B1598D3E50028F9E9 /* blueMarble.jpg */; };
		B216FB6A15B0D1D5007B00A7 /* mars.jpg in Resources */ = {isa = PBXBuildFile; fileRef = B2BD9D2F15952B950028F9E9 /* mars.jpg */; };
		B216FB6B15B0D1D5007B00A7 /* Earth3D-Info.plist in Resources */ = {isa = PBXBuildFile; fileRef = B216FB0015B0CB14007B00A7 /* Earth3D-Info.plist */; };
		B216FB6C15B0D1D5007B00A7 /* NeHeLesson1-Info.plist in Resources */ = {isa = PBXBuildFile; fileRef = B216FB4615B0D1A7007B00A7 /* NeHeLesson1-Info.plist */; };
		B216FB7715B0D3F6007B00A7 /* PolygonView.m in Sources */ = {isa = PBXBuildFile; fileRef = B216FB7415B0D382007B00A7 /* PolygonView.m */; };
		B216FB9515B0D769007B00A7 /* SECamera.m in Sources */ = {isa = PBXBuildFile; fileRef = B216FB7B15B0D769007B00A7 /* SECamera.m */; };
		B216FB9615B0D769007B00A7 /* SEGeometry.m in Sources */ = {isa = PBXBuildFile; fileRef = B216FB7D15B0D769007B00A7 /* SEGeometry.m */; };
		B216FB9715B0D769007B00A7 /* SEMesh.m in Sources */ = {isa = PBXBuildFile; fileRef = B216FB7F15B0D769007B00A7 /* SEMesh.m */; };
		B216FB9815B0D769007B00A7 /* SEObject3D.m in Sources */ = {isa = PBXBuildFile; fileRef = B216FB8115B0D769007B00A7 /* SEObject3D.m */; };
		B216FB9915B0D769007B00A7 /* SEPerspectiveCamera.m in Sources */ = {isa = PBXBuildFile; fileRef = B216FB8315B0D769007B00A7 /* SEPerspectiveCamera.m */; };
		B216FB9A15B0D769007B00A7 /* SERenderer.m in Sources */ = {isa = PBXBuildFile; fileRef = B216FB8515B0D769007B00A7 /* SERenderer.m */; };
		B216FB9B15B0D769007B00A7 /* SEScene.m in Sources */ = {isa = PBXBuildFile; fileRef = B216FB8715B0D769007B00A7 /* SEScene.m */; };
		B216FB9C15B0D769007B00A7 /* SEShader.m in Sources */ = {isa = PBXBuildFile; fileRef = B216FB8915B0D769007B00A7 /* SEShader.m */; };
		B216FB9D15B0D769007B00A7 /* SEShaderVariable.m in Sources */ = {isa = PBXBuildFile; fileRef = B216FB8B15B0D769007B00A7 /* SEShaderVariable.m */; };
		B216FB9E15B0D769007B00A7 /* SETexture.m in Sources */ = {isa = PBXBuildFile; fileRef = B216FB8D15B0D769007B00A7 /* SETexture.m */; };
		B216FB9F15B0D769007B00A7 /* SESphere.m in Sources */ = {isa = PBXBuildFile; fileRef = B216FB9215B0D769007B00A7 /* SESphere.m */; };
		B216FBA015B0D769007B00A7 /* SETriangle.m in Sources */ = {isa = PBXBuildFile; fileRef = B216FB9415B0D769007B00A7 /* SETriangle.m */; };
		B26EA38315890CCF000EB015 /* GLKit.framework in Frameworks */ = {isa = PBXBuildFile; fileRef = B26EA38215890CCF000EB015 /* GLKit.framework */; };
		B29FDA3815B7B7D800D337BA /* SEViewController.m in Sources */ = {isa = PBXBuildFile; fileRef = B29FDA3715B7B7D700D337BA /* SEViewController.m */; };
		B29FDA3915B7B7D800D337BA /* SEViewController.m in Sources */ = {isa = PBXBuildFile; fileRef = B29FDA3715B7B7D700D337BA /* SEViewController.m */; };
		B29FDA3A15B7B7D800D337BA /* SEViewController.m in Sources */ = {isa = PBXBuildFile; fileRef = B29FDA3715B7B7D700D337BA /* SEViewController.m */; };
		B29FDA3E15B7BE4900D337BA /* EarthViewController.m in Sources */ = {isa = PBXBuildFile; fileRef = B29FDA3D15B7BE4900D337BA /* EarthViewController.m */; };
		B2BD9D3015952B950028F9E9 /* mars.jpg in Resources */ = {isa = PBXBuildFile; fileRef = B2BD9D2F15952B950028F9E9 /* mars.jpg */; };
		B2BD9D3C1598D3E50028F9E9 /* blueMarble.jpg in Resources */ = {isa = PBXBuildFile; fileRef = B2BD9D3B1598D3E50028F9E9 /* blueMarble.jpg */; };
		B2D1636115B5C6D7009FC1A3 /* SEMaterial.m in Sources */ = {isa = PBXBuildFile; fileRef = B2D1636015B5C6D7009FC1A3 /* SEMaterial.m */; };
		B2D1636515B5C7DA009FC1A3 /* SEShaderMaterial.m in Sources */ = {isa = PBXBuildFile; fileRef = B2D1636415B5C7D9009FC1A3 /* SEShaderMaterial.m */; };
		B2D1639B15B5CCA5009FC1A3 /* SECamera.m in Sources */ = {isa = PBXBuildFile; fileRef = B216FB7B15B0D769007B00A7 /* SECamera.m */; };
		B2D1639C15B5CCA5009FC1A3 /* SEGeometry.m in Sources */ = {isa = PBXBuildFile; fileRef = B216FB7D15B0D769007B00A7 /* SEGeometry.m */; };
		B2D1639D15B5CCA5009FC1A3 /* SEMesh.m in Sources */ = {isa = PBXBuildFile; fileRef = B216FB7F15B0D769007B00A7 /* SEMesh.m */; };
		B2D1639E15B5CCA5009FC1A3 /* SEObject3D.m in Sources */ = {isa = PBXBuildFile; fileRef = B216FB8115B0D769007B00A7 /* SEObject3D.m */; };
		B2D1639F15B5CCA5009FC1A3 /* SEPerspectiveCamera.m in Sources */ = {isa = PBXBuildFile; fileRef = B216FB8315B0D769007B00A7 /* SEPerspectiveCamera.m */; };
		B2D163A015B5CCA5009FC1A3 /* SERenderer.m in Sources */ = {isa = PBXBuildFile; fileRef = B216FB8515B0D769007B00A7 /* SERenderer.m */; };
		B2D163A115B5CCA5009FC1A3 /* SEScene.m in Sources */ = {isa = PBXBuildFile; fileRef = B216FB8715B0D769007B00A7 /* SEScene.m */; };
		B2D163A215B5CCA5009FC1A3 /* SEShader.m in Sources */ = {isa = PBXBuildFile; fileRef = B216FB8915B0D769007B00A7 /* SEShader.m */; };
		B2D163A315B5CCA5009FC1A3 /* SEShaderVariable.m in Sources */ = {isa = PBXBuildFile; fileRef = B216FB8B15B0D769007B00A7 /* SEShaderVariable.m */; };
		B2D163A415B5CCA5009FC1A3 /* SETexture.m in Sources */ = {isa = PBXBuildFile; fileRef = B216FB8D15B0D769007B00A7 /* SETexture.m */; };
		B2D163A515B5CCA5009FC1A3 /* SEMaterial.m in Sources */ = {isa = PBXBuildFile; fileRef = B2D1636015B5C6D7009FC1A3 /* SEMaterial.m */; };
		B2D163A615B5CCA5009FC1A3 /* SEShaderMaterial.m in Sources */ = {isa = PBXBuildFile; fileRef = B2D1636415B5C7D9009FC1A3 /* SEShaderMaterial.m */; };
		B2D163A715B5CCA5009FC1A3 /* SETriangle.m in Sources */ = {isa = PBXBuildFile; fileRef = B216FB9415B0D769007B00A7 /* SETriangle.m */; };
		B2D163B215B602DD009FC1A3 /* default.fsh in Resources */ = {isa = PBXBuildFile; fileRef = B2D163A915B602C8009FC1A3 /* default.fsh */; };
		B2D163B315B602DD009FC1A3 /* default.vsh in Resources */ = {isa = PBXBuildFile; fileRef = B2D163AA15B602C8009FC1A3 /* default.vsh */; };
		B2D163B515B602EC009FC1A3 /* default.fsh in Resources */ = {isa = PBXBuildFile; fileRef = B2D163A915B602C8009FC1A3 /* default.fsh */; };
		B2D163B615B602EC009FC1A3 /* default.vsh in Resources */ = {isa = PBXBuildFile; fileRef = B2D163AA15B602C8009FC1A3 /* default.vsh */; };
		B2D163B715B602EC009FC1A3 /* plainColor.fsh in Resources */ = {isa = PBXBuildFile; fileRef = B2D163AB15B602C8009FC1A3 /* plainColor.fsh */; };
		B2D163D815B734ED009FC1A3 /* UIKit.framework in Frameworks */ = {isa = PBXBuildFile; fileRef = 60119D2113198BC100146334 /* UIKit.framework */; };
		B2D163D915B734ED009FC1A3 /* Foundation.framework in Frameworks */ = {isa = PBXBuildFile; fileRef = 60119D2313198BC100146334 /* Foundation.framework */; };
		B2D163DA15B734ED009FC1A3 /* CoreGraphics.framework in Frameworks */ = {isa = PBXBuildFile; fileRef = 60119D2513198BC100146334 /* CoreGraphics.framework */; };
		B2D1640415B73708009FC1A3 /* main.m in Sources */ = {isa = PBXBuildFile; fileRef = B2D163FD15B73708009FC1A3 /* main.m */; };
		B2D1640515B73708009FC1A3 /* AR-Info.plist in Resources */ = {isa = PBXBuildFile; fileRef = B2D163FF15B73708009FC1A3 /* AR-Info.plist */; };
		B2D1640615B73708009FC1A3 /* InfoPlist.strings in Resources */ = {isa = PBXBuildFile; fileRef = B2D1640115B73708009FC1A3 /* InfoPlist.strings */; };
		B2D1641B15B74357009FC1A3 /* AR_EAGLView.mm in Sources */ = {isa = PBXBuildFile; fileRef = B2D1640915B74356009FC1A3 /* AR_EAGLView.mm */; };
		B2D1641C15B74357009FC1A3 /* ARParentViewController.m in Sources */ = {isa = PBXBuildFile; fileRef = B2D1640B15B74356009FC1A3 /* ARParentViewController.m */; };
		B2D1641D15B74357009FC1A3 /* ARViewController.mm in Sources */ = {isa = PBXBuildFile; fileRef = B2D1640D15B74356009FC1A3 /* ARViewController.mm */; };
		B2D1641E15B74357009FC1A3 /* OverlayView.m in Sources */ = {isa = PBXBuildFile; fileRef = B2D1640F15B74356009FC1A3 /* OverlayView.m */; };
		B2D1641F15B74357009FC1A3 /* OverlayViewController.mm in Sources */ = {isa = PBXBuildFile; fileRef = B2D1641115B74356009FC1A3 /* OverlayViewController.mm */; };
		B2D1642015B74357009FC1A3 /* QCARutils.mm in Sources */ = {isa = PBXBuildFile; fileRef = B2D1641315B74356009FC1A3 /* QCARutils.mm */; };
		B2D1642115B74357009FC1A3 /* Shader.fsh in Sources */ = {isa = PBXBuildFile; fileRef = B2D1641515B74356009FC1A3 /* Shader.fsh */; };
		B2D1642215B74357009FC1A3 /* Shader.vsh in Sources */ = {isa = PBXBuildFile; fileRef = B2D1641615B74357009FC1A3 /* Shader.vsh */; };
		B2D1642315B74357009FC1A3 /* ShaderUtils.cpp in Sources */ = {isa = PBXBuildFile; fileRef = B2D1641715B74357009FC1A3 /* ShaderUtils.cpp */; };
		B2D1642415B74357009FC1A3 /* Texture.mm in Sources */ = {isa = PBXBuildFile; fileRef = B2D1641A15B74357009FC1A3 /* Texture.mm */; };
		B2D1642A15B744FC009FC1A3 /* EAGLView.mm in Sources */ = {isa = PBXBuildFile; fileRef = B2D1642615B744F9009FC1A3 /* EAGLView.mm */; };
		B2D1642B15B744FC009FC1A3 /* ImageTargetsAppDelegate.mm in Sources */ = {isa = PBXBuildFile; fileRef = B2D1642815B744FB009FC1A3 /* ImageTargetsAppDelegate.mm */; };
		B2D1642C15B74607009FC1A3 /* OpenGLES.framework in Frameworks */ = {isa = PBXBuildFile; fileRef = 60119D2913198BC100146334 /* OpenGLES.framework */; };
		B2D1643515B74637009FC1A3 /* StonesAndChips.dat in Resources */ = {isa = PBXBuildFile; fileRef = B2D1642E15B74637009FC1A3 /* StonesAndChips.dat */; };
		B2D1643615B74637009FC1A3 /* StonesAndChips.xml in Resources */ = {isa = PBXBuildFile; fileRef = B2D1642F15B74637009FC1A3 /* StonesAndChips.xml */; };
		B2D1643715B74637009FC1A3 /* Tarmac.dat in Resources */ = {isa = PBXBuildFile; fileRef = B2D1643015B74637009FC1A3 /* Tarmac.dat */; };
		B2D1643815B74637009FC1A3 /* Tarmac.xml in Resources */ = {isa = PBXBuildFile; fileRef = B2D1643115B74637009FC1A3 /* Tarmac.xml */; };
		B2D1643915B74637009FC1A3 /* TextureTeapotBlue.png in Resources */ = {isa = PBXBuildFile; fileRef = B2D1643215B74637009FC1A3 /* TextureTeapotBlue.png */; };
		B2D1643A15B74637009FC1A3 /* TextureTeapotBrass.png in Resources */ = {isa = PBXBuildFile; fileRef = B2D1643315B74637009FC1A3 /* TextureTeapotBrass.png */; };
		B2D1643B15B74637009FC1A3 /* TextureTeapotRed.png in Resources */ = {isa = PBXBuildFile; fileRef = B2D1643415B74637009FC1A3 /* TextureTeapotRed.png */; };
		B2D1643F15B74690009FC1A3 /* libQCAR.a in Frameworks */ = {isa = PBXBuildFile; fileRef = B2D1643E15B7468F009FC1A3 /* libQCAR.a */; };
		B2D1644215B74B2D009FC1A3 /* QuartzCore.framework in Frameworks */ = {isa = PBXBuildFile; fileRef = 60119D2713198BC100146334 /* QuartzCore.framework */; };
		B2D1644715B74B79009FC1A3 /* CoreVideo.framework in Frameworks */ = {isa = PBXBuildFile; fileRef = B2D1644015B74B20009FC1A3 /* CoreVideo.framework */; };
		B2D1644815B74B7F009FC1A3 /* CoreMedia.framework in Frameworks */ = {isa = PBXBuildFile; fileRef = B2D1644315B74B39009FC1A3 /* CoreMedia.framework */; };
		B2D1644915B74B87009FC1A3 /* AVFoundation.framework in Frameworks */ = {isa = PBXBuildFile; fileRef = B2D1644515B74B50009FC1A3 /* AVFoundation.framework */; };
		B2D1644B15B74D1D009FC1A3 /* Security.framework in Frameworks */ = {isa = PBXBuildFile; fileRef = B2D1644A15B74D1B009FC1A3 /* Security.framework */; };
		B2D1644D15B74D4E009FC1A3 /* SystemConfiguration.framework in Frameworks */ = {isa = PBXBuildFile; fileRef = B2D1644C15B74D4D009FC1A3 /* SystemConfiguration.framework */; };
		B2D1645615B76F76009FC1A3 /* SEView.m in Sources */ = {isa = PBXBuildFile; fileRef = B2D1645515B76F75009FC1A3 /* SEView.m */; };
		B2D1645715B76F76009FC1A3 /* SEView.m in Sources */ = {isa = PBXBuildFile; fileRef = B2D1645515B76F75009FC1A3 /* SEView.m */; };
		B2D1645815B76F76009FC1A3 /* SEView.m in Sources */ = {isa = PBXBuildFile; fileRef = B2D1645515B76F75009FC1A3 /* SEView.m */; };
		B2F29B47158A85B800837A72 /* CoreMotion.framework in Frameworks */ = {isa = PBXBuildFile; fileRef = B2F29B46158A85B800837A72 /* CoreMotion.framework */; };
/* End PBXBuildFile section */

/* Begin PBXFileReference section */
		60119D1D13198BC100146334 /* Earth3D.app */ = {isa = PBXFileReference; explicitFileType = wrapper.application; includeInIndex = 0; path = Earth3D.app; sourceTree = BUILT_PRODUCTS_DIR; };
		60119D2113198BC100146334 /* UIKit.framework */ = {isa = PBXFileReference; lastKnownFileType = wrapper.framework; name = UIKit.framework; path = System/Library/Frameworks/UIKit.framework; sourceTree = SDKROOT; };
		60119D2313198BC100146334 /* Foundation.framework */ = {isa = PBXFileReference; lastKnownFileType = wrapper.framework; name = Foundation.framework; path = System/Library/Frameworks/Foundation.framework; sourceTree = SDKROOT; };
		60119D2513198BC100146334 /* CoreGraphics.framework */ = {isa = PBXFileReference; lastKnownFileType = wrapper.framework; name = CoreGraphics.framework; path = System/Library/Frameworks/CoreGraphics.framework; sourceTree = SDKROOT; };
		60119D2713198BC100146334 /* QuartzCore.framework */ = {isa = PBXFileReference; lastKnownFileType = wrapper.framework; name = QuartzCore.framework; path = System/Library/Frameworks/QuartzCore.framework; sourceTree = SDKROOT; };
		60119D2913198BC100146334 /* OpenGLES.framework */ = {isa = PBXFileReference; lastKnownFileType = wrapper.framework; name = OpenGLES.framework; path = System/Library/Frameworks/OpenGLES.framework; sourceTree = SDKROOT; };
		B216FAFA15B0CB14007B00A7 /* main.m */ = {isa = PBXFileReference; fileEncoding = 4; lastKnownFileType = sourcecode.c.objc; path = main.m; sourceTree = "<group>"; };
		B216FAFB15B0CB14007B00A7 /* EarthView.h */ = {isa = PBXFileReference; fileEncoding = 4; lastKnownFileType = sourcecode.c.h; path = EarthView.h; sourceTree = "<group>"; };
		B216FAFC15B0CB14007B00A7 /* EarthView.m */ = {isa = PBXFileReference; fileEncoding = 4; lastKnownFileType = sourcecode.c.objc; path = EarthView.m; sourceTree = "<group>"; };
		B216FAFD15B0CB14007B00A7 /* SERendererOld.h */ = {isa = PBXFileReference; fileEncoding = 4; lastKnownFileType = sourcecode.c.h; path = SERendererOld.h; sourceTree = "<group>"; };
		B216FAFE15B0CB14007B00A7 /* SERendererOld.m */ = {isa = PBXFileReference; fileEncoding = 4; lastKnownFileType = sourcecode.c.objc; path = SERendererOld.m; sourceTree = "<group>"; };
		B216FB0015B0CB14007B00A7 /* Earth3D-Info.plist */ = {isa = PBXFileReference; fileEncoding = 4; lastKnownFileType = text.plist.xml; path = "Earth3D-Info.plist"; sourceTree = "<group>"; };
		B216FB0115B0CB14007B00A7 /* Earth3D-Prefix.pch */ = {isa = PBXFileReference; fileEncoding = 4; lastKnownFileType = sourcecode.c.h; path = "Earth3D-Prefix.pch"; sourceTree = "<group>"; };
		B216FB4015B0D1A7007B00A7 /* main.m */ = {isa = PBXFileReference; fileEncoding = 4; lastKnownFileType = sourcecode.c.objc; path = main.m; sourceTree = "<group>"; };
		B216FB4615B0D1A7007B00A7 /* NeHeLesson1-Info.plist */ = {isa = PBXFileReference; fileEncoding = 4; lastKnownFileType = text.plist.xml; path = "NeHeLesson1-Info.plist"; sourceTree = "<group>"; };
		B216FB4715B0D1A7007B00A7 /* NeHeLesson1-Prefix.pch */ = {isa = PBXFileReference; fileEncoding = 4; lastKnownFileType = sourcecode.c.h; path = "NeHeLesson1-Prefix.pch"; sourceTree = "<group>"; };
		B216FB7015B0D1D5007B00A7 /* NeHeLesson1.app */ = {isa = PBXFileReference; explicitFileType = wrapper.application; includeInIndex = 0; path = NeHeLesson1.app; sourceTree = BUILT_PRODUCTS_DIR; };
		B216FB7315B0D382007B00A7 /* PolygonView.h */ = {isa = PBXFileReference; fileEncoding = 4; lastKnownFileType = sourcecode.c.h; path = PolygonView.h; sourceTree = "<group>"; };
		B216FB7415B0D382007B00A7 /* PolygonView.m */ = {isa = PBXFileReference; fileEncoding = 4; lastKnownFileType = sourcecode.c.objc; path = PolygonView.m; sourceTree = "<group>"; };
		B216FB7A15B0D769007B00A7 /* SECamera.h */ = {isa = PBXFileReference; fileEncoding = 4; lastKnownFileType = sourcecode.c.h; path = SECamera.h; sourceTree = "<group>"; };
		B216FB7B15B0D769007B00A7 /* SECamera.m */ = {isa = PBXFileReference; fileEncoding = 4; lastKnownFileType = sourcecode.c.objc; path = SECamera.m; sourceTree = "<group>"; };
		B216FB7C15B0D769007B00A7 /* SEGeometry.h */ = {isa = PBXFileReference; fileEncoding = 4; lastKnownFileType = sourcecode.c.h; path = SEGeometry.h; sourceTree = "<group>"; };
		B216FB7D15B0D769007B00A7 /* SEGeometry.m */ = {isa = PBXFileReference; fileEncoding = 4; lastKnownFileType = sourcecode.c.objc; path = SEGeometry.m; sourceTree = "<group>"; };
		B216FB7E15B0D769007B00A7 /* SEMesh.h */ = {isa = PBXFileReference; fileEncoding = 4; lastKnownFileType = sourcecode.c.h; path = SEMesh.h; sourceTree = "<group>"; };
		B216FB7F15B0D769007B00A7 /* SEMesh.m */ = {isa = PBXFileReference; fileEncoding = 4; lastKnownFileType = sourcecode.c.objc; path = SEMesh.m; sourceTree = "<group>"; };
		B216FB8015B0D769007B00A7 /* SEObject3D.h */ = {isa = PBXFileReference; fileEncoding = 4; lastKnownFileType = sourcecode.c.h; path = SEObject3D.h; sourceTree = "<group>"; };
		B216FB8115B0D769007B00A7 /* SEObject3D.m */ = {isa = PBXFileReference; fileEncoding = 4; lastKnownFileType = sourcecode.c.objc; path = SEObject3D.m; sourceTree = "<group>"; };
		B216FB8215B0D769007B00A7 /* SEPerspectiveCamera.h */ = {isa = PBXFileReference; fileEncoding = 4; lastKnownFileType = sourcecode.c.h; path = SEPerspectiveCamera.h; sourceTree = "<group>"; };
		B216FB8315B0D769007B00A7 /* SEPerspectiveCamera.m */ = {isa = PBXFileReference; fileEncoding = 4; lastKnownFileType = sourcecode.c.objc; path = SEPerspectiveCamera.m; sourceTree = "<group>"; };
		B216FB8415B0D769007B00A7 /* SERenderer.h */ = {isa = PBXFileReference; fileEncoding = 4; lastKnownFileType = sourcecode.c.h; path = SERenderer.h; sourceTree = "<group>"; };
		B216FB8515B0D769007B00A7 /* SERenderer.m */ = {isa = PBXFileReference; fileEncoding = 4; lastKnownFileType = sourcecode.c.objc; path = SERenderer.m; sourceTree = "<group>"; };
		B216FB8615B0D769007B00A7 /* SEScene.h */ = {isa = PBXFileReference; fileEncoding = 4; lastKnownFileType = sourcecode.c.h; path = SEScene.h; sourceTree = "<group>"; };
		B216FB8715B0D769007B00A7 /* SEScene.m */ = {isa = PBXFileReference; fileEncoding = 4; lastKnownFileType = sourcecode.c.objc; path = SEScene.m; sourceTree = "<group>"; };
		B216FB8815B0D769007B00A7 /* SEShader.h */ = {isa = PBXFileReference; fileEncoding = 4; lastKnownFileType = sourcecode.c.h; path = SEShader.h; sourceTree = "<group>"; };
		B216FB8915B0D769007B00A7 /* SEShader.m */ = {isa = PBXFileReference; fileEncoding = 4; lastKnownFileType = sourcecode.c.objc; path = SEShader.m; sourceTree = "<group>"; };
		B216FB8A15B0D769007B00A7 /* SEShaderVariable.h */ = {isa = PBXFileReference; fileEncoding = 4; lastKnownFileType = sourcecode.c.h; path = SEShaderVariable.h; sourceTree = "<group>"; };
		B216FB8B15B0D769007B00A7 /* SEShaderVariable.m */ = {isa = PBXFileReference; fileEncoding = 4; lastKnownFileType = sourcecode.c.objc; path = SEShaderVariable.m; sourceTree = "<group>"; };
		B216FB8C15B0D769007B00A7 /* SETexture.h */ = {isa = PBXFileReference; fileEncoding = 4; lastKnownFileType = sourcecode.c.h; path = SETexture.h; sourceTree = "<group>"; };
		B216FB8D15B0D769007B00A7 /* SETexture.m */ = {isa = PBXFileReference; fileEncoding = 4; lastKnownFileType = sourcecode.c.objc; path = SETexture.m; sourceTree = "<group>"; };
		B216FB8E15B0D769007B00A7 /* SEVertex.h */ = {isa = PBXFileReference; fileEncoding = 4; lastKnownFileType = sourcecode.c.h; path = SEVertex.h; sourceTree = "<group>"; };
		B216FB9115B0D769007B00A7 /* SESphere.h */ = {isa = PBXFileReference; fileEncoding = 4; lastKnownFileType = sourcecode.c.h; path = SESphere.h; sourceTree = "<group>"; };
		B216FB9215B0D769007B00A7 /* SESphere.m */ = {isa = PBXFileReference; fileEncoding = 4; lastKnownFileType = sourcecode.c.objc; path = SESphere.m; sourceTree = "<group>"; };
		B216FB9315B0D769007B00A7 /* SETriangle.h */ = {isa = PBXFileReference; fileEncoding = 4; lastKnownFileType = sourcecode.c.h; path = SETriangle.h; sourceTree = "<group>"; };
		B216FB9415B0D769007B00A7 /* SETriangle.m */ = {isa = PBXFileReference; fileEncoding = 4; lastKnownFileType = sourcecode.c.objc; path = SETriangle.m; sourceTree = "<group>"; };
		B26EA38215890CCF000EB015 /* GLKit.framework */ = {isa = PBXFileReference; lastKnownFileType = wrapper.framework; name = GLKit.framework; path = System/Library/Frameworks/GLKit.framework; sourceTree = SDKROOT; };
		B29FDA3615B7B7D600D337BA /* SEViewController.h */ = {isa = PBXFileReference; fileEncoding = 4; lastKnownFileType = sourcecode.c.h; path = SEViewController.h; sourceTree = "<group>"; };
		B29FDA3715B7B7D700D337BA /* SEViewController.m */ = {isa = PBXFileReference; fileEncoding = 4; lastKnownFileType = sourcecode.c.objc; path = SEViewController.m; sourceTree = "<group>"; };
		B29FDA3C15B7BE4900D337BA /* EarthViewController.h */ = {isa = PBXFileReference; fileEncoding = 4; lastKnownFileType = sourcecode.c.h; path = EarthViewController.h; sourceTree = "<group>"; };
		B29FDA3D15B7BE4900D337BA /* EarthViewController.m */ = {isa = PBXFileReference; fileEncoding = 4; lastKnownFileType = sourcecode.c.objc; path = EarthViewController.m; sourceTree = "<group>"; };
		B2BD9D2F15952B950028F9E9 /* mars.jpg */ = {isa = PBXFileReference; lastKnownFileType = image.jpeg; path = mars.jpg; sourceTree = "<group>"; };
		B2BD9D3B1598D3E50028F9E9 /* blueMarble.jpg */ = {isa = PBXFileReference; lastKnownFileType = image.jpeg; path = blueMarble.jpg; sourceTree = "<group>"; };
		B2D1635F15B5C6D7009FC1A3 /* SEMaterial.h */ = {isa = PBXFileReference; fileEncoding = 4; lastKnownFileType = sourcecode.c.h; path = SEMaterial.h; sourceTree = "<group>"; };
		B2D1636015B5C6D7009FC1A3 /* SEMaterial.m */ = {isa = PBXFileReference; fileEncoding = 4; lastKnownFileType = sourcecode.c.objc; path = SEMaterial.m; sourceTree = "<group>"; };
		B2D1636315B5C7D9009FC1A3 /* SEShaderMaterial.h */ = {isa = PBXFileReference; fileEncoding = 4; lastKnownFileType = sourcecode.c.h; path = SEShaderMaterial.h; sourceTree = "<group>"; };
		B2D1636415B5C7D9009FC1A3 /* SEShaderMaterial.m */ = {isa = PBXFileReference; fileEncoding = 4; lastKnownFileType = sourcecode.c.objc; path = SEShaderMaterial.m; sourceTree = "<group>"; };
		B2D163A915B602C8009FC1A3 /* default.fsh */ = {isa = PBXFileReference; fileEncoding = 4; lastKnownFileType = sourcecode.glsl; path = default.fsh; sourceTree = "<group>"; };
		B2D163AA15B602C8009FC1A3 /* default.vsh */ = {isa = PBXFileReference; fileEncoding = 4; lastKnownFileType = sourcecode.glsl; path = default.vsh; sourceTree = "<group>"; };
		B2D163AB15B602C8009FC1A3 /* plainColor.fsh */ = {isa = PBXFileReference; fileEncoding = 4; lastKnownFileType = sourcecode.glsl; path = plainColor.fsh; sourceTree = "<group>"; };
		B2D163D615B734ED009FC1A3 /* AR.app */ = {isa = PBXFileReference; explicitFileType = wrapper.application; includeInIndex = 0; path = AR.app; sourceTree = BUILT_PRODUCTS_DIR; };
		B2D163FD15B73708009FC1A3 /* main.m */ = {isa = PBXFileReference; fileEncoding = 4; lastKnownFileType = sourcecode.c.objc; path = main.m; sourceTree = "<group>"; };
		B2D163FF15B73708009FC1A3 /* AR-Info.plist */ = {isa = PBXFileReference; fileEncoding = 4; lastKnownFileType = text.plist.xml; path = "AR-Info.plist"; sourceTree = "<group>"; };
		B2D1640015B73708009FC1A3 /* AR-Prefix.pch */ = {isa = PBXFileReference; fileEncoding = 4; lastKnownFileType = sourcecode.c.h; path = "AR-Prefix.pch"; sourceTree = "<group>"; };
		B2D1640215B73708009FC1A3 /* en */ = {isa = PBXFileReference; lastKnownFileType = text.plist.strings; name = en; path = en.lproj/InfoPlist.strings; sourceTree = "<group>"; };
		B2D1640815B74356009FC1A3 /* AR_EAGLView.h */ = {isa = PBXFileReference; fileEncoding = 4; lastKnownFileType = sourcecode.c.h; path = AR_EAGLView.h; sourceTree = "<group>"; };
		B2D1640915B74356009FC1A3 /* AR_EAGLView.mm */ = {isa = PBXFileReference; fileEncoding = 4; lastKnownFileType = sourcecode.cpp.objcpp; path = AR_EAGLView.mm; sourceTree = "<group>"; };
		B2D1640A15B74356009FC1A3 /* ARParentViewController.h */ = {isa = PBXFileReference; fileEncoding = 4; lastKnownFileType = sourcecode.c.h; path = ARParentViewController.h; sourceTree = "<group>"; };
		B2D1640B15B74356009FC1A3 /* ARParentViewController.m */ = {isa = PBXFileReference; fileEncoding = 4; lastKnownFileType = sourcecode.c.objc; path = ARParentViewController.m; sourceTree = "<group>"; };
		B2D1640C15B74356009FC1A3 /* ARViewController.h */ = {isa = PBXFileReference; fileEncoding = 4; lastKnownFileType = sourcecode.c.h; path = ARViewController.h; sourceTree = "<group>"; };
		B2D1640D15B74356009FC1A3 /* ARViewController.mm */ = {isa = PBXFileReference; fileEncoding = 4; lastKnownFileType = sourcecode.cpp.objcpp; path = ARViewController.mm; sourceTree = "<group>"; };
		B2D1640E15B74356009FC1A3 /* OverlayView.h */ = {isa = PBXFileReference; fileEncoding = 4; lastKnownFileType = sourcecode.c.h; path = OverlayView.h; sourceTree = "<group>"; };
		B2D1640F15B74356009FC1A3 /* OverlayView.m */ = {isa = PBXFileReference; fileEncoding = 4; lastKnownFileType = sourcecode.c.objc; path = OverlayView.m; sourceTree = "<group>"; };
		B2D1641015B74356009FC1A3 /* OverlayViewController.h */ = {isa = PBXFileReference; fileEncoding = 4; lastKnownFileType = sourcecode.c.h; path = OverlayViewController.h; sourceTree = "<group>"; };
		B2D1641115B74356009FC1A3 /* OverlayViewController.mm */ = {isa = PBXFileReference; fileEncoding = 4; lastKnownFileType = sourcecode.cpp.objcpp; path = OverlayViewController.mm; sourceTree = "<group>"; };
		B2D1641215B74356009FC1A3 /* QCARutils.h */ = {isa = PBXFileReference; fileEncoding = 4; lastKnownFileType = sourcecode.c.h; path = QCARutils.h; sourceTree = "<group>"; };
		B2D1641315B74356009FC1A3 /* QCARutils.mm */ = {isa = PBXFileReference; fileEncoding = 4; lastKnownFileType = sourcecode.cpp.objcpp; path = QCARutils.mm; sourceTree = "<group>"; };
		B2D1641515B74356009FC1A3 /* Shader.fsh */ = {isa = PBXFileReference; fileEncoding = 4; lastKnownFileType = sourcecode.glsl; path = Shader.fsh; sourceTree = "<group>"; };
		B2D1641615B74357009FC1A3 /* Shader.vsh */ = {isa = PBXFileReference; fileEncoding = 4; lastKnownFileType = sourcecode.glsl; path = Shader.vsh; sourceTree = "<group>"; };
		B2D1641715B74357009FC1A3 /* ShaderUtils.cpp */ = {isa = PBXFileReference; fileEncoding = 4; lastKnownFileType = sourcecode.cpp.cpp; path = ShaderUtils.cpp; sourceTree = "<group>"; };
		B2D1641815B74357009FC1A3 /* ShaderUtils.h */ = {isa = PBXFileReference; fileEncoding = 4; lastKnownFileType = sourcecode.c.h; path = ShaderUtils.h; sourceTree = "<group>"; };
		B2D1641915B74357009FC1A3 /* Texture.h */ = {isa = PBXFileReference; fileEncoding = 4; lastKnownFileType = sourcecode.c.h; path = Texture.h; sourceTree = "<group>"; };
		B2D1641A15B74357009FC1A3 /* Texture.mm */ = {isa = PBXFileReference; fileEncoding = 4; lastKnownFileType = sourcecode.cpp.objcpp; path = Texture.mm; sourceTree = "<group>"; };
		B2D1642515B744F9009FC1A3 /* EAGLView.h */ = {isa = PBXFileReference; fileEncoding = 4; lastKnownFileType = sourcecode.c.h; name = EAGLView.h; path = "../../../iOS/vuforia-sdk-ios-1-5-8/samples/ImageTargets/ImageTargets/EAGLView.h"; sourceTree = "<group>"; };
		B2D1642615B744F9009FC1A3 /* EAGLView.mm */ = {isa = PBXFileReference; fileEncoding = 4; lastKnownFileType = sourcecode.cpp.objcpp; name = EAGLView.mm; path = "../../../iOS/vuforia-sdk-ios-1-5-8/samples/ImageTargets/ImageTargets/EAGLView.mm"; sourceTree = "<group>"; };
		B2D1642715B744FA009FC1A3 /* ImageTargetsAppDelegate.h */ = {isa = PBXFileReference; fileEncoding = 4; lastKnownFileType = sourcecode.c.h; name = ImageTargetsAppDelegate.h; path = "../../../iOS/vuforia-sdk-ios-1-5-8/samples/ImageTargets/ImageTargets/ImageTargetsAppDelegate.h"; sourceTree = "<group>"; };
		B2D1642815B744FB009FC1A3 /* ImageTargetsAppDelegate.mm */ = {isa = PBXFileReference; fileEncoding = 4; lastKnownFileType = sourcecode.cpp.objcpp; name = ImageTargetsAppDelegate.mm; path = "../../../iOS/vuforia-sdk-ios-1-5-8/samples/ImageTargets/ImageTargets/ImageTargetsAppDelegate.mm"; sourceTree = "<group>"; };
		B2D1642915B744FC009FC1A3 /* Teapot.h */ = {isa = PBXFileReference; fileEncoding = 4; lastKnownFileType = sourcecode.c.h; name = Teapot.h; path = "../../../iOS/vuforia-sdk-ios-1-5-8/samples/ImageTargets/ImageTargets/Teapot.h"; sourceTree = "<group>"; };
		B2D1642E15B74637009FC1A3 /* StonesAndChips.dat */ = {isa = PBXFileReference; lastKnownFileType = file; path = StonesAndChips.dat; sourceTree = "<group>"; };
		B2D1642F15B74637009FC1A3 /* StonesAndChips.xml */ = {isa = PBXFileReference; fileEncoding = 4; lastKnownFileType = text.xml; path = StonesAndChips.xml; sourceTree = "<group>"; };
		B2D1643015B74637009FC1A3 /* Tarmac.dat */ = {isa = PBXFileReference; lastKnownFileType = file; path = Tarmac.dat; sourceTree = "<group>"; };
		B2D1643115B74637009FC1A3 /* Tarmac.xml */ = {isa = PBXFileReference; fileEncoding = 4; lastKnownFileType = text.xml; path = Tarmac.xml; sourceTree = "<group>"; };
		B2D1643215B74637009FC1A3 /* TextureTeapotBlue.png */ = {isa = PBXFileReference; lastKnownFileType = image.png; path = TextureTeapotBlue.png; sourceTree = "<group>"; };
		B2D1643315B74637009FC1A3 /* TextureTeapotBrass.png */ = {isa = PBXFileReference; lastKnownFileType = image.png; path = TextureTeapotBrass.png; sourceTree = "<group>"; };
		B2D1643415B74637009FC1A3 /* TextureTeapotRed.png */ = {isa = PBXFileReference; lastKnownFileType = image.png; path = TextureTeapotRed.png; sourceTree = "<group>"; };
		B2D1643E15B7468F009FC1A3 /* libQCAR.a */ = {isa = PBXFileReference; lastKnownFileType = archive.ar; name = libQCAR.a; path = Examples/AR/Dependencies/lib/arm/libQCAR.a; sourceTree = "<group>"; };
		B2D1644015B74B20009FC1A3 /* CoreVideo.framework */ = {isa = PBXFileReference; lastKnownFileType = wrapper.framework; name = CoreVideo.framework; path = System/Library/Frameworks/CoreVideo.framework; sourceTree = SDKROOT; };
		B2D1644315B74B39009FC1A3 /* CoreMedia.framework */ = {isa = PBXFileReference; lastKnownFileType = wrapper.framework; name = CoreMedia.framework; path = System/Library/Frameworks/CoreMedia.framework; sourceTree = SDKROOT; };
		B2D1644515B74B50009FC1A3 /* AVFoundation.framework */ = {isa = PBXFileReference; lastKnownFileType = wrapper.framework; name = AVFoundation.framework; path = System/Library/Frameworks/AVFoundation.framework; sourceTree = SDKROOT; };
		B2D1644A15B74D1B009FC1A3 /* Security.framework */ = {isa = PBXFileReference; lastKnownFileType = wrapper.framework; name = Security.framework; path = System/Library/Frameworks/Security.framework; sourceTree = SDKROOT; };
		B2D1644C15B74D4D009FC1A3 /* SystemConfiguration.framework */ = {isa = PBXFileReference; lastKnownFileType = wrapper.framework; name = SystemConfiguration.framework; path = System/Library/Frameworks/SystemConfiguration.framework; sourceTree = SDKROOT; };
		B2D1645415B76F73009FC1A3 /* SEView.h */ = {isa = PBXFileReference; fileEncoding = 4; lastKnownFileType = sourcecode.c.h; path = SEView.h; sourceTree = "<group>"; };
		B2D1645515B76F75009FC1A3 /* SEView.m */ = {isa = PBXFileReference; fileEncoding = 4; lastKnownFileType = sourcecode.c.objc; path = SEView.m; sourceTree = "<group>"; };
		B2F29B46158A85B800837A72 /* CoreMotion.framework */ = {isa = PBXFileReference; lastKnownFileType = wrapper.framework; name = CoreMotion.framework; path = System/Library/Frameworks/CoreMotion.framework; sourceTree = SDKROOT; };
/* End PBXFileReference section */

/* Begin PBXFrameworksBuildPhase section */
		60119D1A13198BC100146334 /* Frameworks */ = {
			isa = PBXFrameworksBuildPhase;
			buildActionMask = 2147483647;
			files = (
				B2F29B47158A85B800837A72 /* CoreMotion.framework in Frameworks */,
				B26EA38315890CCF000EB015 /* GLKit.framework in Frameworks */,
				60119D2213198BC100146334 /* UIKit.framework in Frameworks */,
				60119D2413198BC100146334 /* Foundation.framework in Frameworks */,
				60119D2613198BC100146334 /* CoreGraphics.framework in Frameworks */,
				60119D2813198BC100146334 /* QuartzCore.framework in Frameworks */,
				60119D2A13198BC100146334 /* OpenGLES.framework in Frameworks */,
			);
			runOnlyForDeploymentPostprocessing = 0;
		};
		B216FB6015B0D1D5007B00A7 /* Frameworks */ = {
			isa = PBXFrameworksBuildPhase;
			buildActionMask = 2147483647;
			files = (
				B216FB6115B0D1D5007B00A7 /* CoreMotion.framework in Frameworks */,
				B216FB6215B0D1D5007B00A7 /* GLKit.framework in Frameworks */,
				B216FB6315B0D1D5007B00A7 /* UIKit.framework in Frameworks */,
				B216FB6415B0D1D5007B00A7 /* Foundation.framework in Frameworks */,
				B216FB6515B0D1D5007B00A7 /* CoreGraphics.framework in Frameworks */,
				B216FB6615B0D1D5007B00A7 /* QuartzCore.framework in Frameworks */,
				B216FB6715B0D1D5007B00A7 /* OpenGLES.framework in Frameworks */,
			);
			runOnlyForDeploymentPostprocessing = 0;
		};
		B2D163D315B734ED009FC1A3 /* Frameworks */ = {
			isa = PBXFrameworksBuildPhase;
			buildActionMask = 2147483647;
			files = (
				B2D1644D15B74D4E009FC1A3 /* SystemConfiguration.framework in Frameworks */,
				B2D1644B15B74D1D009FC1A3 /* Security.framework in Frameworks */,
				B2D163D815B734ED009FC1A3 /* UIKit.framework in Frameworks */,
				B2D1644915B74B87009FC1A3 /* AVFoundation.framework in Frameworks */,
				B2D1644815B74B7F009FC1A3 /* CoreMedia.framework in Frameworks */,
				B2D1644715B74B79009FC1A3 /* CoreVideo.framework in Frameworks */,
				B2D1644215B74B2D009FC1A3 /* QuartzCore.framework in Frameworks */,
				B2D1643F15B74690009FC1A3 /* libQCAR.a in Frameworks */,
				B2D1642C15B74607009FC1A3 /* OpenGLES.framework in Frameworks */,
				B2D163D915B734ED009FC1A3 /* Foundation.framework in Frameworks */,
				B2D163DA15B734ED009FC1A3 /* CoreGraphics.framework in Frameworks */,
			);
			runOnlyForDeploymentPostprocessing = 0;
		};
/* End PBXFrameworksBuildPhase section */

/* Begin PBXGroup section */
		60119D1213198BC100146334 = {
			isa = PBXGroup;
			children = (
				B216FB7815B0D769007B00A7 /* SparkEngine */,
				B27CE09815B0B9AB00E348FA /* Examples */,
				60119DA41319938100146334 /* Resources */,
				60119D2013198BC100146334 /* Frameworks */,
				60119D1E13198BC100146334 /* Products */,
			);
			sourceTree = "<group>";
		};
		60119D1E13198BC100146334 /* Products */ = {
			isa = PBXGroup;
			children = (
				60119D1D13198BC100146334 /* Earth3D.app */,
				B216FB7015B0D1D5007B00A7 /* NeHeLesson1.app */,
				B2D163D615B734ED009FC1A3 /* AR.app */,
			);
			name = Products;
			sourceTree = "<group>";
		};
		60119D2013198BC100146334 /* Frameworks */ = {
			isa = PBXGroup;
			children = (
				B2D1644C15B74D4D009FC1A3 /* SystemConfiguration.framework */,
				B2D1644A15B74D1B009FC1A3 /* Security.framework */,
				B2D1644515B74B50009FC1A3 /* AVFoundation.framework */,
				B2D1644315B74B39009FC1A3 /* CoreMedia.framework */,
				B2D1644015B74B20009FC1A3 /* CoreVideo.framework */,
				B2D1643E15B7468F009FC1A3 /* libQCAR.a */,
				B2F29B46158A85B800837A72 /* CoreMotion.framework */,
				B26EA38215890CCF000EB015 /* GLKit.framework */,
				60119D2113198BC100146334 /* UIKit.framework */,
				60119D2313198BC100146334 /* Foundation.framework */,
				60119D2513198BC100146334 /* CoreGraphics.framework */,
				60119D2713198BC100146334 /* QuartzCore.framework */,
				60119D2913198BC100146334 /* OpenGLES.framework */,
			);
			name = Frameworks;
			sourceTree = "<group>";
		};
		60119DA41319938100146334 /* Resources */ = {
			isa = PBXGroup;
			children = (
				B2D163A815B602C8009FC1A3 /* Shaders */,
				B2BD9D3B1598D3E50028F9E9 /* blueMarble.jpg */,
				B2BD9D2F15952B950028F9E9 /* mars.jpg */,
			);
			path = Resources;
			sourceTree = "<group>";
		};
		B216FAF915B0CB14007B00A7 /* Earth3D */ = {
			isa = PBXGroup;
			children = (
				B216FAFA15B0CB14007B00A7 /* main.m */,
				B216FAFB15B0CB14007B00A7 /* EarthView.h */,
				B216FAFC15B0CB14007B00A7 /* EarthView.m */,
				B216FAFD15B0CB14007B00A7 /* SERendererOld.h */,
				B216FAFE15B0CB14007B00A7 /* SERendererOld.m */,
				B216FAFF15B0CB14007B00A7 /* SupportingFiles */,
				B29FDA3C15B7BE4900D337BA /* EarthViewController.h */,
				B29FDA3D15B7BE4900D337BA /* EarthViewController.m */,
			);
			path = Earth3D;
			sourceTree = "<group>";
		};
		B216FAFF15B0CB14007B00A7 /* SupportingFiles */ = {
			isa = PBXGroup;
			children = (
				B216FB0015B0CB14007B00A7 /* Earth3D-Info.plist */,
				B216FB0115B0CB14007B00A7 /* Earth3D-Prefix.pch */,
			);
			path = SupportingFiles;
			sourceTree = "<group>";
		};
		B216FB3F15B0D1A7007B00A7 /* NeHeLesson1 */ = {
			isa = PBXGroup;
			children = (
				B216FB7315B0D382007B00A7 /* PolygonView.h */,
				B216FB7415B0D382007B00A7 /* PolygonView.m */,
				B216FB4015B0D1A7007B00A7 /* main.m */,
				B216FB4515B0D1A7007B00A7 /* SupportingFiles */,
			);
			path = NeHeLesson1;
			sourceTree = "<group>";
		};
		B216FB4515B0D1A7007B00A7 /* SupportingFiles */ = {
			isa = PBXGroup;
			children = (
				B216FB4615B0D1A7007B00A7 /* NeHeLesson1-Info.plist */,
				B216FB4715B0D1A7007B00A7 /* NeHeLesson1-Prefix.pch */,
			);
			path = SupportingFiles;
			sourceTree = "<group>";
		};
		B216FB7815B0D769007B00A7 /* SparkEngine */ = {
			isa = PBXGroup;
			children = (
				B216FB7915B0D769007B00A7 /* Core */,
				B216FB8F15B0D769007B00A7 /* Loaders */,
				B216FB9015B0D769007B00A7 /* Shapes */,
			);
			path = SparkEngine;
			sourceTree = "<group>";
		};
		B216FB7915B0D769007B00A7 /* Core */ = {
			isa = PBXGroup;
			children = (
				B216FB7A15B0D769007B00A7 /* SECamera.h */,
				B216FB7B15B0D769007B00A7 /* SECamera.m */,
				B216FB7C15B0D769007B00A7 /* SEGeometry.h */,
				B216FB7D15B0D769007B00A7 /* SEGeometry.m */,
				B216FB7E15B0D769007B00A7 /* SEMesh.h */,
				B216FB7F15B0D769007B00A7 /* SEMesh.m */,
				B216FB8015B0D769007B00A7 /* SEObject3D.h */,
				B216FB8115B0D769007B00A7 /* SEObject3D.m */,
				B216FB8215B0D769007B00A7 /* SEPerspectiveCamera.h */,
				B216FB8315B0D769007B00A7 /* SEPerspectiveCamera.m */,
				B216FB8415B0D769007B00A7 /* SERenderer.h */,
				B216FB8515B0D769007B00A7 /* SERenderer.m */,
				B216FB8615B0D769007B00A7 /* SEScene.h */,
				B216FB8715B0D769007B00A7 /* SEScene.m */,
				B216FB8815B0D769007B00A7 /* SEShader.h */,
				B216FB8915B0D769007B00A7 /* SEShader.m */,
				B216FB8A15B0D769007B00A7 /* SEShaderVariable.h */,
				B216FB8B15B0D769007B00A7 /* SEShaderVariable.m */,
				B216FB8C15B0D769007B00A7 /* SETexture.h */,
				B216FB8D15B0D769007B00A7 /* SETexture.m */,
				B216FB8E15B0D769007B00A7 /* SEVertex.h */,
				B2D1635F15B5C6D7009FC1A3 /* SEMaterial.h */,
				B2D1636015B5C6D7009FC1A3 /* SEMaterial.m */,
				B2D1636315B5C7D9009FC1A3 /* SEShaderMaterial.h */,
				B2D1636415B5C7D9009FC1A3 /* SEShaderMaterial.m */,
				B2D1645415B76F73009FC1A3 /* SEView.h */,
				B2D1645515B76F75009FC1A3 /* SEView.m */,
				B29FDA3615B7B7D600D337BA /* SEViewController.h */,
				B29FDA3715B7B7D700D337BA /* SEViewController.m */,
			);
			path = Core;
			sourceTree = "<group>";
		};
		B216FB8F15B0D769007B00A7 /* Loaders */ = {
			isa = PBXGroup;
			children = (
			);
			path = Loaders;
			sourceTree = "<group>";
		};
		B216FB9015B0D769007B00A7 /* Shapes */ = {
			isa = PBXGroup;
			children = (
				B216FB9115B0D769007B00A7 /* SESphere.h */,
				B216FB9215B0D769007B00A7 /* SESphere.m */,
				B216FB9315B0D769007B00A7 /* SETriangle.h */,
				B216FB9415B0D769007B00A7 /* SETriangle.m */,
			);
			path = Shapes;
			sourceTree = "<group>";
		};
		B27CE09815B0B9AB00E348FA /* Examples */ = {
			isa = PBXGroup;
			children = (
				B2D163FA15B73708009FC1A3 /* AR */,
				B216FAF915B0CB14007B00A7 /* Earth3D */,
				B27CE09915B0B9AB00E348FA /* Tutorials */,
			);
			path = Examples;
			sourceTree = "<group>";
		};
		B27CE09915B0B9AB00E348FA /* Tutorials */ = {
			isa = PBXGroup;
			children = (
				B216FB3F15B0D1A7007B00A7 /* NeHeLesson1 */,
			);
			path = Tutorials;
			sourceTree = "<group>";
		};
		B2D163A815B602C8009FC1A3 /* Shaders */ = {
			isa = PBXGroup;
			children = (
				B2D163A915B602C8009FC1A3 /* default.fsh */,
				B2D163AA15B602C8009FC1A3 /* default.vsh */,
				B2D163AB15B602C8009FC1A3 /* plainColor.fsh */,
			);
			path = Shaders;
			sourceTree = "<group>";
		};
		B2D163FA15B73708009FC1A3 /* AR */ = {
			isa = PBXGroup;
			children = (
				B2D1642D15B74636009FC1A3 /* Resources */,
				B2D1642515B744F9009FC1A3 /* EAGLView.h */,
				B2D1642615B744F9009FC1A3 /* EAGLView.mm */,
				B2D1642715B744FA009FC1A3 /* ImageTargetsAppDelegate.h */,
				B2D1642815B744FB009FC1A3 /* ImageTargetsAppDelegate.mm */,
				B2D1642915B744FC009FC1A3 /* Teapot.h */,
				B2D1640715B74356009FC1A3 /* ARUtils */,
				B2D163FD15B73708009FC1A3 /* main.m */,
				B2D163FE15B73708009FC1A3 /* SupportingFiles */,
			);
			path = AR;
			sourceTree = "<group>";
		};
		B2D163FE15B73708009FC1A3 /* SupportingFiles */ = {
			isa = PBXGroup;
			children = (
				B2D163FF15B73708009FC1A3 /* AR-Info.plist */,
				B2D1640015B73708009FC1A3 /* AR-Prefix.pch */,
				B2D1640115B73708009FC1A3 /* InfoPlist.strings */,
			);
			path = SupportingFiles;
			sourceTree = "<group>";
		};
		B2D1640715B74356009FC1A3 /* ARUtils */ = {
			isa = PBXGroup;
			children = (
				B2D1640815B74356009FC1A3 /* AR_EAGLView.h */,
				B2D1640915B74356009FC1A3 /* AR_EAGLView.mm */,
				B2D1640A15B74356009FC1A3 /* ARParentViewController.h */,
				B2D1640B15B74356009FC1A3 /* ARParentViewController.m */,
				B2D1640C15B74356009FC1A3 /* ARViewController.h */,
				B2D1640D15B74356009FC1A3 /* ARViewController.mm */,
				B2D1640E15B74356009FC1A3 /* OverlayView.h */,
				B2D1640F15B74356009FC1A3 /* OverlayView.m */,
				B2D1641015B74356009FC1A3 /* OverlayViewController.h */,
				B2D1641115B74356009FC1A3 /* OverlayViewController.mm */,
				B2D1641215B74356009FC1A3 /* QCARutils.h */,
				B2D1641315B74356009FC1A3 /* QCARutils.mm */,
				B2D1641415B74356009FC1A3 /* Shaders */,
				B2D1641715B74357009FC1A3 /* ShaderUtils.cpp */,
				B2D1641815B74357009FC1A3 /* ShaderUtils.h */,
				B2D1641915B74357009FC1A3 /* Texture.h */,
				B2D1641A15B74357009FC1A3 /* Texture.mm */,
			);
			path = ARUtils;
			sourceTree = "<group>";
		};
		B2D1641415B74356009FC1A3 /* Shaders */ = {
			isa = PBXGroup;
			children = (
				B2D1641515B74356009FC1A3 /* Shader.fsh */,
				B2D1641615B74357009FC1A3 /* Shader.vsh */,
			);
			path = Shaders;
			sourceTree = "<group>";
		};
		B2D1642D15B74636009FC1A3 /* Resources */ = {
			isa = PBXGroup;
			children = (
				B2D1642E15B74637009FC1A3 /* StonesAndChips.dat */,
				B2D1642F15B74637009FC1A3 /* StonesAndChips.xml */,
				B2D1643015B74637009FC1A3 /* Tarmac.dat */,
				B2D1643115B74637009FC1A3 /* Tarmac.xml */,
				B2D1643215B74637009FC1A3 /* TextureTeapotBlue.png */,
				B2D1643315B74637009FC1A3 /* TextureTeapotBrass.png */,
				B2D1643415B74637009FC1A3 /* TextureTeapotRed.png */,
			);
			path = Resources;
			sourceTree = "<group>";
		};
/* End PBXGroup section */

/* Begin PBXNativeTarget section */
		60119D1C13198BC100146334 /* Earth3D */ = {
			isa = PBXNativeTarget;
			buildConfigurationList = 60119D4913198BC100146334 /* Build configuration list for PBXNativeTarget "Earth3D" */;
			buildPhases = (
				60119D1913198BC100146334 /* Sources */,
				60119D1A13198BC100146334 /* Frameworks */,
				60119D1B13198BC100146334 /* Resources */,
			);
			buildRules = (
			);
			dependencies = (
			);
			name = Earth3D;
			productName = CubeExample;
			productReference = 60119D1D13198BC100146334 /* Earth3D.app */;
			productType = "com.apple.product-type.application";
		};
		B216FB4C15B0D1D5007B00A7 /* NeHeLesson1 */ = {
			isa = PBXNativeTarget;
			buildConfigurationList = B216FB6D15B0D1D5007B00A7 /* Build configuration list for PBXNativeTarget "NeHeLesson1" */;
			buildPhases = (
				B216FB4D15B0D1D5007B00A7 /* Sources */,
				B216FB6015B0D1D5007B00A7 /* Frameworks */,
				B216FB6815B0D1D5007B00A7 /* Resources */,
			);
			buildRules = (
			);
			dependencies = (
			);
			name = NeHeLesson1;
			productName = CubeExample;
			productReference = B216FB7015B0D1D5007B00A7 /* NeHeLesson1.app */;
			productType = "com.apple.product-type.application";
		};
		B2D163D515B734ED009FC1A3 /* AR */ = {
			isa = PBXNativeTarget;
			buildConfigurationList = B2D163E715B734ED009FC1A3 /* Build configuration list for PBXNativeTarget "AR" */;
			buildPhases = (
				B2D163D215B734ED009FC1A3 /* Sources */,
				B2D163D315B734ED009FC1A3 /* Frameworks */,
				B2D163D415B734ED009FC1A3 /* Resources */,
			);
			buildRules = (
			);
			dependencies = (
			);
			name = AR;
			productName = AR;
			productReference = B2D163D615B734ED009FC1A3 /* AR.app */;
			productType = "com.apple.product-type.application";
		};
/* End PBXNativeTarget section */

/* Begin PBXProject section */
		60119D1413198BC100146334 /* Project object */ = {
			isa = PBXProject;
			attributes = {
				LastUpgradeCheck = 0430;
				ORGANIZATIONNAME = codebeast.org;
			};
			buildConfigurationList = 60119D1713198BC100146334 /* Build configuration list for PBXProject "SparkEngine" */;
			compatibilityVersion = "Xcode 3.2";
			developmentRegion = English;
			hasScannedForEncodings = 0;
			knownRegions = (
				en,
			);
			mainGroup = 60119D1213198BC100146334;
			productRefGroup = 60119D1E13198BC100146334 /* Products */;
			projectDirPath = "";
			projectRoot = "";
			targets = (
				60119D1C13198BC100146334 /* Earth3D */,
				B216FB4C15B0D1D5007B00A7 /* NeHeLesson1 */,
				B2D163D515B734ED009FC1A3 /* AR */,
			);
		};
/* End PBXProject section */

/* Begin PBXResourcesBuildPhase section */
		60119D1B13198BC100146334 /* Resources */ = {
			isa = PBXResourcesBuildPhase;
			buildActionMask = 2147483647;
			files = (
				B2D163B215B602DD009FC1A3 /* default.fsh in Resources */,
				B2D163B315B602DD009FC1A3 /* default.vsh in Resources */,
				B2BD9D3C1598D3E50028F9E9 /* blueMarble.jpg in Resources */,
				B2BD9D3015952B950028F9E9 /* mars.jpg in Resources */,
				B216FB0515B0CB14007B00A7 /* Earth3D-Info.plist in Resources */,
				B216FB4B15B0D1A7007B00A7 /* NeHeLesson1-Info.plist in Resources */,
			);
			runOnlyForDeploymentPostprocessing = 0;
		};
		B216FB6815B0D1D5007B00A7 /* Resources */ = {
			isa = PBXResourcesBuildPhase;
			buildActionMask = 2147483647;
			files = (
				B2D163B515B602EC009FC1A3 /* default.fsh in Resources */,
				B2D163B615B602EC009FC1A3 /* default.vsh in Resources */,
				B2D163B715B602EC009FC1A3 /* plainColor.fsh in Resources */,
				B216FB6915B0D1D5007B00A7 /* blueMarble.jpg in Resources */,
				B216FB6A15B0D1D5007B00A7 /* mars.jpg in Resources */,
				B216FB6B15B0D1D5007B00A7 /* Earth3D-Info.plist in Resources */,
				B216FB6C15B0D1D5007B00A7 /* NeHeLesson1-Info.plist in Resources */,
			);
			runOnlyForDeploymentPostprocessing = 0;
		};
		B2D163D415B734ED009FC1A3 /* Resources */ = {
			isa = PBXResourcesBuildPhase;
			buildActionMask = 2147483647;
			files = (
				B2D1640515B73708009FC1A3 /* AR-Info.plist in Resources */,
				B2D1640615B73708009FC1A3 /* InfoPlist.strings in Resources */,
				B2D1643515B74637009FC1A3 /* StonesAndChips.dat in Resources */,
				B2D1643615B74637009FC1A3 /* StonesAndChips.xml in Resources */,
				B2D1643715B74637009FC1A3 /* Tarmac.dat in Resources */,
				B2D1643815B74637009FC1A3 /* Tarmac.xml in Resources */,
				B2D1643915B74637009FC1A3 /* TextureTeapotBlue.png in Resources */,
				B2D1643A15B74637009FC1A3 /* TextureTeapotBrass.png in Resources */,
				B2D1643B15B74637009FC1A3 /* TextureTeapotRed.png in Resources */,
			);
			runOnlyForDeploymentPostprocessing = 0;
		};
/* End PBXResourcesBuildPhase section */

/* Begin PBXSourcesBuildPhase section */
		60119D1913198BC100146334 /* Sources */ = {
			isa = PBXSourcesBuildPhase;
			buildActionMask = 2147483647;
			files = (
				B216FB0215B0CB14007B00A7 /* main.m in Sources */,
				B216FB0315B0CB14007B00A7 /* EarthView.m in Sources */,
				B216FB9515B0D769007B00A7 /* SECamera.m in Sources */,
				B216FB9615B0D769007B00A7 /* SEGeometry.m in Sources */,
				B216FB9715B0D769007B00A7 /* SEMesh.m in Sources */,
				B216FB9815B0D769007B00A7 /* SEObject3D.m in Sources */,
				B216FB9915B0D769007B00A7 /* SEPerspectiveCamera.m in Sources */,
				B216FB9A15B0D769007B00A7 /* SERenderer.m in Sources */,
				B216FB9B15B0D769007B00A7 /* SEScene.m in Sources */,
				B216FB9C15B0D769007B00A7 /* SEShader.m in Sources */,
				B216FB9D15B0D769007B00A7 /* SEShaderVariable.m in Sources */,
				B216FB9E15B0D769007B00A7 /* SETexture.m in Sources */,
				B216FB9F15B0D769007B00A7 /* SESphere.m in Sources */,
				B216FBA015B0D769007B00A7 /* SETriangle.m in Sources */,
				B2D1636115B5C6D7009FC1A3 /* SEMaterial.m in Sources */,
				B2D1636515B5C7DA009FC1A3 /* SEShaderMaterial.m in Sources */,
				B2D1645615B76F76009FC1A3 /* SEView.m in Sources */,
				B29FDA3815B7B7D800D337BA /* SEViewController.m in Sources */,
				B29FDA3E15B7BE4900D337BA /* EarthViewController.m in Sources */,
			);
			runOnlyForDeploymentPostprocessing = 0;
		};
		B216FB4D15B0D1D5007B00A7 /* Sources */ = {
			isa = PBXSourcesBuildPhase;
			buildActionMask = 2147483647;
			files = (
				B2D1639B15B5CCA5009FC1A3 /* SECamera.m in Sources */,
				B2D1639C15B5CCA5009FC1A3 /* SEGeometry.m in Sources */,
				B2D1639D15B5CCA5009FC1A3 /* SEMesh.m in Sources */,
				B2D1639E15B5CCA5009FC1A3 /* SEObject3D.m in Sources */,
				B2D1639F15B5CCA5009FC1A3 /* SEPerspectiveCamera.m in Sources */,
				B2D163A015B5CCA5009FC1A3 /* SERenderer.m in Sources */,
				B2D163A115B5CCA5009FC1A3 /* SEScene.m in Sources */,
				B2D163A215B5CCA5009FC1A3 /* SEShader.m in Sources */,
				B2D163A315B5CCA5009FC1A3 /* SEShaderVariable.m in Sources */,
				B2D163A415B5CCA5009FC1A3 /* SETexture.m in Sources */,
				B2D163A515B5CCA5009FC1A3 /* SEMaterial.m in Sources */,
				B2D163A615B5CCA5009FC1A3 /* SEShaderMaterial.m in Sources */,
				B2D163A715B5CCA5009FC1A3 /* SETriangle.m in Sources */,
				B216FB7715B0D3F6007B00A7 /* PolygonView.m in Sources */,
				B216FB5D15B0D1D5007B00A7 /* main.m in Sources */,
				B2D1645715B76F76009FC1A3 /* SEView.m in Sources */,
				B29FDA3915B7B7D800D337BA /* SEViewController.m in Sources */,
			);
			runOnlyForDeploymentPostprocessing = 0;
		};
		B2D163D215B734ED009FC1A3 /* Sources */ = {
			isa = PBXSourcesBuildPhase;
			buildActionMask = 2147483647;
			files = (
				B2D1640415B73708009FC1A3 /* main.m in Sources */,
				B2D1641B15B74357009FC1A3 /* AR_EAGLView.mm in Sources */,
				B2D1641C15B74357009FC1A3 /* ARParentViewController.m in Sources */,
				B2D1641D15B74357009FC1A3 /* ARViewController.mm in Sources */,
				B2D1641E15B74357009FC1A3 /* OverlayView.m in Sources */,
				B2D1641F15B74357009FC1A3 /* OverlayViewController.mm in Sources */,
				B2D1642015B74357009FC1A3 /* QCARutils.mm in Sources */,
				B2D1642115B74357009FC1A3 /* Shader.fsh in Sources */,
				B2D1642215B74357009FC1A3 /* Shader.vsh in Sources */,
				B2D1642315B74357009FC1A3 /* ShaderUtils.cpp in Sources */,
				B2D1642415B74357009FC1A3 /* Texture.mm in Sources */,
				B2D1642A15B744FC009FC1A3 /* EAGLView.mm in Sources */,
				B2D1642B15B744FC009FC1A3 /* ImageTargetsAppDelegate.mm in Sources */,
				B2D1645815B76F76009FC1A3 /* SEView.m in Sources */,
				B29FDA3A15B7B7D800D337BA /* SEViewController.m in Sources */,
			);
			runOnlyForDeploymentPostprocessing = 0;
		};
/* End PBXSourcesBuildPhase section */

/* Begin PBXVariantGroup section */
		B2D1640115B73708009FC1A3 /* InfoPlist.strings */ = {
			isa = PBXVariantGroup;
			children = (
				B2D1640215B73708009FC1A3 /* en */,
			);
			name = InfoPlist.strings;
			sourceTree = "<group>";
		};
/* End PBXVariantGroup section */

/* Begin XCBuildConfiguration section */
		60119D4713198BC100146334 /* Debug */ = {
			isa = XCBuildConfiguration;
			buildSettings = {
				ARCHS = "$(ARCHS_STANDARD_32_BIT)";
				"CODE_SIGN_IDENTITY[sdk=iphoneos*]" = "iPhone Developer";
				GCC_C_LANGUAGE_STANDARD = gnu99;
				GCC_OPTIMIZATION_LEVEL = 0;
				GCC_PREPROCESSOR_DEFINITIONS = DEBUG;
				GCC_VERSION = com.apple.compilers.llvmgcc42;
				GCC_WARN_ABOUT_RETURN_TYPE = YES;
				GCC_WARN_UNUSED_VARIABLE = YES;
				IPHONEOS_DEPLOYMENT_TARGET = 4.2;
				SDKROOT = iphoneos;
			};
			name = Debug;
		};
		60119D4813198BC100146334 /* Release */ = {
			isa = XCBuildConfiguration;
			buildSettings = {
				ARCHS = "$(ARCHS_STANDARD_32_BIT)";
				"CODE_SIGN_IDENTITY[sdk=iphoneos*]" = "iPhone Developer";
				GCC_C_LANGUAGE_STANDARD = gnu99;
				GCC_VERSION = com.apple.compilers.llvmgcc42;
				GCC_WARN_ABOUT_RETURN_TYPE = YES;
				GCC_WARN_UNUSED_VARIABLE = YES;
				IPHONEOS_DEPLOYMENT_TARGET = 4.2;
				OTHER_CFLAGS = "-DNS_BLOCK_ASSERTIONS=1";
				SDKROOT = iphoneos;
			};
			name = Release;
		};
		60119D4A13198BC100146334 /* Debug */ = {
			isa = XCBuildConfiguration;
			buildSettings = {
				ALWAYS_SEARCH_USER_PATHS = NO;
				CLANG_ENABLE_OBJC_ARC = YES;
				COPY_PHASE_STRIP = NO;
				GCC_DYNAMIC_NO_PIC = NO;
				GCC_PRECOMPILE_PREFIX_HEADER = YES;
				GCC_PREFIX_HEADER = "Examples/Earth3D/SupportingFiles/Earth3D-Prefix.pch";
				"GCC_THUMB_SUPPORT[arch=armv6]" = "";
				GCC_VERSION = com.apple.compilers.llvm.clang.1_0;
				HEADER_SEARCH_PATHS = "";
				INFOPLIST_FILE = "Examples/Earth3D/SupportingFiles/Earth3D-Info.plist";
				INSTALL_PATH = "$(LOCAL_APPS_DIR)";
				IPHONEOS_DEPLOYMENT_TARGET = 5.1;
				LIBRARY_SEARCH_PATHS = "";
				PRODUCT_NAME = Earth3D;
				TARGETED_DEVICE_FAMILY = "1,2";
				WRAPPER_EXTENSION = app;
			};
			name = Debug;
		};
		60119D4B13198BC100146334 /* Release */ = {
			isa = XCBuildConfiguration;
			buildSettings = {
				ALWAYS_SEARCH_USER_PATHS = NO;
				CLANG_ENABLE_OBJC_ARC = YES;
				COPY_PHASE_STRIP = YES;
				GCC_PRECOMPILE_PREFIX_HEADER = YES;
				GCC_PREFIX_HEADER = "Examples/Earth3D/SupportingFiles/Earth3D-Prefix.pch";
				"GCC_THUMB_SUPPORT[arch=armv6]" = "";
				GCC_VERSION = com.apple.compilers.llvm.clang.1_0;
				HEADER_SEARCH_PATHS = "";
				INFOPLIST_FILE = "Examples/Earth3D/SupportingFiles/Earth3D-Info.plist";
				INSTALL_PATH = "$(LOCAL_APPS_DIR)";
				IPHONEOS_DEPLOYMENT_TARGET = 5.1;
				LIBRARY_SEARCH_PATHS = "";
				PRODUCT_NAME = Earth3D;
				TARGETED_DEVICE_FAMILY = "1,2";
				VALIDATE_PRODUCT = YES;
				WRAPPER_EXTENSION = app;
			};
			name = Release;
		};
		B216FB6E15B0D1D5007B00A7 /* Debug */ = {
			isa = XCBuildConfiguration;
			buildSettings = {
				ALWAYS_SEARCH_USER_PATHS = NO;
				CLANG_ENABLE_OBJC_ARC = YES;
				COPY_PHASE_STRIP = NO;
				GCC_DYNAMIC_NO_PIC = NO;
				GCC_PRECOMPILE_PREFIX_HEADER = YES;
				GCC_PREFIX_HEADER = "Examples/Tutorials/NeHeLesson1/SupportingFiles/NeHeLesson1-Prefix.pch";
				"GCC_THUMB_SUPPORT[arch=armv6]" = "";
				GCC_VERSION = com.apple.compilers.llvm.clang.1_0;
				HEADER_SEARCH_PATHS = "";
				INFOPLIST_FILE = "Examples/Tutorials/NeHeLesson1/SupportingFiles/NeHeLesson1-Info.plist";
				INSTALL_PATH = "$(LOCAL_APPS_DIR)";
				IPHONEOS_DEPLOYMENT_TARGET = 5.1;
				LIBRARY_SEARCH_PATHS = "";
				PRODUCT_NAME = NeHeLesson1;
				TARGETED_DEVICE_FAMILY = "1,2";
				WRAPPER_EXTENSION = app;
			};
			name = Debug;
		};
		B216FB6F15B0D1D5007B00A7 /* Release */ = {
			isa = XCBuildConfiguration;
			buildSettings = {
				ALWAYS_SEARCH_USER_PATHS = NO;
				CLANG_ENABLE_OBJC_ARC = YES;
				COPY_PHASE_STRIP = YES;
				GCC_PRECOMPILE_PREFIX_HEADER = YES;
				GCC_PREFIX_HEADER = "Examples/Tutorials/NeHeLesson1/SupportingFiles/NeHeLesson1-Prefix.pch";
				"GCC_THUMB_SUPPORT[arch=armv6]" = "";
				GCC_VERSION = com.apple.compilers.llvm.clang.1_0;
				HEADER_SEARCH_PATHS = "";
				INFOPLIST_FILE = "Examples/Tutorials/NeHeLesson1/SupportingFiles/NeHeLesson1-Info.plist";
				INSTALL_PATH = "$(LOCAL_APPS_DIR)";
				IPHONEOS_DEPLOYMENT_TARGET = 5.1;
				LIBRARY_SEARCH_PATHS = "";
				PRODUCT_NAME = NeHeLesson1;
				TARGETED_DEVICE_FAMILY = "1,2";
				VALIDATE_PRODUCT = YES;
				WRAPPER_EXTENSION = app;
			};
			name = Release;
		};
		B2D163E815B734ED009FC1A3 /* Debug */ = {
			isa = XCBuildConfiguration;
			buildSettings = {
				ALWAYS_SEARCH_USER_PATHS = NO;
				CLANG_ENABLE_OBJC_ARC = YES;
				CLANG_WARN_OBJCPP_ARC_ABI = YES;
				"CODE_SIGN_IDENTITY[sdk=iphoneos*]" = "iPhone Developer";
				COPY_PHASE_STRIP = NO;
				GCC_DYNAMIC_NO_PIC = NO;
				GCC_PRECOMPILE_PREFIX_HEADER = YES;
				GCC_PREFIX_HEADER = "Examples/AR/SupportingFiles/AR-Prefix.pch";
				GCC_PREPROCESSOR_DEFINITIONS = (
					"DEBUG=1",
					"$(inherited)",
				);
				GCC_SYMBOLS_PRIVATE_EXTERN = NO;
				GCC_VERSION = com.apple.compilers.llvm.clang.1_0;
				GCC_WARN_UNINITIALIZED_AUTOS = YES;
				HEADER_SEARCH_PATHS = Examples/AR/Dependencies/include;
				INFOPLIST_FILE = "Examples/AR/SupportingFiles/AR-Info.plist";
				IPHONEOS_DEPLOYMENT_TARGET = 5.1;
				LIBRARY_SEARCH_PATHS = (
					"$(inherited)",
					"\"$(SRCROOT)/Examples/AR/Dependencies/lib/arm\"",
				);
				PRODUCT_NAME = "$(TARGET_NAME)";
				TARGETED_DEVICE_FAMILY = "1,2";
				USER_HEADER_SEARCH_PATHS = Examples/AR/Dependencies/include;
				WRAPPER_EXTENSION = app;
			};
			name = Debug;
		};
		B2D163E915B734ED009FC1A3 /* Release */ = {
			isa = XCBuildConfiguration;
			buildSettings = {
				ALWAYS_SEARCH_USER_PATHS = NO;
				CLANG_ENABLE_OBJC_ARC = YES;
				CLANG_WARN_OBJCPP_ARC_ABI = YES;
				"CODE_SIGN_IDENTITY[sdk=iphoneos*]" = "iPhone Developer";
				COPY_PHASE_STRIP = YES;
				GCC_PRECOMPILE_PREFIX_HEADER = YES;
				GCC_PREFIX_HEADER = "Examples/AR/SupportingFiles/AR-Prefix.pch";
				GCC_VERSION = com.apple.compilers.llvm.clang.1_0;
				GCC_WARN_UNINITIALIZED_AUTOS = YES;
				HEADER_SEARCH_PATHS = Examples/AR/Dependencies/include;
				INFOPLIST_FILE = "Examples/AR/SupportingFiles/AR-Info.plist";
				IPHONEOS_DEPLOYMENT_TARGET = 5.1;
				LIBRARY_SEARCH_PATHS = (
					"$(inherited)",
					"\"$(SRCROOT)/Examples/AR/Dependencies/lib/arm\"",
				);
				PRODUCT_NAME = "$(TARGET_NAME)";
				TARGETED_DEVICE_FAMILY = "1,2";
				USER_HEADER_SEARCH_PATHS = Examples/AR/Dependencies/include;
				VALIDATE_PRODUCT = YES;
				WRAPPER_EXTENSION = app;
			};
			name = Release;
		};
/* End XCBuildConfiguration section */

/* Begin XCConfigurationList section */
		60119D1713198BC100146334 /* Build configuration list for PBXProject "SparkEngine" */ = {
			isa = XCConfigurationList;
			buildConfigurations = (
				60119D4713198BC100146334 /* Debug */,
				60119D4813198BC100146334 /* Release */,
			);
			defaultConfigurationIsVisible = 0;
			defaultConfigurationName = Release;
		};
		60119D4913198BC100146334 /* Build configuration list for PBXNativeTarget "Earth3D" */ = {
			isa = XCConfigurationList;
			buildConfigurations = (
				60119D4A13198BC100146334 /* Debug */,
				60119D4B13198BC100146334 /* Release */,
			);
			defaultConfigurationIsVisible = 0;
			defaultConfigurationName = Release;
		};
		B216FB6D15B0D1D5007B00A7 /* Build configuration list for PBXNativeTarget "NeHeLesson1" */ = {
			isa = XCConfigurationList;
			buildConfigurations = (
				B216FB6E15B0D1D5007B00A7 /* Debug */,
				B216FB6F15B0D1D5007B00A7 /* Release */,
			);
			defaultConfigurationIsVisible = 0;
			defaultConfigurationName = Release;
		};
		B2D163E715B734ED009FC1A3 /* Build configuration list for PBXNativeTarget "AR" */ = {
			isa = XCConfigurationList;
			buildConfigurations = (
				B2D163E815B734ED009FC1A3 /* Debug */,
				B2D163E915B734ED009FC1A3 /* Release */,
			);
			defaultConfigurationIsVisible = 0;
			defaultConfigurationName = Release;
		};
/* End XCConfigurationList section */
	};
	rootObject = 60119D1413198BC100146334 /* Project object */;
}
