// !$*UTF8*$!
{
	archiveVersion = 1;
	classes = {
	};
	objectVersion = 46;
	objects = {

/* Begin PBXBuildFile section */
		B216FC4415B3824A007B00A7 /* UIKit.framework in Frameworks */ = {isa = PBXBuildFile; fileRef = B216FC0815B3813F007B00A7 /* UIKit.framework */; };
		B216FC4515B3824A007B00A7 /* Foundation.framework in Frameworks */ = {isa = PBXBuildFile; fileRef = B216FC0A15B3813F007B00A7 /* Foundation.framework */; };
		B216FC4615B3824A007B00A7 /* CoreGraphics.framework in Frameworks */ = {isa = PBXBuildFile; fileRef = B216FC0C15B3813F007B00A7 /* CoreGraphics.framework */; };
		B216FC5E15B382C6007B00A7 /* main.m in Sources */ = {isa = PBXBuildFile; fileRef = B216FC5D15B382C6007B00A7 /* main.m */; };
		B216FC6515B3835D007B00A7 /* UIKit.framework in Frameworks */ = {isa = PBXBuildFile; fileRef = B216FC0815B3813F007B00A7 /* UIKit.framework */; };
		B216FC6615B3835D007B00A7 /* Foundation.framework in Frameworks */ = {isa = PBXBuildFile; fileRef = B216FC0A15B3813F007B00A7 /* Foundation.framework */; };
		B216FC6715B3835D007B00A7 /* CoreGraphics.framework in Frameworks */ = {isa = PBXBuildFile; fileRef = B216FC0C15B3813F007B00A7 /* CoreGraphics.framework */; };
/* End PBXBuildFile section */

/* Begin PBXFileReference section */
		B216FC0815B3813F007B00A7 /* UIKit.framework */ = {isa = PBXFileReference; lastKnownFileType = wrapper.framework; name = UIKit.framework; path = System/Library/Frameworks/UIKit.framework; sourceTree = SDKROOT; };
		B216FC0A15B3813F007B00A7 /* Foundation.framework */ = {isa = PBXFileReference; lastKnownFileType = wrapper.framework; name = Foundation.framework; path = System/Library/Frameworks/Foundation.framework; sourceTree = SDKROOT; };
		B216FC0C15B3813F007B00A7 /* CoreGraphics.framework */ = {isa = PBXFileReference; lastKnownFileType = wrapper.framework; name = CoreGraphics.framework; path = System/Library/Frameworks/CoreGraphics.framework; sourceTree = SDKROOT; };
		B216FC3415B381E3007B00A7 /* main.m */ = {isa = PBXFileReference; fileEncoding = 4; lastKnownFileType = sourcecode.c.objc; path = main.m; sourceTree = "<group>"; };
		B216FC3515B381E3007B00A7 /* PolygonView.h */ = {isa = PBXFileReference; fileEncoding = 4; lastKnownFileType = sourcecode.c.h; path = PolygonView.h; sourceTree = "<group>"; };
		B216FC3615B381E3007B00A7 /* PolygonView.m */ = {isa = PBXFileReference; fileEncoding = 4; lastKnownFileType = sourcecode.c.objc; path = PolygonView.m; sourceTree = "<group>"; };
		B216FC3815B381E3007B00A7 /* PolygonView.h */ = {isa = PBXFileReference; fileEncoding = 4; lastKnownFileType = sourcecode.c.h; path = PolygonView.h; sourceTree = "<group>"; };
		B216FC3915B381E3007B00A7 /* PolygonView.m */ = {isa = PBXFileReference; fileEncoding = 4; lastKnownFileType = sourcecode.c.objc; path = PolygonView.m; sourceTree = "<group>"; };
		B216FC4215B3824A007B00A7 /* Earth3D.app */ = {isa = PBXFileReference; explicitFileType = wrapper.application; includeInIndex = 0; path = Earth3D.app; sourceTree = BUILT_PRODUCTS_DIR; };
		B216FC5615B382B4007B00A7 /* SEBubbleView.h */ = {isa = PBXFileReference; lastKnownFileType = sourcecode.c.h; path = SEBubbleView.h; sourceTree = "<group>"; };
		B216FC5715B382B4007B00A7 /* SEBubbleView.m */ = {isa = PBXFileReference; lastKnownFileType = sourcecode.c.objc; path = SEBubbleView.m; sourceTree = "<group>"; };
		B216FC5915B382B4007B00A7 /* Earth3D-Info.plist */ = {isa = PBXFileReference; lastKnownFileType = text.plist.xml; path = "Earth3D-Info.plist"; sourceTree = "<group>"; };
		B216FC5A15B382B4007B00A7 /* Earth3D-Prefix.pch */ = {isa = PBXFileReference; lastKnownFileType = sourcecode.c.h; path = "Earth3D-Prefix.pch"; sourceTree = "<group>"; };
		B216FC5C15B382B4007B00A7 /* en */ = {isa = PBXFileReference; lastKnownFileType = text.plist.strings; name = en; path = en.lproj/InfoPlist.strings; sourceTree = "<group>"; };
		B216FC5D15B382C6007B00A7 /* main.m */ = {isa = PBXFileReference; fileEncoding = 4; lastKnownFileType = sourcecode.c.objc; path = main.m; sourceTree = "<group>"; };
		B216FC6315B3835D007B00A7 /* NeHeLesson1.app */ = {isa = PBXFileReference; explicitFileType = wrapper.application; includeInIndex = 0; path = NeHeLesson1.app; sourceTree = BUILT_PRODUCTS_DIR; };
/* End PBXFileReference section */

/* Begin PBXFrameworksBuildPhase section */
		B216FC3F15B3824A007B00A7 /* Frameworks */ = {
			isa = PBXFrameworksBuildPhase;
			buildActionMask = 2147483647;
			files = (
				B216FC4415B3824A007B00A7 /* UIKit.framework in Frameworks */,
				B216FC4515B3824A007B00A7 /* Foundation.framework in Frameworks */,
				B216FC4615B3824A007B00A7 /* CoreGraphics.framework in Frameworks */,
			);
			runOnlyForDeploymentPostprocessing = 0;
		};
		B216FC6015B3835D007B00A7 /* Frameworks */ = {
			isa = PBXFrameworksBuildPhase;
			buildActionMask = 2147483647;
			files = (
				B216FC6515B3835D007B00A7 /* UIKit.framework in Frameworks */,
				B216FC6615B3835D007B00A7 /* Foundation.framework in Frameworks */,
				B216FC6715B3835D007B00A7 /* CoreGraphics.framework in Frameworks */,
			);
			runOnlyForDeploymentPostprocessing = 0;
		};
/* End PBXFrameworksBuildPhase section */

/* Begin PBXGroup section */
		B216FBF915B3813F007B00A7 = {
			isa = PBXGroup;
			children = (
				B216FC2E15B381E2007B00A7 /* Earth3D */,
				B216FC3115B381E3007B00A7 /* Tutorials */,
				B216FC0715B3813F007B00A7 /* Frameworks */,
				B216FC0515B3813F007B00A7 /* Products */,
			);
			sourceTree = "<group>";
		};
		B216FC0515B3813F007B00A7 /* Products */ = {
			isa = PBXGroup;
			children = (
				B216FC4215B3824A007B00A7 /* Earth3D.app */,
				B216FC6315B3835D007B00A7 /* NeHeLesson1.app */,
			);
			name = Products;
			sourceTree = "<group>";
		};
		B216FC0715B3813F007B00A7 /* Frameworks */ = {
			isa = PBXGroup;
			children = (
				B216FC0815B3813F007B00A7 /* UIKit.framework */,
				B216FC0A15B3813F007B00A7 /* Foundation.framework */,
				B216FC0C15B3813F007B00A7 /* CoreGraphics.framework */,
			);
			name = Frameworks;
			sourceTree = "<group>";
		};
		B216FC2E15B381E2007B00A7 /* Earth3D */ = {
			isa = PBXGroup;
			children = (
				B216FC5D15B382C6007B00A7 /* main.m */,
				B216FC5615B382B4007B00A7 /* SEBubbleView.h */,
				B216FC5715B382B4007B00A7 /* SEBubbleView.m */,
				B216FC5815B382B4007B00A7 /* SupportingFiles */,
			);
			path = Earth3D;
			sourceTree = "<group>";
		};
		B216FC3115B381E3007B00A7 /* Tutorials */ = {
			isa = PBXGroup;
			children = (
				B216FC3215B381E3007B00A7 /* Lesson1-OpenGLWindow */,
				B216FC3315B381E3007B00A7 /* Lesson2-FirstPolygon */,
				B216FC3715B381E3007B00A7 /* NeHeLesson1 */,
			);
			path = Tutorials;
			sourceTree = "<group>";
		};
		B216FC3215B381E3007B00A7 /* Lesson1-OpenGLWindow */ = {
			isa = PBXGroup;
			children = (
			);
			path = "Lesson1-OpenGLWindow";
			sourceTree = "<group>";
		};
		B216FC3315B381E3007B00A7 /* Lesson2-FirstPolygon */ = {
			isa = PBXGroup;
			children = (
				B216FC3415B381E3007B00A7 /* main.m */,
				B216FC3515B381E3007B00A7 /* PolygonView.h */,
				B216FC3615B381E3007B00A7 /* PolygonView.m */,
			);
			path = "Lesson2-FirstPolygon";
			sourceTree = "<group>";
		};
		B216FC3715B381E3007B00A7 /* NeHeLesson1 */ = {
			isa = PBXGroup;
			children = (
				B216FC3815B381E3007B00A7 /* PolygonView.h */,
				B216FC3915B381E3007B00A7 /* PolygonView.m */,
			);
			path = NeHeLesson1;
			sourceTree = "<group>";
		};
		B216FC5815B382B4007B00A7 /* SupportingFiles */ = {
			isa = PBXGroup;
			children = (
				B216FC5915B382B4007B00A7 /* Earth3D-Info.plist */,
				B216FC5A15B382B4007B00A7 /* Earth3D-Prefix.pch */,
				B216FC5B15B382B4007B00A7 /* InfoPlist.strings */,
			);
			path = SupportingFiles;
			sourceTree = "<group>";
		};
/* End PBXGroup section */

/* Begin PBXNativeTarget section */
		B216FC4115B3824A007B00A7 /* Earth3D */ = {
			isa = PBXNativeTarget;
			buildConfigurationList = B216FC5315B3824A007B00A7 /* Build configuration list for PBXNativeTarget "Earth3D" */;
			buildPhases = (
				B216FC3E15B3824A007B00A7 /* Sources */,
				B216FC3F15B3824A007B00A7 /* Frameworks */,
				B216FC4015B3824A007B00A7 /* Resources */,
			);
			buildRules = (
			);
			dependencies = (
			);
			name = Earth3D;
			productName = Earth3D;
			productReference = B216FC4215B3824A007B00A7 /* Earth3D.app */;
			productType = "com.apple.product-type.application";
		};
		B216FC6215B3835D007B00A7 /* NeHeLesson1 */ = {
			isa = PBXNativeTarget;
			buildConfigurationList = B216FC7415B3835D007B00A7 /* Build configuration list for PBXNativeTarget "NeHeLesson1" */;
			buildPhases = (
				B216FC5F15B3835D007B00A7 /* Sources */,
				B216FC6015B3835D007B00A7 /* Frameworks */,
				B216FC6115B3835D007B00A7 /* Resources */,
			);
			buildRules = (
			);
			dependencies = (
			);
			name = NeHeLesson1;
			productName = NeHeLesson1;
			productReference = B216FC6315B3835D007B00A7 /* NeHeLesson1.app */;
			productType = "com.apple.product-type.application";
		};
/* End PBXNativeTarget section */

/* Begin PBXProject section */
		B216FBFB15B3813F007B00A7 /* Project object */ = {
			isa = PBXProject;
			attributes = {
				LastUpgradeCheck = 0430;
			};
			buildConfigurationList = B216FBFE15B3813F007B00A7 /* Build configuration list for PBXProject "Examples" */;
			compatibilityVersion = "Xcode 3.2";
			developmentRegion = English;
			hasScannedForEncodings = 0;
			knownRegions = (
				en,
			);
			mainGroup = B216FBF915B3813F007B00A7;
			productRefGroup = B216FC0515B3813F007B00A7 /* Products */;
			projectDirPath = "";
			projectRoot = "";
			targets = (
				B216FC4115B3824A007B00A7 /* Earth3D */,
				B216FC6215B3835D007B00A7 /* NeHeLesson1 */,
			);
		};
/* End PBXProject section */

/* Begin PBXResourcesBuildPhase section */
		B216FC4015B3824A007B00A7 /* Resources */ = {
			isa = PBXResourcesBuildPhase;
			buildActionMask = 2147483647;
			files = (
			);
			runOnlyForDeploymentPostprocessing = 0;
		};
		B216FC6115B3835D007B00A7 /* Resources */ = {
			isa = PBXResourcesBuildPhase;
			buildActionMask = 2147483647;
			files = (
			);
			runOnlyForDeploymentPostprocessing = 0;
		};
/* End PBXResourcesBuildPhase section */

/* Begin PBXSourcesBuildPhase section */
		B216FC3E15B3824A007B00A7 /* Sources */ = {
			isa = PBXSourcesBuildPhase;
			buildActionMask = 2147483647;
			files = (
				B216FC5E15B382C6007B00A7 /* main.m in Sources */,
			);
			runOnlyForDeploymentPostprocessing = 0;
		};
		B216FC5F15B3835D007B00A7 /* Sources */ = {
			isa = PBXSourcesBuildPhase;
			buildActionMask = 2147483647;
			files = (
			);
			runOnlyForDeploymentPostprocessing = 0;
		};
/* End PBXSourcesBuildPhase section */

/* Begin PBXVariantGroup section */
		B216FC5B15B382B4007B00A7 /* InfoPlist.strings */ = {
			isa = PBXVariantGroup;
			children = (
				B216FC5C15B382B4007B00A7 /* en */,
			);
			name = InfoPlist.strings;
			sourceTree = "<group>";
		};
/* End PBXVariantGroup section */

/* Begin XCBuildConfiguration section */
		B216FC1A15B3813F007B00A7 /* Debug */ = {
			isa = XCBuildConfiguration;
			buildSettings = {
				ALWAYS_SEARCH_USER_PATHS = NO;
				ARCHS = "$(ARCHS_STANDARD_32_BIT)";
				CLANG_ENABLE_OBJC_ARC = YES;
				"CODE_SIGN_IDENTITY[sdk=iphoneos*]" = "iPhone Developer";
				COPY_PHASE_STRIP = NO;
				GCC_C_LANGUAGE_STANDARD = gnu99;
				GCC_DYNAMIC_NO_PIC = NO;
				GCC_OPTIMIZATION_LEVEL = 0;
				GCC_PREPROCESSOR_DEFINITIONS = (
					"DEBUG=1",
					"$(inherited)",
				);
				GCC_SYMBOLS_PRIVATE_EXTERN = NO;
				GCC_VERSION = com.apple.compilers.llvm.clang.1_0;
				GCC_WARN_ABOUT_RETURN_TYPE = YES;
				GCC_WARN_UNINITIALIZED_AUTOS = YES;
				GCC_WARN_UNUSED_VARIABLE = YES;
				IPHONEOS_DEPLOYMENT_TARGET = 5.1;
				SDKROOT = iphoneos;
				TARGETED_DEVICE_FAMILY = "1,2";
			};
			name = Debug;
		};
		B216FC1B15B3813F007B00A7 /* Release */ = {
			isa = XCBuildConfiguration;
			buildSettings = {
				ALWAYS_SEARCH_USER_PATHS = NO;
				ARCHS = "$(ARCHS_STANDARD_32_BIT)";
				CLANG_ENABLE_OBJC_ARC = YES;
				"CODE_SIGN_IDENTITY[sdk=iphoneos*]" = "iPhone Developer";
				COPY_PHASE_STRIP = YES;
				GCC_C_LANGUAGE_STANDARD = gnu99;
				GCC_VERSION = com.apple.compilers.llvm.clang.1_0;
				GCC_WARN_ABOUT_RETURN_TYPE = YES;
				GCC_WARN_UNINITIALIZED_AUTOS = YES;
				GCC_WARN_UNUSED_VARIABLE = YES;
				IPHONEOS_DEPLOYMENT_TARGET = 5.1;
				OTHER_CFLAGS = "-DNS_BLOCK_ASSERTIONS=1";
				SDKROOT = iphoneos;
				TARGETED_DEVICE_FAMILY = "1,2";
				VALIDATE_PRODUCT = YES;
			};
			name = Release;
		};
		B216FC5415B3824A007B00A7 /* Debug */ = {
			isa = XCBuildConfiguration;
			buildSettings = {
				"CODE_SIGN_IDENTITY[sdk=iphoneos*]" = "iPhone Developer";
				GCC_PRECOMPILE_PREFIX_HEADER = YES;
				GCC_PREFIX_HEADER = "Earth3D/SupportingFiles/Earth3D-Prefix.pch";
				INFOPLIST_FILE = "Earth3D/SupportingFiles/Earth3D-Info.plist";
				PRODUCT_NAME = "$(TARGET_NAME)";
				WRAPPER_EXTENSION = app;
			};
			name = Debug;
		};
		B216FC5515B3824A007B00A7 /* Release */ = {
			isa = XCBuildConfiguration;
			buildSettings = {
				"CODE_SIGN_IDENTITY[sdk=iphoneos*]" = "iPhone Developer";
				GCC_PRECOMPILE_PREFIX_HEADER = YES;
				GCC_PREFIX_HEADER = "Earth3D/SupportingFiles/Earth3D-Prefix.pch";
				INFOPLIST_FILE = "Earth3D/SupportingFiles/Earth3D-Info.plist";
				PRODUCT_NAME = "$(TARGET_NAME)";
				WRAPPER_EXTENSION = app;
			};
			name = Release;
		};
		B216FC7515B3835D007B00A7 /* Debug */ = {
			isa = XCBuildConfiguration;
			buildSettings = {
				"CODE_SIGN_IDENTITY[sdk=iphoneos*]" = "iPhone Developer";
				GCC_PRECOMPILE_PREFIX_HEADER = YES;
				GCC_PREFIX_HEADER = "Tutorials/NeHeLesson1/SupportingFiles/NeHeLesson1-Prefix.pch";
				INFOPLIST_FILE = "Tutorials/NeHeLesson1/SupportingFiles/NeHeLesson1-Info.plist";
				PRODUCT_NAME = "$(TARGET_NAME)";
				WRAPPER_EXTENSION = app;
			};
			name = Debug;
		};
		B216FC7615B3835D007B00A7 /* Release */ = {
			isa = XCBuildConfiguration;
			buildSettings = {
				"CODE_SIGN_IDENTITY[sdk=iphoneos*]" = "iPhone Developer";
				GCC_PRECOMPILE_PREFIX_HEADER = YES;
				GCC_PREFIX_HEADER = "Tutorials/NeHeLesson1/SupportingFiles/NeHeLesson1-Prefix.pch";
				INFOPLIST_FILE = "Tutorials/NeHeLesson1/SupportingFiles/NeHeLesson1-Info.plist";
				PRODUCT_NAME = "$(TARGET_NAME)";
				WRAPPER_EXTENSION = app;
			};
			name = Release;
		};
/* End XCBuildConfiguration section */

/* Begin XCConfigurationList section */
		B216FBFE15B3813F007B00A7 /* Build configuration list for PBXProject "Examples" */ = {
			isa = XCConfigurationList;
			buildConfigurations = (
				B216FC1A15B3813F007B00A7 /* Debug */,
				B216FC1B15B3813F007B00A7 /* Release */,
			);
			defaultConfigurationIsVisible = 0;
			defaultConfigurationName = Release;
		};
		B216FC5315B3824A007B00A7 /* Build configuration list for PBXNativeTarget "Earth3D" */ = {
			isa = XCConfigurationList;
			buildConfigurations = (
				B216FC5415B3824A007B00A7 /* Debug */,
				B216FC5515B3824A007B00A7 /* Release */,
			);
			defaultConfigurationIsVisible = 0;
		};
		B216FC7415B3835D007B00A7 /* Build configuration list for PBXNativeTarget "NeHeLesson1" */ = {
			isa = XCConfigurationList;
			buildConfigurations = (
				B216FC7515B3835D007B00A7 /* Debug */,
				B216FC7615B3835D007B00A7 /* Release */,
			);
			defaultConfigurationIsVisible = 0;
		};
/* End XCConfigurationList section */
	};
	rootObject = B216FBFB15B3813F007B00A7 /* Project object */;
}
